
Microsoft Visual Studio Solution File, Format Version 12.00
# Visual Studio 14
VisualStudioVersion = 14.0.24720.0
MinimumVisualStudioVersion = 10.0.40219.1
Project("{FAE04EC0-301F-11D3-BF4B-00C04F79EFBC}") = "Chat.Esperance.Paperview.Droid", "Chat.Esperance.Paperview\Chat.Esperance.Paperview.Droid\Chat.Esperance.Paperview.Droid.csproj", "{648DD0F9-FAE2-4BB5-8CC1-865EB7A9A1F7}"
EndProject
Project("{FAE04EC0-301F-11D3-BF4B-00C04F79EFBC}") = "Chat.Esperance.Paperview.iOS", "Chat.Esperance.Paperview\Chat.Esperance.Paperview.iOS\Chat.Esperance.Paperview.iOS.csproj", "{F83B7F66-7485-41FC-A3B1-ECFA2E96F57B}"
EndProject
Project("{FAE04EC0-301F-11D3-BF4B-00C04F79EFBC}") = "Chat.Esperance.Paperview", "Chat.Esperance.Paperview\Chat.Esperance.Paperview\Chat.Esperance.Paperview.csproj", "{46FF2634-96B2-44A2-A66B-5267F7667D18}"
EndProject
Project("{2150E333-8FDC-42A3-9474-1A3956D46DE8}") = "Native", "Native", "{B0D388F9-E055-4BBA-B108-32E992300DA1}"
EndProject
Project("{2150E333-8FDC-42A3-9474-1A3956D46DE8}") = "SDK", "SDK", "{E725F374-0632-4E5C-8DDD-7293FF7DFA35}"
EndProject
Project("{2150E333-8FDC-42A3-9474-1A3956D46DE8}") = "UI", "UI", "{AB1DAD34-2613-4516-B631-63D38C4CEB64}"
EndProject
Project("{2150E333-8FDC-42A3-9474-1A3956D46DE8}") = "Tests", "Tests", "{BB637A71-E53F-4D7D-9704-2DA446BB05AA}"
EndProject
Project("{FAE04EC0-301F-11D3-BF4B-00C04F79EFBC}") = "Chat.Esperance.PaperviewTests", "Chat.Esperance.PaperviewTests\Chat.Esperance.PaperviewTests.csproj", "{DFDB0258-FDC0-4C1A-8C92-D0224A0DAD59}"
EndProject
Project("{FAE04EC0-301F-11D3-BF4B-00C04F79EFBC}") = "Chat.Esperance.Paperview.Core", "Chat.Esperance.Paperview.Core\Chat.Esperance.Paperview.Core.csproj", "{67F9D3A8-F71E-4428-913F-C37AE82CDB24}"
EndProject
Project("{2150E333-8FDC-42A3-9474-1A3956D46DE8}") = "Microformats", "Microformats", "{F65CEEDD-6816-4A5B-B72B-92AC7ED0A413}"
EndProject
Project("{D954291E-2A0B-460D-934E-DC6B0785DB48}") = "Chat.Esperance.Paperview.Shared", "Chat.Esperance.Paperview.Shared\Chat.Esperance.Paperview.Shared.shproj", "{A8276381-B3A8-44D3-8E3D-30D73856064F}"
EndProject
Project("{2150E333-8FDC-42A3-9474-1A3956D46DE8}") = "API", "API", "{9ACC1A61-64A8-4B46-877C-0454869CCC04}"
EndProject
Project("{FAE04EC0-301F-11D3-BF4B-00C04F79EFBC}") = "Chat.Esperance.PaperviewApi", "Chat.Esperance.PaperviewApi\Chat.Esperance.PaperviewApi.csproj", "{BDD854EA-727D-4332-834D-7AC4C004914E}"
EndProject
Project("{2150E333-8FDC-42A3-9474-1A3956D46DE8}") = "Microformats", "Microformats", "{A5134007-AC62-45E6-BF6E-51585D4E7D0C}"
EndProject
Project("{FAE04EC0-301F-11D3-BF4B-00C04F79EFBC}") = "Chat.Esperance.Paperview.UWP", "Chat.Esperance.Paperview\Chat.Esperance.Paperview.UWP\Chat.Esperance.Paperview.UWP.csproj", "{92F76D05-5E32-41E5-B90D-8956BF53126D}"
EndProject
Project("{FAE04EC0-301F-11D3-BF4B-00C04F79EFBC}") = "Chat.Esperance.PaperviewApi.Interfaces", "Chat.Esperance.PaperviewApi.Interfaces\Chat.Esperance.PaperviewApi.Interfaces.csproj", "{BAD8133F-88AB-400F-9F67-12B5C43A04AA}"
EndProject
Project("{2150E333-8FDC-42A3-9474-1A3956D46DE8}") = "DuoCode", "DuoCode", "{15D80E4E-DA32-4D58-BB94-C1F217C6BD84}"
EndProject
Project("{2150E333-8FDC-42A3-9474-1A3956D46DE8}") = "DocumentTypes", "DocumentTypes", "{FCF970EE-FDBB-4623-9F0E-EC1CE9F53CD0}"
EndProject
Project("{2150E333-8FDC-42A3-9474-1A3956D46DE8}") = "Templates", "Templates", "{C1D6FFF4-6373-49F0-A8EE-1675C700A3BE}"
EndProject
Project("{2150E333-8FDC-42A3-9474-1A3956D46DE8}") = "API", "API", "{31518788-BA49-43C2-8F74-B70B9B5B0E57}"
EndProject
Project("{FAE04EC0-301F-11D3-BF4B-00C04F79EFBC}") = "Paperview.DocumentTypes.Album", "DuoCode\Paperview.DocumentType.Album\Paperview.DocumentTypes.Album.csproj", "{6B9104A0-8264-4088-826E-291A2696B90C}"
EndProject
Project("{FAE04EC0-301F-11D3-BF4B-00C04F79EFBC}") = "Paperview.Interfaces", "DuoCode\Paperview.Interfaces\Paperview.Interfaces.csproj", "{E1996A01-CE7E-48B1-A4EB-0B5CA839DA77}"
EndProject
Project("{FAE04EC0-301F-11D3-BF4B-00C04F79EFBC}") = "Paperview.Common", "DuoCode\Paperview.Common\Paperview.Common.csproj", "{732661B6-2A27-488A-B5B1-EA2F2D575139}"
EndProject
Project("{FAE04EC0-301F-11D3-BF4B-00C04F79EFBC}") = "Paperview.Microformats.Album", "DuoCode\Paperview.Microformats.Album\Paperview.Microformats.Album.csproj", "{BF38805F-B1EE-4226-A195-C7A00D7A18DC}"
EndProject
Project("{FAE04EC0-301F-11D3-BF4B-00C04F79EFBC}") = "Paperview.Common.Ui", "DuoCode\Paperview.Common.Ui\Paperview.Common.Ui.csproj", "{8CBBC106-B46F-40F7-BE80-2B1729A5FD4F}"
EndProject
Project("{FAE04EC0-301F-11D3-BF4B-00C04F79EFBC}") = "Paperview.StockDocumentTypes", "Paperview.StockDocumentTypes\Paperview.StockDocumentTypes.csproj", "{F6F39656-DBFA-4F1B-8FFD-8A875428E496}"
EndProject
Project("{D954291E-2A0B-460D-934E-DC6B0785DB48}") = "Paperview.Common.Shared", "DuoCode\Paperview.Common.Shared\Paperview.Common.Shared.shproj", "{7F2B8309-76A0-4564-8E94-807102BB54DE}"
EndProject
Project("{D954291E-2A0B-460D-934E-DC6B0785DB48}") = "Paperview.Common.Ui.Shared", "DuoCode\Paperview.Common.Ui.Shared\Paperview.Common.Ui.Shared.shproj", "{FB3C696D-C8BF-4CE5-BCBC-BB4BD4E6BB01}"
EndProject
Project("{D954291E-2A0B-460D-934E-DC6B0785DB48}") = "Paperview.Interfaces.Shared", "DuoCode\Paperview.Interfaces.Shared\Paperview.Interfaces.Shared.shproj", "{93239E16-0375-4789-88E5-9F0740598699}"
EndProject
Project("{D954291E-2A0B-460D-934E-DC6B0785DB48}") = "Paperview.Microformats.Album.Shared", "DuoCode\Paperview.Microformats.Album.Shared\Paperview.Microformats.Album.Shared.shproj", "{82B242A2-E367-41DC-92D0-7159CFA917C0}"
EndProject
Project("{FAE04EC0-301F-11D3-BF4B-00C04F79EFBC}") = "Paperview.Common.Windows", "DuoCode\Paperview.Common.Windows\Paperview.Common.Windows.csproj", "{41E489C8-2FD2-4BB3-BB49-2932AC77E3F7}"
EndProject
Project("{FAE04EC0-301F-11D3-BF4B-00C04F79EFBC}") = "Paperview.Interfaces.Windows", "DuoCode\Paperview.Interfaces.Windows\Paperview.Interfaces.Windows.csproj", "{B26C2E03-55F7-425E-9E33-2A9E0E4F0B54}"
EndProject
Project("{FAE04EC0-301F-11D3-BF4B-00C04F79EFBC}") = "Paperview.DocumentTypes.Album.T4", "DuoCode\Paperview.DocumentTypes.Album.T4\Paperview.DocumentTypes.Album.T4.csproj", "{4A25E283-FB3A-4960-80EE-6D96C525E884}"
EndProject
Project("{FAE04EC0-301F-11D3-BF4B-00C04F79EFBC}") = "Paperview.Common", "Paperview.Common\Paperview.Common.csproj", "{E76F6084-9A87-4CFC-A5B2-45752BDF23B2}"
EndProject
Project("{FAE04EC0-301F-11D3-BF4B-00C04F79EFBC}") = "Paperview.Interfaces", "Paperview.Interfaces\Paperview.Interfaces.csproj", "{4D1462E2-5698-464C-8F44-A78DEB900091}"
EndProject
Global
	GlobalSection(SharedMSBuildProjectFiles) = preSolution
		DuoCode\Paperview.Common.Ui.Shared\Paperview.Common.Ui.Shared.projitems*{fb3c696d-c8bf-4ce5-bcbc-bb4bd4e6bb01}*SharedItemsImports = 13
		DuoCode\Paperview.Common.Shared\Paperview.Common.Shared.projitems*{7f2b8309-76a0-4564-8e94-807102bb54de}*SharedItemsImports = 13
		DuoCode\Paperview.Interfaces.Shared\Paperview.Interfaces.Shared.projitems*{93239e16-0375-4789-88e5-9f0740598699}*SharedItemsImports = 13
		DuoCode\Paperview.Microformats.Album.Shared\Paperview.Microformats.Album.Shared.projitems*{82b242a2-e367-41dc-92d0-7159cfa917c0}*SharedItemsImports = 13
		Chat.Esperance.Paperview.Shared\Chat.Esperance.Paperview.Shared.projitems*{648dd0f9-fae2-4bb5-8cc1-865eb7a9a1f7}*SharedItemsImports = 4
		Chat.Esperance.Paperview.Shared\Chat.Esperance.Paperview.Shared.projitems*{a8276381-b3a8-44d3-8e3d-30d73856064f}*SharedItemsImports = 13
		Chat.Esperance.Paperview.Shared\Chat.Esperance.Paperview.Shared.projitems*{92f76d05-5e32-41e5-b90d-8956bf53126d}*SharedItemsImports = 4
		Chat.Esperance.Paperview.Shared\Chat.Esperance.Paperview.Shared.projitems*{f83b7f66-7485-41fc-a3b1-ecfa2e96f57b}*SharedItemsImports = 4
	EndGlobalSection
	GlobalSection(SolutionConfigurationPlatforms) = preSolution
		Ad-Hoc|Any CPU = Ad-Hoc|Any CPU
		Ad-Hoc|ARM = Ad-Hoc|ARM
		Ad-Hoc|iPhone = Ad-Hoc|iPhone
		Ad-Hoc|iPhoneSimulator = Ad-Hoc|iPhoneSimulator
		Ad-Hoc|Mixed Platforms = Ad-Hoc|Mixed Platforms
		Ad-Hoc|x64 = Ad-Hoc|x64
		Ad-Hoc|x86 = Ad-Hoc|x86
		AppStore|Any CPU = AppStore|Any CPU
		AppStore|ARM = AppStore|ARM
		AppStore|iPhone = AppStore|iPhone
		AppStore|iPhoneSimulator = AppStore|iPhoneSimulator
		AppStore|Mixed Platforms = AppStore|Mixed Platforms
		AppStore|x64 = AppStore|x64
		AppStore|x86 = AppStore|x86
		Debug|Any CPU = Debug|Any CPU
		Debug|ARM = Debug|ARM
		Debug|iPhone = Debug|iPhone
		Debug|iPhoneSimulator = Debug|iPhoneSimulator
		Debug|Mixed Platforms = Debug|Mixed Platforms
		Debug|x64 = Debug|x64
		Debug|x86 = Debug|x86
		Release|Any CPU = Release|Any CPU
		Release|ARM = Release|ARM
		Release|iPhone = Release|iPhone
		Release|iPhoneSimulator = Release|iPhoneSimulator
		Release|Mixed Platforms = Release|Mixed Platforms
		Release|x64 = Release|x64
		Release|x86 = Release|x86
	EndGlobalSection
	GlobalSection(ProjectConfigurationPlatforms) = postSolution
		{648DD0F9-FAE2-4BB5-8CC1-865EB7A9A1F7}.Ad-Hoc|Any CPU.ActiveCfg = Release|Any CPU
		{648DD0F9-FAE2-4BB5-8CC1-865EB7A9A1F7}.Ad-Hoc|Any CPU.Build.0 = Release|Any CPU
		{648DD0F9-FAE2-4BB5-8CC1-865EB7A9A1F7}.Ad-Hoc|Any CPU.Deploy.0 = Release|Any CPU
		{648DD0F9-FAE2-4BB5-8CC1-865EB7A9A1F7}.Ad-Hoc|ARM.ActiveCfg = Debug|Any CPU
		{648DD0F9-FAE2-4BB5-8CC1-865EB7A9A1F7}.Ad-Hoc|iPhone.ActiveCfg = Release|Any CPU
		{648DD0F9-FAE2-4BB5-8CC1-865EB7A9A1F7}.Ad-Hoc|iPhone.Build.0 = Release|Any CPU
		{648DD0F9-FAE2-4BB5-8CC1-865EB7A9A1F7}.Ad-Hoc|iPhone.Deploy.0 = Release|Any CPU
		{648DD0F9-FAE2-4BB5-8CC1-865EB7A9A1F7}.Ad-Hoc|iPhoneSimulator.ActiveCfg = Release|Any CPU
		{648DD0F9-FAE2-4BB5-8CC1-865EB7A9A1F7}.Ad-Hoc|iPhoneSimulator.Build.0 = Release|Any CPU
		{648DD0F9-FAE2-4BB5-8CC1-865EB7A9A1F7}.Ad-Hoc|iPhoneSimulator.Deploy.0 = Release|Any CPU
		{648DD0F9-FAE2-4BB5-8CC1-865EB7A9A1F7}.Ad-Hoc|Mixed Platforms.ActiveCfg = Debug|Any CPU
		{648DD0F9-FAE2-4BB5-8CC1-865EB7A9A1F7}.Ad-Hoc|Mixed Platforms.Build.0 = Debug|Any CPU
		{648DD0F9-FAE2-4BB5-8CC1-865EB7A9A1F7}.Ad-Hoc|Mixed Platforms.Deploy.0 = Debug|Any CPU
		{648DD0F9-FAE2-4BB5-8CC1-865EB7A9A1F7}.Ad-Hoc|x64.ActiveCfg = Debug|Any CPU
		{648DD0F9-FAE2-4BB5-8CC1-865EB7A9A1F7}.Ad-Hoc|x64.Build.0 = Debug|Any CPU
		{648DD0F9-FAE2-4BB5-8CC1-865EB7A9A1F7}.Ad-Hoc|x64.Deploy.0 = Debug|Any CPU
		{648DD0F9-FAE2-4BB5-8CC1-865EB7A9A1F7}.Ad-Hoc|x86.ActiveCfg = Debug|Any CPU
		{648DD0F9-FAE2-4BB5-8CC1-865EB7A9A1F7}.AppStore|Any CPU.ActiveCfg = Release|Any CPU
		{648DD0F9-FAE2-4BB5-8CC1-865EB7A9A1F7}.AppStore|Any CPU.Build.0 = Release|Any CPU
		{648DD0F9-FAE2-4BB5-8CC1-865EB7A9A1F7}.AppStore|Any CPU.Deploy.0 = Release|Any CPU
		{648DD0F9-FAE2-4BB5-8CC1-865EB7A9A1F7}.AppStore|ARM.ActiveCfg = Debug|Any CPU
		{648DD0F9-FAE2-4BB5-8CC1-865EB7A9A1F7}.AppStore|iPhone.ActiveCfg = Release|Any CPU
		{648DD0F9-FAE2-4BB5-8CC1-865EB7A9A1F7}.AppStore|iPhone.Build.0 = Release|Any CPU
		{648DD0F9-FAE2-4BB5-8CC1-865EB7A9A1F7}.AppStore|iPhone.Deploy.0 = Release|Any CPU
		{648DD0F9-FAE2-4BB5-8CC1-865EB7A9A1F7}.AppStore|iPhoneSimulator.ActiveCfg = Release|Any CPU
		{648DD0F9-FAE2-4BB5-8CC1-865EB7A9A1F7}.AppStore|iPhoneSimulator.Build.0 = Release|Any CPU
		{648DD0F9-FAE2-4BB5-8CC1-865EB7A9A1F7}.AppStore|iPhoneSimulator.Deploy.0 = Release|Any CPU
		{648DD0F9-FAE2-4BB5-8CC1-865EB7A9A1F7}.AppStore|Mixed Platforms.ActiveCfg = Debug|Any CPU
		{648DD0F9-FAE2-4BB5-8CC1-865EB7A9A1F7}.AppStore|Mixed Platforms.Build.0 = Debug|Any CPU
		{648DD0F9-FAE2-4BB5-8CC1-865EB7A9A1F7}.AppStore|Mixed Platforms.Deploy.0 = Debug|Any CPU
		{648DD0F9-FAE2-4BB5-8CC1-865EB7A9A1F7}.AppStore|x64.ActiveCfg = Debug|Any CPU
		{648DD0F9-FAE2-4BB5-8CC1-865EB7A9A1F7}.AppStore|x64.Build.0 = Debug|Any CPU
		{648DD0F9-FAE2-4BB5-8CC1-865EB7A9A1F7}.AppStore|x64.Deploy.0 = Debug|Any CPU
		{648DD0F9-FAE2-4BB5-8CC1-865EB7A9A1F7}.AppStore|x86.ActiveCfg = Debug|Any CPU
		{648DD0F9-FAE2-4BB5-8CC1-865EB7A9A1F7}.Debug|Any CPU.ActiveCfg = Debug|Any CPU
		{648DD0F9-FAE2-4BB5-8CC1-865EB7A9A1F7}.Debug|Any CPU.Build.0 = Debug|Any CPU
		{648DD0F9-FAE2-4BB5-8CC1-865EB7A9A1F7}.Debug|Any CPU.Deploy.0 = Debug|Any CPU
		{648DD0F9-FAE2-4BB5-8CC1-865EB7A9A1F7}.Debug|ARM.ActiveCfg = Debug|Any CPU
		{648DD0F9-FAE2-4BB5-8CC1-865EB7A9A1F7}.Debug|iPhone.ActiveCfg = Debug|Any CPU
		{648DD0F9-FAE2-4BB5-8CC1-865EB7A9A1F7}.Debug|iPhone.Build.0 = Debug|Any CPU
		{648DD0F9-FAE2-4BB5-8CC1-865EB7A9A1F7}.Debug|iPhone.Deploy.0 = Debug|Any CPU
		{648DD0F9-FAE2-4BB5-8CC1-865EB7A9A1F7}.Debug|iPhoneSimulator.ActiveCfg = Debug|Any CPU
		{648DD0F9-FAE2-4BB5-8CC1-865EB7A9A1F7}.Debug|Mixed Platforms.ActiveCfg = Debug|Any CPU
		{648DD0F9-FAE2-4BB5-8CC1-865EB7A9A1F7}.Debug|Mixed Platforms.Build.0 = Debug|Any CPU
		{648DD0F9-FAE2-4BB5-8CC1-865EB7A9A1F7}.Debug|Mixed Platforms.Deploy.0 = Debug|Any CPU
		{648DD0F9-FAE2-4BB5-8CC1-865EB7A9A1F7}.Debug|x64.ActiveCfg = Debug|Any CPU
		{648DD0F9-FAE2-4BB5-8CC1-865EB7A9A1F7}.Debug|x64.Build.0 = Debug|Any CPU
		{648DD0F9-FAE2-4BB5-8CC1-865EB7A9A1F7}.Debug|x64.Deploy.0 = Debug|Any CPU
		{648DD0F9-FAE2-4BB5-8CC1-865EB7A9A1F7}.Debug|x86.ActiveCfg = Debug|Any CPU
		{648DD0F9-FAE2-4BB5-8CC1-865EB7A9A1F7}.Release|Any CPU.ActiveCfg = Release|Any CPU
		{648DD0F9-FAE2-4BB5-8CC1-865EB7A9A1F7}.Release|Any CPU.Build.0 = Release|Any CPU
		{648DD0F9-FAE2-4BB5-8CC1-865EB7A9A1F7}.Release|Any CPU.Deploy.0 = Release|Any CPU
		{648DD0F9-FAE2-4BB5-8CC1-865EB7A9A1F7}.Release|ARM.ActiveCfg = Release|Any CPU
		{648DD0F9-FAE2-4BB5-8CC1-865EB7A9A1F7}.Release|iPhone.ActiveCfg = Release|Any CPU
		{648DD0F9-FAE2-4BB5-8CC1-865EB7A9A1F7}.Release|iPhone.Build.0 = Release|Any CPU
		{648DD0F9-FAE2-4BB5-8CC1-865EB7A9A1F7}.Release|iPhone.Deploy.0 = Release|Any CPU
		{648DD0F9-FAE2-4BB5-8CC1-865EB7A9A1F7}.Release|iPhoneSimulator.ActiveCfg = Release|Any CPU
		{648DD0F9-FAE2-4BB5-8CC1-865EB7A9A1F7}.Release|iPhoneSimulator.Build.0 = Release|Any CPU
		{648DD0F9-FAE2-4BB5-8CC1-865EB7A9A1F7}.Release|iPhoneSimulator.Deploy.0 = Release|Any CPU
		{648DD0F9-FAE2-4BB5-8CC1-865EB7A9A1F7}.Release|Mixed Platforms.ActiveCfg = Release|Any CPU
		{648DD0F9-FAE2-4BB5-8CC1-865EB7A9A1F7}.Release|Mixed Platforms.Build.0 = Release|Any CPU
		{648DD0F9-FAE2-4BB5-8CC1-865EB7A9A1F7}.Release|Mixed Platforms.Deploy.0 = Release|Any CPU
		{648DD0F9-FAE2-4BB5-8CC1-865EB7A9A1F7}.Release|x64.ActiveCfg = Release|Any CPU
		{648DD0F9-FAE2-4BB5-8CC1-865EB7A9A1F7}.Release|x64.Build.0 = Release|Any CPU
		{648DD0F9-FAE2-4BB5-8CC1-865EB7A9A1F7}.Release|x64.Deploy.0 = Release|Any CPU
		{648DD0F9-FAE2-4BB5-8CC1-865EB7A9A1F7}.Release|x86.ActiveCfg = Release|Any CPU
		{F83B7F66-7485-41FC-A3B1-ECFA2E96F57B}.Ad-Hoc|Any CPU.ActiveCfg = Ad-Hoc|iPhone
		{F83B7F66-7485-41FC-A3B1-ECFA2E96F57B}.Ad-Hoc|ARM.ActiveCfg = Ad-Hoc|iPhoneSimulator
		{F83B7F66-7485-41FC-A3B1-ECFA2E96F57B}.Ad-Hoc|iPhone.ActiveCfg = Ad-Hoc|iPhone
		{F83B7F66-7485-41FC-A3B1-ECFA2E96F57B}.Ad-Hoc|iPhone.Build.0 = Ad-Hoc|iPhone
		{F83B7F66-7485-41FC-A3B1-ECFA2E96F57B}.Ad-Hoc|iPhoneSimulator.ActiveCfg = Ad-Hoc|iPhoneSimulator
		{F83B7F66-7485-41FC-A3B1-ECFA2E96F57B}.Ad-Hoc|iPhoneSimulator.Build.0 = Ad-Hoc|iPhoneSimulator
		{F83B7F66-7485-41FC-A3B1-ECFA2E96F57B}.Ad-Hoc|Mixed Platforms.ActiveCfg = Ad-Hoc|iPhoneSimulator
		{F83B7F66-7485-41FC-A3B1-ECFA2E96F57B}.Ad-Hoc|Mixed Platforms.Build.0 = Ad-Hoc|iPhoneSimulator
		{F83B7F66-7485-41FC-A3B1-ECFA2E96F57B}.Ad-Hoc|x64.ActiveCfg = Ad-Hoc|iPhoneSimulator
		{F83B7F66-7485-41FC-A3B1-ECFA2E96F57B}.Ad-Hoc|x86.ActiveCfg = Ad-Hoc|iPhoneSimulator
		{F83B7F66-7485-41FC-A3B1-ECFA2E96F57B}.AppStore|Any CPU.ActiveCfg = AppStore|iPhone
		{F83B7F66-7485-41FC-A3B1-ECFA2E96F57B}.AppStore|ARM.ActiveCfg = AppStore|iPhoneSimulator
		{F83B7F66-7485-41FC-A3B1-ECFA2E96F57B}.AppStore|iPhone.ActiveCfg = AppStore|iPhone
		{F83B7F66-7485-41FC-A3B1-ECFA2E96F57B}.AppStore|iPhone.Build.0 = AppStore|iPhone
		{F83B7F66-7485-41FC-A3B1-ECFA2E96F57B}.AppStore|iPhoneSimulator.ActiveCfg = AppStore|iPhoneSimulator
		{F83B7F66-7485-41FC-A3B1-ECFA2E96F57B}.AppStore|iPhoneSimulator.Build.0 = AppStore|iPhoneSimulator
		{F83B7F66-7485-41FC-A3B1-ECFA2E96F57B}.AppStore|Mixed Platforms.ActiveCfg = AppStore|iPhoneSimulator
		{F83B7F66-7485-41FC-A3B1-ECFA2E96F57B}.AppStore|Mixed Platforms.Build.0 = AppStore|iPhoneSimulator
		{F83B7F66-7485-41FC-A3B1-ECFA2E96F57B}.AppStore|x64.ActiveCfg = AppStore|iPhoneSimulator
		{F83B7F66-7485-41FC-A3B1-ECFA2E96F57B}.AppStore|x86.ActiveCfg = AppStore|iPhoneSimulator
		{F83B7F66-7485-41FC-A3B1-ECFA2E96F57B}.Debug|Any CPU.ActiveCfg = Debug|iPhone
		{F83B7F66-7485-41FC-A3B1-ECFA2E96F57B}.Debug|ARM.ActiveCfg = Debug|iPhoneSimulator
		{F83B7F66-7485-41FC-A3B1-ECFA2E96F57B}.Debug|iPhone.ActiveCfg = Debug|iPhone
		{F83B7F66-7485-41FC-A3B1-ECFA2E96F57B}.Debug|iPhone.Build.0 = Debug|iPhone
		{F83B7F66-7485-41FC-A3B1-ECFA2E96F57B}.Debug|iPhoneSimulator.ActiveCfg = Debug|iPhoneSimulator
		{F83B7F66-7485-41FC-A3B1-ECFA2E96F57B}.Debug|iPhoneSimulator.Build.0 = Debug|iPhoneSimulator
		{F83B7F66-7485-41FC-A3B1-ECFA2E96F57B}.Debug|Mixed Platforms.ActiveCfg = Debug|iPhoneSimulator
		{F83B7F66-7485-41FC-A3B1-ECFA2E96F57B}.Debug|Mixed Platforms.Build.0 = Debug|iPhoneSimulator
		{F83B7F66-7485-41FC-A3B1-ECFA2E96F57B}.Debug|x64.ActiveCfg = Debug|iPhoneSimulator
		{F83B7F66-7485-41FC-A3B1-ECFA2E96F57B}.Debug|x86.ActiveCfg = Debug|iPhoneSimulator
		{F83B7F66-7485-41FC-A3B1-ECFA2E96F57B}.Release|Any CPU.ActiveCfg = Release|iPhone
		{F83B7F66-7485-41FC-A3B1-ECFA2E96F57B}.Release|ARM.ActiveCfg = Release|iPhoneSimulator
		{F83B7F66-7485-41FC-A3B1-ECFA2E96F57B}.Release|iPhone.ActiveCfg = Release|iPhone
		{F83B7F66-7485-41FC-A3B1-ECFA2E96F57B}.Release|iPhone.Build.0 = Release|iPhone
		{F83B7F66-7485-41FC-A3B1-ECFA2E96F57B}.Release|iPhoneSimulator.ActiveCfg = Release|iPhoneSimulator
		{F83B7F66-7485-41FC-A3B1-ECFA2E96F57B}.Release|iPhoneSimulator.Build.0 = Release|iPhoneSimulator
		{F83B7F66-7485-41FC-A3B1-ECFA2E96F57B}.Release|Mixed Platforms.ActiveCfg = Release|iPhoneSimulator
		{F83B7F66-7485-41FC-A3B1-ECFA2E96F57B}.Release|Mixed Platforms.Build.0 = Release|iPhoneSimulator
		{F83B7F66-7485-41FC-A3B1-ECFA2E96F57B}.Release|x64.ActiveCfg = Release|iPhoneSimulator
		{F83B7F66-7485-41FC-A3B1-ECFA2E96F57B}.Release|x86.ActiveCfg = Release|iPhoneSimulator
		{46FF2634-96B2-44A2-A66B-5267F7667D18}.Ad-Hoc|Any CPU.ActiveCfg = Release|Any CPU
		{46FF2634-96B2-44A2-A66B-5267F7667D18}.Ad-Hoc|Any CPU.Build.0 = Release|Any CPU
		{46FF2634-96B2-44A2-A66B-5267F7667D18}.Ad-Hoc|ARM.ActiveCfg = Debug|Any CPU
		{46FF2634-96B2-44A2-A66B-5267F7667D18}.Ad-Hoc|iPhone.ActiveCfg = Release|Any CPU
		{46FF2634-96B2-44A2-A66B-5267F7667D18}.Ad-Hoc|iPhone.Build.0 = Release|Any CPU
		{46FF2634-96B2-44A2-A66B-5267F7667D18}.Ad-Hoc|iPhoneSimulator.ActiveCfg = Release|Any CPU
		{46FF2634-96B2-44A2-A66B-5267F7667D18}.Ad-Hoc|iPhoneSimulator.Build.0 = Release|Any CPU
		{46FF2634-96B2-44A2-A66B-5267F7667D18}.Ad-Hoc|Mixed Platforms.ActiveCfg = Debug|Any CPU
		{46FF2634-96B2-44A2-A66B-5267F7667D18}.Ad-Hoc|Mixed Platforms.Build.0 = Debug|Any CPU
		{46FF2634-96B2-44A2-A66B-5267F7667D18}.Ad-Hoc|x64.ActiveCfg = Debug|Any CPU
		{46FF2634-96B2-44A2-A66B-5267F7667D18}.Ad-Hoc|x64.Build.0 = Debug|Any CPU
		{46FF2634-96B2-44A2-A66B-5267F7667D18}.Ad-Hoc|x86.ActiveCfg = Debug|Any CPU
		{46FF2634-96B2-44A2-A66B-5267F7667D18}.AppStore|Any CPU.ActiveCfg = Release|Any CPU
		{46FF2634-96B2-44A2-A66B-5267F7667D18}.AppStore|Any CPU.Build.0 = Release|Any CPU
		{46FF2634-96B2-44A2-A66B-5267F7667D18}.AppStore|ARM.ActiveCfg = Debug|Any CPU
		{46FF2634-96B2-44A2-A66B-5267F7667D18}.AppStore|iPhone.ActiveCfg = Release|Any CPU
		{46FF2634-96B2-44A2-A66B-5267F7667D18}.AppStore|iPhone.Build.0 = Release|Any CPU
		{46FF2634-96B2-44A2-A66B-5267F7667D18}.AppStore|iPhoneSimulator.ActiveCfg = Release|Any CPU
		{46FF2634-96B2-44A2-A66B-5267F7667D18}.AppStore|iPhoneSimulator.Build.0 = Release|Any CPU
		{46FF2634-96B2-44A2-A66B-5267F7667D18}.AppStore|Mixed Platforms.ActiveCfg = Debug|Any CPU
		{46FF2634-96B2-44A2-A66B-5267F7667D18}.AppStore|Mixed Platforms.Build.0 = Debug|Any CPU
		{46FF2634-96B2-44A2-A66B-5267F7667D18}.AppStore|x64.ActiveCfg = Debug|Any CPU
		{46FF2634-96B2-44A2-A66B-5267F7667D18}.AppStore|x64.Build.0 = Debug|Any CPU
		{46FF2634-96B2-44A2-A66B-5267F7667D18}.AppStore|x86.ActiveCfg = Debug|Any CPU
		{46FF2634-96B2-44A2-A66B-5267F7667D18}.Debug|Any CPU.ActiveCfg = Debug|Any CPU
		{46FF2634-96B2-44A2-A66B-5267F7667D18}.Debug|Any CPU.Build.0 = Debug|Any CPU
		{46FF2634-96B2-44A2-A66B-5267F7667D18}.Debug|ARM.ActiveCfg = Debug|Any CPU
		{46FF2634-96B2-44A2-A66B-5267F7667D18}.Debug|iPhone.ActiveCfg = Debug|Any CPU
		{46FF2634-96B2-44A2-A66B-5267F7667D18}.Debug|iPhone.Build.0 = Debug|Any CPU
		{46FF2634-96B2-44A2-A66B-5267F7667D18}.Debug|iPhoneSimulator.ActiveCfg = Debug|Any CPU
		{46FF2634-96B2-44A2-A66B-5267F7667D18}.Debug|iPhoneSimulator.Build.0 = Debug|Any CPU
		{46FF2634-96B2-44A2-A66B-5267F7667D18}.Debug|Mixed Platforms.ActiveCfg = Debug|Any CPU
		{46FF2634-96B2-44A2-A66B-5267F7667D18}.Debug|Mixed Platforms.Build.0 = Debug|Any CPU
		{46FF2634-96B2-44A2-A66B-5267F7667D18}.Debug|x64.ActiveCfg = Debug|Any CPU
		{46FF2634-96B2-44A2-A66B-5267F7667D18}.Debug|x64.Build.0 = Debug|Any CPU
		{46FF2634-96B2-44A2-A66B-5267F7667D18}.Debug|x86.ActiveCfg = Debug|Any CPU
		{46FF2634-96B2-44A2-A66B-5267F7667D18}.Release|Any CPU.ActiveCfg = Release|Any CPU
		{46FF2634-96B2-44A2-A66B-5267F7667D18}.Release|Any CPU.Build.0 = Release|Any CPU
		{46FF2634-96B2-44A2-A66B-5267F7667D18}.Release|ARM.ActiveCfg = Release|Any CPU
		{46FF2634-96B2-44A2-A66B-5267F7667D18}.Release|iPhone.ActiveCfg = Release|Any CPU
		{46FF2634-96B2-44A2-A66B-5267F7667D18}.Release|iPhone.Build.0 = Release|Any CPU
		{46FF2634-96B2-44A2-A66B-5267F7667D18}.Release|iPhoneSimulator.ActiveCfg = Release|Any CPU
		{46FF2634-96B2-44A2-A66B-5267F7667D18}.Release|iPhoneSimulator.Build.0 = Release|Any CPU
		{46FF2634-96B2-44A2-A66B-5267F7667D18}.Release|Mixed Platforms.ActiveCfg = Release|Any CPU
		{46FF2634-96B2-44A2-A66B-5267F7667D18}.Release|Mixed Platforms.Build.0 = Release|Any CPU
		{46FF2634-96B2-44A2-A66B-5267F7667D18}.Release|x64.ActiveCfg = Release|Any CPU
		{46FF2634-96B2-44A2-A66B-5267F7667D18}.Release|x64.Build.0 = Release|Any CPU
		{46FF2634-96B2-44A2-A66B-5267F7667D18}.Release|x86.ActiveCfg = Release|Any CPU
		{DFDB0258-FDC0-4C1A-8C92-D0224A0DAD59}.Ad-Hoc|Any CPU.ActiveCfg = Release|Any CPU
		{DFDB0258-FDC0-4C1A-8C92-D0224A0DAD59}.Ad-Hoc|Any CPU.Build.0 = Release|Any CPU
		{DFDB0258-FDC0-4C1A-8C92-D0224A0DAD59}.Ad-Hoc|ARM.ActiveCfg = Debug|Any CPU
		{DFDB0258-FDC0-4C1A-8C92-D0224A0DAD59}.Ad-Hoc|iPhone.ActiveCfg = Release|Any CPU
		{DFDB0258-FDC0-4C1A-8C92-D0224A0DAD59}.Ad-Hoc|iPhone.Build.0 = Release|Any CPU
		{DFDB0258-FDC0-4C1A-8C92-D0224A0DAD59}.Ad-Hoc|iPhoneSimulator.ActiveCfg = Release|Any CPU
		{DFDB0258-FDC0-4C1A-8C92-D0224A0DAD59}.Ad-Hoc|iPhoneSimulator.Build.0 = Release|Any CPU
		{DFDB0258-FDC0-4C1A-8C92-D0224A0DAD59}.Ad-Hoc|Mixed Platforms.ActiveCfg = Debug|Any CPU
		{DFDB0258-FDC0-4C1A-8C92-D0224A0DAD59}.Ad-Hoc|Mixed Platforms.Build.0 = Debug|Any CPU
		{DFDB0258-FDC0-4C1A-8C92-D0224A0DAD59}.Ad-Hoc|x64.ActiveCfg = Debug|Any CPU
		{DFDB0258-FDC0-4C1A-8C92-D0224A0DAD59}.Ad-Hoc|x64.Build.0 = Debug|Any CPU
		{DFDB0258-FDC0-4C1A-8C92-D0224A0DAD59}.Ad-Hoc|x86.ActiveCfg = Debug|Any CPU
		{DFDB0258-FDC0-4C1A-8C92-D0224A0DAD59}.AppStore|Any CPU.ActiveCfg = Release|Any CPU
		{DFDB0258-FDC0-4C1A-8C92-D0224A0DAD59}.AppStore|Any CPU.Build.0 = Release|Any CPU
		{DFDB0258-FDC0-4C1A-8C92-D0224A0DAD59}.AppStore|ARM.ActiveCfg = Debug|Any CPU
		{DFDB0258-FDC0-4C1A-8C92-D0224A0DAD59}.AppStore|iPhone.ActiveCfg = Release|Any CPU
		{DFDB0258-FDC0-4C1A-8C92-D0224A0DAD59}.AppStore|iPhone.Build.0 = Release|Any CPU
		{DFDB0258-FDC0-4C1A-8C92-D0224A0DAD59}.AppStore|iPhoneSimulator.ActiveCfg = Release|Any CPU
		{DFDB0258-FDC0-4C1A-8C92-D0224A0DAD59}.AppStore|iPhoneSimulator.Build.0 = Release|Any CPU
		{DFDB0258-FDC0-4C1A-8C92-D0224A0DAD59}.AppStore|Mixed Platforms.ActiveCfg = Debug|Any CPU
		{DFDB0258-FDC0-4C1A-8C92-D0224A0DAD59}.AppStore|Mixed Platforms.Build.0 = Debug|Any CPU
		{DFDB0258-FDC0-4C1A-8C92-D0224A0DAD59}.AppStore|x64.ActiveCfg = Debug|Any CPU
		{DFDB0258-FDC0-4C1A-8C92-D0224A0DAD59}.AppStore|x64.Build.0 = Debug|Any CPU
		{DFDB0258-FDC0-4C1A-8C92-D0224A0DAD59}.AppStore|x86.ActiveCfg = Debug|Any CPU
		{DFDB0258-FDC0-4C1A-8C92-D0224A0DAD59}.Debug|Any CPU.ActiveCfg = Debug|Any CPU
		{DFDB0258-FDC0-4C1A-8C92-D0224A0DAD59}.Debug|Any CPU.Build.0 = Debug|Any CPU
		{DFDB0258-FDC0-4C1A-8C92-D0224A0DAD59}.Debug|ARM.ActiveCfg = Debug|Any CPU
		{DFDB0258-FDC0-4C1A-8C92-D0224A0DAD59}.Debug|iPhone.ActiveCfg = Debug|Any CPU
		{DFDB0258-FDC0-4C1A-8C92-D0224A0DAD59}.Debug|iPhone.Build.0 = Debug|Any CPU
		{DFDB0258-FDC0-4C1A-8C92-D0224A0DAD59}.Debug|iPhoneSimulator.ActiveCfg = Debug|Any CPU
		{DFDB0258-FDC0-4C1A-8C92-D0224A0DAD59}.Debug|iPhoneSimulator.Build.0 = Debug|Any CPU
		{DFDB0258-FDC0-4C1A-8C92-D0224A0DAD59}.Debug|Mixed Platforms.ActiveCfg = Debug|Any CPU
		{DFDB0258-FDC0-4C1A-8C92-D0224A0DAD59}.Debug|Mixed Platforms.Build.0 = Debug|Any CPU
		{DFDB0258-FDC0-4C1A-8C92-D0224A0DAD59}.Debug|x64.ActiveCfg = Debug|Any CPU
		{DFDB0258-FDC0-4C1A-8C92-D0224A0DAD59}.Debug|x64.Build.0 = Debug|Any CPU
		{DFDB0258-FDC0-4C1A-8C92-D0224A0DAD59}.Debug|x86.ActiveCfg = Debug|Any CPU
		{DFDB0258-FDC0-4C1A-8C92-D0224A0DAD59}.Release|Any CPU.ActiveCfg = Release|Any CPU
		{DFDB0258-FDC0-4C1A-8C92-D0224A0DAD59}.Release|Any CPU.Build.0 = Release|Any CPU
		{DFDB0258-FDC0-4C1A-8C92-D0224A0DAD59}.Release|ARM.ActiveCfg = Release|Any CPU
		{DFDB0258-FDC0-4C1A-8C92-D0224A0DAD59}.Release|iPhone.ActiveCfg = Release|Any CPU
		{DFDB0258-FDC0-4C1A-8C92-D0224A0DAD59}.Release|iPhone.Build.0 = Release|Any CPU
		{DFDB0258-FDC0-4C1A-8C92-D0224A0DAD59}.Release|iPhoneSimulator.ActiveCfg = Release|Any CPU
		{DFDB0258-FDC0-4C1A-8C92-D0224A0DAD59}.Release|iPhoneSimulator.Build.0 = Release|Any CPU
		{DFDB0258-FDC0-4C1A-8C92-D0224A0DAD59}.Release|Mixed Platforms.ActiveCfg = Release|Any CPU
		{DFDB0258-FDC0-4C1A-8C92-D0224A0DAD59}.Release|Mixed Platforms.Build.0 = Release|Any CPU
		{DFDB0258-FDC0-4C1A-8C92-D0224A0DAD59}.Release|x64.ActiveCfg = Release|Any CPU
		{DFDB0258-FDC0-4C1A-8C92-D0224A0DAD59}.Release|x64.Build.0 = Release|Any CPU
		{DFDB0258-FDC0-4C1A-8C92-D0224A0DAD59}.Release|x86.ActiveCfg = Release|Any CPU
		{67F9D3A8-F71E-4428-913F-C37AE82CDB24}.Ad-Hoc|Any CPU.ActiveCfg = Release|Any CPU
		{67F9D3A8-F71E-4428-913F-C37AE82CDB24}.Ad-Hoc|Any CPU.Build.0 = Release|Any CPU
		{67F9D3A8-F71E-4428-913F-C37AE82CDB24}.Ad-Hoc|ARM.ActiveCfg = Debug|Any CPU
		{67F9D3A8-F71E-4428-913F-C37AE82CDB24}.Ad-Hoc|iPhone.ActiveCfg = Release|Any CPU
		{67F9D3A8-F71E-4428-913F-C37AE82CDB24}.Ad-Hoc|iPhone.Build.0 = Release|Any CPU
		{67F9D3A8-F71E-4428-913F-C37AE82CDB24}.Ad-Hoc|iPhoneSimulator.ActiveCfg = Release|Any CPU
		{67F9D3A8-F71E-4428-913F-C37AE82CDB24}.Ad-Hoc|iPhoneSimulator.Build.0 = Release|Any CPU
		{67F9D3A8-F71E-4428-913F-C37AE82CDB24}.Ad-Hoc|Mixed Platforms.ActiveCfg = Debug|Any CPU
		{67F9D3A8-F71E-4428-913F-C37AE82CDB24}.Ad-Hoc|Mixed Platforms.Build.0 = Debug|Any CPU
		{67F9D3A8-F71E-4428-913F-C37AE82CDB24}.Ad-Hoc|x64.ActiveCfg = Debug|Any CPU
		{67F9D3A8-F71E-4428-913F-C37AE82CDB24}.Ad-Hoc|x64.Build.0 = Debug|Any CPU
		{67F9D3A8-F71E-4428-913F-C37AE82CDB24}.Ad-Hoc|x86.ActiveCfg = Debug|Any CPU
		{67F9D3A8-F71E-4428-913F-C37AE82CDB24}.AppStore|Any CPU.ActiveCfg = Release|Any CPU
		{67F9D3A8-F71E-4428-913F-C37AE82CDB24}.AppStore|Any CPU.Build.0 = Release|Any CPU
		{67F9D3A8-F71E-4428-913F-C37AE82CDB24}.AppStore|ARM.ActiveCfg = Debug|Any CPU
		{67F9D3A8-F71E-4428-913F-C37AE82CDB24}.AppStore|iPhone.ActiveCfg = Release|Any CPU
		{67F9D3A8-F71E-4428-913F-C37AE82CDB24}.AppStore|iPhone.Build.0 = Release|Any CPU
		{67F9D3A8-F71E-4428-913F-C37AE82CDB24}.AppStore|iPhoneSimulator.ActiveCfg = Release|Any CPU
		{67F9D3A8-F71E-4428-913F-C37AE82CDB24}.AppStore|iPhoneSimulator.Build.0 = Release|Any CPU
		{67F9D3A8-F71E-4428-913F-C37AE82CDB24}.AppStore|Mixed Platforms.ActiveCfg = Debug|Any CPU
		{67F9D3A8-F71E-4428-913F-C37AE82CDB24}.AppStore|Mixed Platforms.Build.0 = Debug|Any CPU
		{67F9D3A8-F71E-4428-913F-C37AE82CDB24}.AppStore|x64.ActiveCfg = Debug|Any CPU
		{67F9D3A8-F71E-4428-913F-C37AE82CDB24}.AppStore|x64.Build.0 = Debug|Any CPU
		{67F9D3A8-F71E-4428-913F-C37AE82CDB24}.AppStore|x86.ActiveCfg = Debug|Any CPU
		{67F9D3A8-F71E-4428-913F-C37AE82CDB24}.Debug|Any CPU.ActiveCfg = Debug|Any CPU
		{67F9D3A8-F71E-4428-913F-C37AE82CDB24}.Debug|Any CPU.Build.0 = Debug|Any CPU
		{67F9D3A8-F71E-4428-913F-C37AE82CDB24}.Debug|ARM.ActiveCfg = Debug|Any CPU
		{67F9D3A8-F71E-4428-913F-C37AE82CDB24}.Debug|iPhone.ActiveCfg = Debug|Any CPU
		{67F9D3A8-F71E-4428-913F-C37AE82CDB24}.Debug|iPhone.Build.0 = Debug|Any CPU
		{67F9D3A8-F71E-4428-913F-C37AE82CDB24}.Debug|iPhoneSimulator.ActiveCfg = Debug|Any CPU
		{67F9D3A8-F71E-4428-913F-C37AE82CDB24}.Debug|iPhoneSimulator.Build.0 = Debug|Any CPU
		{67F9D3A8-F71E-4428-913F-C37AE82CDB24}.Debug|Mixed Platforms.ActiveCfg = Debug|Any CPU
		{67F9D3A8-F71E-4428-913F-C37AE82CDB24}.Debug|Mixed Platforms.Build.0 = Debug|Any CPU
		{67F9D3A8-F71E-4428-913F-C37AE82CDB24}.Debug|x64.ActiveCfg = Debug|Any CPU
		{67F9D3A8-F71E-4428-913F-C37AE82CDB24}.Debug|x64.Build.0 = Debug|Any CPU
		{67F9D3A8-F71E-4428-913F-C37AE82CDB24}.Debug|x86.ActiveCfg = Debug|Any CPU
		{67F9D3A8-F71E-4428-913F-C37AE82CDB24}.Release|Any CPU.ActiveCfg = Release|Any CPU
		{67F9D3A8-F71E-4428-913F-C37AE82CDB24}.Release|Any CPU.Build.0 = Release|Any CPU
		{67F9D3A8-F71E-4428-913F-C37AE82CDB24}.Release|ARM.ActiveCfg = Release|Any CPU
		{67F9D3A8-F71E-4428-913F-C37AE82CDB24}.Release|iPhone.ActiveCfg = Release|Any CPU
		{67F9D3A8-F71E-4428-913F-C37AE82CDB24}.Release|iPhone.Build.0 = Release|Any CPU
		{67F9D3A8-F71E-4428-913F-C37AE82CDB24}.Release|iPhoneSimulator.ActiveCfg = Release|Any CPU
		{67F9D3A8-F71E-4428-913F-C37AE82CDB24}.Release|iPhoneSimulator.Build.0 = Release|Any CPU
		{67F9D3A8-F71E-4428-913F-C37AE82CDB24}.Release|Mixed Platforms.ActiveCfg = Release|Any CPU
		{67F9D3A8-F71E-4428-913F-C37AE82CDB24}.Release|Mixed Platforms.Build.0 = Release|Any CPU
		{67F9D3A8-F71E-4428-913F-C37AE82CDB24}.Release|x64.ActiveCfg = Release|Any CPU
		{67F9D3A8-F71E-4428-913F-C37AE82CDB24}.Release|x64.Build.0 = Release|Any CPU
		{67F9D3A8-F71E-4428-913F-C37AE82CDB24}.Release|x86.ActiveCfg = Release|Any CPU
		{BDD854EA-727D-4332-834D-7AC4C004914E}.Ad-Hoc|Any CPU.ActiveCfg = Release|Any CPU
		{BDD854EA-727D-4332-834D-7AC4C004914E}.Ad-Hoc|Any CPU.Build.0 = Release|Any CPU
		{BDD854EA-727D-4332-834D-7AC4C004914E}.Ad-Hoc|ARM.ActiveCfg = Release|Any CPU
		{BDD854EA-727D-4332-834D-7AC4C004914E}.Ad-Hoc|ARM.Build.0 = Release|Any CPU
		{BDD854EA-727D-4332-834D-7AC4C004914E}.Ad-Hoc|iPhone.ActiveCfg = Release|Any CPU
		{BDD854EA-727D-4332-834D-7AC4C004914E}.Ad-Hoc|iPhone.Build.0 = Release|Any CPU
		{BDD854EA-727D-4332-834D-7AC4C004914E}.Ad-Hoc|iPhoneSimulator.ActiveCfg = Release|Any CPU
		{BDD854EA-727D-4332-834D-7AC4C004914E}.Ad-Hoc|iPhoneSimulator.Build.0 = Release|Any CPU
		{BDD854EA-727D-4332-834D-7AC4C004914E}.Ad-Hoc|Mixed Platforms.ActiveCfg = Release|Any CPU
		{BDD854EA-727D-4332-834D-7AC4C004914E}.Ad-Hoc|Mixed Platforms.Build.0 = Release|Any CPU
		{BDD854EA-727D-4332-834D-7AC4C004914E}.Ad-Hoc|x64.ActiveCfg = Debug|Any CPU
		{BDD854EA-727D-4332-834D-7AC4C004914E}.Ad-Hoc|x64.Build.0 = Debug|Any CPU
		{BDD854EA-727D-4332-834D-7AC4C004914E}.Ad-Hoc|x86.ActiveCfg = Release|Any CPU
		{BDD854EA-727D-4332-834D-7AC4C004914E}.Ad-Hoc|x86.Build.0 = Release|Any CPU
		{BDD854EA-727D-4332-834D-7AC4C004914E}.AppStore|Any CPU.ActiveCfg = Release|Any CPU
		{BDD854EA-727D-4332-834D-7AC4C004914E}.AppStore|Any CPU.Build.0 = Release|Any CPU
		{BDD854EA-727D-4332-834D-7AC4C004914E}.AppStore|ARM.ActiveCfg = Release|Any CPU
		{BDD854EA-727D-4332-834D-7AC4C004914E}.AppStore|ARM.Build.0 = Release|Any CPU
		{BDD854EA-727D-4332-834D-7AC4C004914E}.AppStore|iPhone.ActiveCfg = Release|Any CPU
		{BDD854EA-727D-4332-834D-7AC4C004914E}.AppStore|iPhone.Build.0 = Release|Any CPU
		{BDD854EA-727D-4332-834D-7AC4C004914E}.AppStore|iPhoneSimulator.ActiveCfg = Release|Any CPU
		{BDD854EA-727D-4332-834D-7AC4C004914E}.AppStore|iPhoneSimulator.Build.0 = Release|Any CPU
		{BDD854EA-727D-4332-834D-7AC4C004914E}.AppStore|Mixed Platforms.ActiveCfg = Release|Any CPU
		{BDD854EA-727D-4332-834D-7AC4C004914E}.AppStore|Mixed Platforms.Build.0 = Release|Any CPU
		{BDD854EA-727D-4332-834D-7AC4C004914E}.AppStore|x64.ActiveCfg = Debug|Any CPU
		{BDD854EA-727D-4332-834D-7AC4C004914E}.AppStore|x64.Build.0 = Debug|Any CPU
		{BDD854EA-727D-4332-834D-7AC4C004914E}.AppStore|x86.ActiveCfg = Release|Any CPU
		{BDD854EA-727D-4332-834D-7AC4C004914E}.AppStore|x86.Build.0 = Release|Any CPU
		{BDD854EA-727D-4332-834D-7AC4C004914E}.Debug|Any CPU.ActiveCfg = Debug|Any CPU
		{BDD854EA-727D-4332-834D-7AC4C004914E}.Debug|Any CPU.Build.0 = Debug|Any CPU
		{BDD854EA-727D-4332-834D-7AC4C004914E}.Debug|ARM.ActiveCfg = Debug|Any CPU
		{BDD854EA-727D-4332-834D-7AC4C004914E}.Debug|ARM.Build.0 = Debug|Any CPU
		{BDD854EA-727D-4332-834D-7AC4C004914E}.Debug|iPhone.ActiveCfg = Debug|Any CPU
		{BDD854EA-727D-4332-834D-7AC4C004914E}.Debug|iPhone.Build.0 = Debug|Any CPU
		{BDD854EA-727D-4332-834D-7AC4C004914E}.Debug|iPhoneSimulator.ActiveCfg = Debug|Any CPU
		{BDD854EA-727D-4332-834D-7AC4C004914E}.Debug|iPhoneSimulator.Build.0 = Debug|Any CPU
		{BDD854EA-727D-4332-834D-7AC4C004914E}.Debug|Mixed Platforms.ActiveCfg = Debug|Any CPU
		{BDD854EA-727D-4332-834D-7AC4C004914E}.Debug|Mixed Platforms.Build.0 = Debug|Any CPU
		{BDD854EA-727D-4332-834D-7AC4C004914E}.Debug|x64.ActiveCfg = Debug|Any CPU
		{BDD854EA-727D-4332-834D-7AC4C004914E}.Debug|x64.Build.0 = Debug|Any CPU
		{BDD854EA-727D-4332-834D-7AC4C004914E}.Debug|x86.ActiveCfg = Debug|Any CPU
		{BDD854EA-727D-4332-834D-7AC4C004914E}.Debug|x86.Build.0 = Debug|Any CPU
		{BDD854EA-727D-4332-834D-7AC4C004914E}.Release|Any CPU.ActiveCfg = Release|Any CPU
		{BDD854EA-727D-4332-834D-7AC4C004914E}.Release|Any CPU.Build.0 = Release|Any CPU
		{BDD854EA-727D-4332-834D-7AC4C004914E}.Release|ARM.ActiveCfg = Release|Any CPU
		{BDD854EA-727D-4332-834D-7AC4C004914E}.Release|ARM.Build.0 = Release|Any CPU
		{BDD854EA-727D-4332-834D-7AC4C004914E}.Release|iPhone.ActiveCfg = Release|Any CPU
		{BDD854EA-727D-4332-834D-7AC4C004914E}.Release|iPhone.Build.0 = Release|Any CPU
		{BDD854EA-727D-4332-834D-7AC4C004914E}.Release|iPhoneSimulator.ActiveCfg = Release|Any CPU
		{BDD854EA-727D-4332-834D-7AC4C004914E}.Release|iPhoneSimulator.Build.0 = Release|Any CPU
		{BDD854EA-727D-4332-834D-7AC4C004914E}.Release|Mixed Platforms.ActiveCfg = Release|Any CPU
		{BDD854EA-727D-4332-834D-7AC4C004914E}.Release|Mixed Platforms.Build.0 = Release|Any CPU
		{BDD854EA-727D-4332-834D-7AC4C004914E}.Release|x64.ActiveCfg = Release|Any CPU
		{BDD854EA-727D-4332-834D-7AC4C004914E}.Release|x64.Build.0 = Release|Any CPU
		{BDD854EA-727D-4332-834D-7AC4C004914E}.Release|x86.ActiveCfg = Release|Any CPU
		{BDD854EA-727D-4332-834D-7AC4C004914E}.Release|x86.Build.0 = Release|Any CPU
		{92F76D05-5E32-41E5-B90D-8956BF53126D}.Ad-Hoc|Any CPU.ActiveCfg = Release|x64
		{92F76D05-5E32-41E5-B90D-8956BF53126D}.Ad-Hoc|Any CPU.Build.0 = Release|x64
		{92F76D05-5E32-41E5-B90D-8956BF53126D}.Ad-Hoc|Any CPU.Deploy.0 = Release|x64
		{92F76D05-5E32-41E5-B90D-8956BF53126D}.Ad-Hoc|ARM.ActiveCfg = Release|ARM
		{92F76D05-5E32-41E5-B90D-8956BF53126D}.Ad-Hoc|ARM.Build.0 = Release|ARM
		{92F76D05-5E32-41E5-B90D-8956BF53126D}.Ad-Hoc|ARM.Deploy.0 = Release|ARM
		{92F76D05-5E32-41E5-B90D-8956BF53126D}.Ad-Hoc|iPhone.ActiveCfg = Release|x64
		{92F76D05-5E32-41E5-B90D-8956BF53126D}.Ad-Hoc|iPhone.Build.0 = Release|x64
		{92F76D05-5E32-41E5-B90D-8956BF53126D}.Ad-Hoc|iPhone.Deploy.0 = Release|x64
		{92F76D05-5E32-41E5-B90D-8956BF53126D}.Ad-Hoc|iPhoneSimulator.ActiveCfg = Release|x64
		{92F76D05-5E32-41E5-B90D-8956BF53126D}.Ad-Hoc|iPhoneSimulator.Build.0 = Release|x64
		{92F76D05-5E32-41E5-B90D-8956BF53126D}.Ad-Hoc|iPhoneSimulator.Deploy.0 = Release|x64
		{92F76D05-5E32-41E5-B90D-8956BF53126D}.Ad-Hoc|Mixed Platforms.ActiveCfg = Release|x86
		{92F76D05-5E32-41E5-B90D-8956BF53126D}.Ad-Hoc|Mixed Platforms.Build.0 = Release|x86
		{92F76D05-5E32-41E5-B90D-8956BF53126D}.Ad-Hoc|Mixed Platforms.Deploy.0 = Release|x86
		{92F76D05-5E32-41E5-B90D-8956BF53126D}.Ad-Hoc|x64.ActiveCfg = Release|x64
		{92F76D05-5E32-41E5-B90D-8956BF53126D}.Ad-Hoc|x64.Build.0 = Release|x64
		{92F76D05-5E32-41E5-B90D-8956BF53126D}.Ad-Hoc|x64.Deploy.0 = Release|x64
		{92F76D05-5E32-41E5-B90D-8956BF53126D}.Ad-Hoc|x86.ActiveCfg = Release|x86
		{92F76D05-5E32-41E5-B90D-8956BF53126D}.Ad-Hoc|x86.Build.0 = Release|x86
		{92F76D05-5E32-41E5-B90D-8956BF53126D}.Ad-Hoc|x86.Deploy.0 = Release|x86
		{92F76D05-5E32-41E5-B90D-8956BF53126D}.AppStore|Any CPU.ActiveCfg = Release|x64
		{92F76D05-5E32-41E5-B90D-8956BF53126D}.AppStore|Any CPU.Build.0 = Release|x64
		{92F76D05-5E32-41E5-B90D-8956BF53126D}.AppStore|Any CPU.Deploy.0 = Release|x64
		{92F76D05-5E32-41E5-B90D-8956BF53126D}.AppStore|ARM.ActiveCfg = Release|ARM
		{92F76D05-5E32-41E5-B90D-8956BF53126D}.AppStore|ARM.Build.0 = Release|ARM
		{92F76D05-5E32-41E5-B90D-8956BF53126D}.AppStore|ARM.Deploy.0 = Release|ARM
		{92F76D05-5E32-41E5-B90D-8956BF53126D}.AppStore|iPhone.ActiveCfg = Release|x64
		{92F76D05-5E32-41E5-B90D-8956BF53126D}.AppStore|iPhone.Build.0 = Release|x64
		{92F76D05-5E32-41E5-B90D-8956BF53126D}.AppStore|iPhone.Deploy.0 = Release|x64
		{92F76D05-5E32-41E5-B90D-8956BF53126D}.AppStore|iPhoneSimulator.ActiveCfg = Release|x64
		{92F76D05-5E32-41E5-B90D-8956BF53126D}.AppStore|iPhoneSimulator.Build.0 = Release|x64
		{92F76D05-5E32-41E5-B90D-8956BF53126D}.AppStore|iPhoneSimulator.Deploy.0 = Release|x64
		{92F76D05-5E32-41E5-B90D-8956BF53126D}.AppStore|Mixed Platforms.ActiveCfg = Release|x86
		{92F76D05-5E32-41E5-B90D-8956BF53126D}.AppStore|Mixed Platforms.Build.0 = Release|x86
		{92F76D05-5E32-41E5-B90D-8956BF53126D}.AppStore|Mixed Platforms.Deploy.0 = Release|x86
		{92F76D05-5E32-41E5-B90D-8956BF53126D}.AppStore|x64.ActiveCfg = Release|x64
		{92F76D05-5E32-41E5-B90D-8956BF53126D}.AppStore|x64.Build.0 = Release|x64
		{92F76D05-5E32-41E5-B90D-8956BF53126D}.AppStore|x64.Deploy.0 = Release|x64
		{92F76D05-5E32-41E5-B90D-8956BF53126D}.AppStore|x86.ActiveCfg = Release|x86
		{92F76D05-5E32-41E5-B90D-8956BF53126D}.AppStore|x86.Build.0 = Release|x86
		{92F76D05-5E32-41E5-B90D-8956BF53126D}.AppStore|x86.Deploy.0 = Release|x86
		{92F76D05-5E32-41E5-B90D-8956BF53126D}.Debug|Any CPU.ActiveCfg = Debug|x86
		{92F76D05-5E32-41E5-B90D-8956BF53126D}.Debug|ARM.ActiveCfg = Debug|ARM
		{92F76D05-5E32-41E5-B90D-8956BF53126D}.Debug|ARM.Build.0 = Debug|ARM
		{92F76D05-5E32-41E5-B90D-8956BF53126D}.Debug|ARM.Deploy.0 = Debug|ARM
		{92F76D05-5E32-41E5-B90D-8956BF53126D}.Debug|iPhone.ActiveCfg = Debug|x86
		{92F76D05-5E32-41E5-B90D-8956BF53126D}.Debug|iPhoneSimulator.ActiveCfg = Debug|x86
		{92F76D05-5E32-41E5-B90D-8956BF53126D}.Debug|iPhoneSimulator.Build.0 = Debug|x86
		{92F76D05-5E32-41E5-B90D-8956BF53126D}.Debug|iPhoneSimulator.Deploy.0 = Debug|x86
		{92F76D05-5E32-41E5-B90D-8956BF53126D}.Debug|Mixed Platforms.ActiveCfg = Debug|x86
		{92F76D05-5E32-41E5-B90D-8956BF53126D}.Debug|Mixed Platforms.Build.0 = Debug|x86
		{92F76D05-5E32-41E5-B90D-8956BF53126D}.Debug|Mixed Platforms.Deploy.0 = Debug|x86
		{92F76D05-5E32-41E5-B90D-8956BF53126D}.Debug|x64.ActiveCfg = Debug|x64
		{92F76D05-5E32-41E5-B90D-8956BF53126D}.Debug|x64.Build.0 = Debug|x64
		{92F76D05-5E32-41E5-B90D-8956BF53126D}.Debug|x64.Deploy.0 = Debug|x64
		{92F76D05-5E32-41E5-B90D-8956BF53126D}.Debug|x86.ActiveCfg = Debug|x86
		{92F76D05-5E32-41E5-B90D-8956BF53126D}.Debug|x86.Build.0 = Debug|x86
		{92F76D05-5E32-41E5-B90D-8956BF53126D}.Debug|x86.Deploy.0 = Debug|x86
		{92F76D05-5E32-41E5-B90D-8956BF53126D}.Release|Any CPU.ActiveCfg = Release|x86
		{92F76D05-5E32-41E5-B90D-8956BF53126D}.Release|ARM.ActiveCfg = Release|ARM
		{92F76D05-5E32-41E5-B90D-8956BF53126D}.Release|ARM.Build.0 = Release|ARM
		{92F76D05-5E32-41E5-B90D-8956BF53126D}.Release|ARM.Deploy.0 = Release|ARM
		{92F76D05-5E32-41E5-B90D-8956BF53126D}.Release|iPhone.ActiveCfg = Release|x86
		{92F76D05-5E32-41E5-B90D-8956BF53126D}.Release|iPhoneSimulator.ActiveCfg = Release|x86
		{92F76D05-5E32-41E5-B90D-8956BF53126D}.Release|Mixed Platforms.ActiveCfg = Release|x86
		{92F76D05-5E32-41E5-B90D-8956BF53126D}.Release|Mixed Platforms.Build.0 = Release|x86
		{92F76D05-5E32-41E5-B90D-8956BF53126D}.Release|Mixed Platforms.Deploy.0 = Release|x86
		{92F76D05-5E32-41E5-B90D-8956BF53126D}.Release|x64.ActiveCfg = Release|x64
		{92F76D05-5E32-41E5-B90D-8956BF53126D}.Release|x64.Build.0 = Release|x64
		{92F76D05-5E32-41E5-B90D-8956BF53126D}.Release|x64.Deploy.0 = Release|x64
		{92F76D05-5E32-41E5-B90D-8956BF53126D}.Release|x86.ActiveCfg = Release|x86
		{92F76D05-5E32-41E5-B90D-8956BF53126D}.Release|x86.Build.0 = Release|x86
		{92F76D05-5E32-41E5-B90D-8956BF53126D}.Release|x86.Deploy.0 = Release|x86
		{BAD8133F-88AB-400F-9F67-12B5C43A04AA}.Ad-Hoc|Any CPU.ActiveCfg = Release|Any CPU
		{BAD8133F-88AB-400F-9F67-12B5C43A04AA}.Ad-Hoc|Any CPU.Build.0 = Release|Any CPU
		{BAD8133F-88AB-400F-9F67-12B5C43A04AA}.Ad-Hoc|ARM.ActiveCfg = Release|Any CPU
		{BAD8133F-88AB-400F-9F67-12B5C43A04AA}.Ad-Hoc|ARM.Build.0 = Release|Any CPU
		{BAD8133F-88AB-400F-9F67-12B5C43A04AA}.Ad-Hoc|iPhone.ActiveCfg = Release|Any CPU
		{BAD8133F-88AB-400F-9F67-12B5C43A04AA}.Ad-Hoc|iPhone.Build.0 = Release|Any CPU
		{BAD8133F-88AB-400F-9F67-12B5C43A04AA}.Ad-Hoc|iPhoneSimulator.ActiveCfg = Release|Any CPU
		{BAD8133F-88AB-400F-9F67-12B5C43A04AA}.Ad-Hoc|iPhoneSimulator.Build.0 = Release|Any CPU
		{BAD8133F-88AB-400F-9F67-12B5C43A04AA}.Ad-Hoc|Mixed Platforms.ActiveCfg = Release|Any CPU
		{BAD8133F-88AB-400F-9F67-12B5C43A04AA}.Ad-Hoc|Mixed Platforms.Build.0 = Release|Any CPU
		{BAD8133F-88AB-400F-9F67-12B5C43A04AA}.Ad-Hoc|x64.ActiveCfg = Release|Any CPU
		{BAD8133F-88AB-400F-9F67-12B5C43A04AA}.Ad-Hoc|x64.Build.0 = Release|Any CPU
		{BAD8133F-88AB-400F-9F67-12B5C43A04AA}.Ad-Hoc|x86.ActiveCfg = Release|Any CPU
		{BAD8133F-88AB-400F-9F67-12B5C43A04AA}.Ad-Hoc|x86.Build.0 = Release|Any CPU
		{BAD8133F-88AB-400F-9F67-12B5C43A04AA}.AppStore|Any CPU.ActiveCfg = Release|Any CPU
		{BAD8133F-88AB-400F-9F67-12B5C43A04AA}.AppStore|Any CPU.Build.0 = Release|Any CPU
		{BAD8133F-88AB-400F-9F67-12B5C43A04AA}.AppStore|ARM.ActiveCfg = Release|Any CPU
		{BAD8133F-88AB-400F-9F67-12B5C43A04AA}.AppStore|ARM.Build.0 = Release|Any CPU
		{BAD8133F-88AB-400F-9F67-12B5C43A04AA}.AppStore|iPhone.ActiveCfg = Release|Any CPU
		{BAD8133F-88AB-400F-9F67-12B5C43A04AA}.AppStore|iPhone.Build.0 = Release|Any CPU
		{BAD8133F-88AB-400F-9F67-12B5C43A04AA}.AppStore|iPhoneSimulator.ActiveCfg = Release|Any CPU
		{BAD8133F-88AB-400F-9F67-12B5C43A04AA}.AppStore|iPhoneSimulator.Build.0 = Release|Any CPU
		{BAD8133F-88AB-400F-9F67-12B5C43A04AA}.AppStore|Mixed Platforms.ActiveCfg = Release|Any CPU
		{BAD8133F-88AB-400F-9F67-12B5C43A04AA}.AppStore|Mixed Platforms.Build.0 = Release|Any CPU
		{BAD8133F-88AB-400F-9F67-12B5C43A04AA}.AppStore|x64.ActiveCfg = Release|Any CPU
		{BAD8133F-88AB-400F-9F67-12B5C43A04AA}.AppStore|x64.Build.0 = Release|Any CPU
		{BAD8133F-88AB-400F-9F67-12B5C43A04AA}.AppStore|x86.ActiveCfg = Release|Any CPU
		{BAD8133F-88AB-400F-9F67-12B5C43A04AA}.AppStore|x86.Build.0 = Release|Any CPU
		{BAD8133F-88AB-400F-9F67-12B5C43A04AA}.Debug|Any CPU.ActiveCfg = Debug|Any CPU
		{BAD8133F-88AB-400F-9F67-12B5C43A04AA}.Debug|Any CPU.Build.0 = Debug|Any CPU
		{BAD8133F-88AB-400F-9F67-12B5C43A04AA}.Debug|ARM.ActiveCfg = Debug|Any CPU
		{BAD8133F-88AB-400F-9F67-12B5C43A04AA}.Debug|ARM.Build.0 = Debug|Any CPU
		{BAD8133F-88AB-400F-9F67-12B5C43A04AA}.Debug|iPhone.ActiveCfg = Debug|Any CPU
		{BAD8133F-88AB-400F-9F67-12B5C43A04AA}.Debug|iPhone.Build.0 = Debug|Any CPU
		{BAD8133F-88AB-400F-9F67-12B5C43A04AA}.Debug|iPhoneSimulator.ActiveCfg = Debug|Any CPU
		{BAD8133F-88AB-400F-9F67-12B5C43A04AA}.Debug|iPhoneSimulator.Build.0 = Debug|Any CPU
		{BAD8133F-88AB-400F-9F67-12B5C43A04AA}.Debug|Mixed Platforms.ActiveCfg = Debug|Any CPU
		{BAD8133F-88AB-400F-9F67-12B5C43A04AA}.Debug|Mixed Platforms.Build.0 = Debug|Any CPU
		{BAD8133F-88AB-400F-9F67-12B5C43A04AA}.Debug|x64.ActiveCfg = Debug|Any CPU
		{BAD8133F-88AB-400F-9F67-12B5C43A04AA}.Debug|x64.Build.0 = Debug|Any CPU
		{BAD8133F-88AB-400F-9F67-12B5C43A04AA}.Debug|x86.ActiveCfg = Debug|Any CPU
		{BAD8133F-88AB-400F-9F67-12B5C43A04AA}.Debug|x86.Build.0 = Debug|Any CPU
		{BAD8133F-88AB-400F-9F67-12B5C43A04AA}.Release|Any CPU.ActiveCfg = Release|Any CPU
		{BAD8133F-88AB-400F-9F67-12B5C43A04AA}.Release|Any CPU.Build.0 = Release|Any CPU
		{BAD8133F-88AB-400F-9F67-12B5C43A04AA}.Release|ARM.ActiveCfg = Release|Any CPU
		{BAD8133F-88AB-400F-9F67-12B5C43A04AA}.Release|ARM.Build.0 = Release|Any CPU
		{BAD8133F-88AB-400F-9F67-12B5C43A04AA}.Release|iPhone.ActiveCfg = Release|Any CPU
		{BAD8133F-88AB-400F-9F67-12B5C43A04AA}.Release|iPhone.Build.0 = Release|Any CPU
		{BAD8133F-88AB-400F-9F67-12B5C43A04AA}.Release|iPhoneSimulator.ActiveCfg = Release|Any CPU
		{BAD8133F-88AB-400F-9F67-12B5C43A04AA}.Release|iPhoneSimulator.Build.0 = Release|Any CPU
		{BAD8133F-88AB-400F-9F67-12B5C43A04AA}.Release|Mixed Platforms.ActiveCfg = Release|Any CPU
		{BAD8133F-88AB-400F-9F67-12B5C43A04AA}.Release|Mixed Platforms.Build.0 = Release|Any CPU
		{BAD8133F-88AB-400F-9F67-12B5C43A04AA}.Release|x64.ActiveCfg = Release|Any CPU
		{BAD8133F-88AB-400F-9F67-12B5C43A04AA}.Release|x64.Build.0 = Release|Any CPU
		{BAD8133F-88AB-400F-9F67-12B5C43A04AA}.Release|x86.ActiveCfg = Release|Any CPU
		{BAD8133F-88AB-400F-9F67-12B5C43A04AA}.Release|x86.Build.0 = Release|Any CPU
		{6B9104A0-8264-4088-826E-291A2696B90C}.Ad-Hoc|Any CPU.ActiveCfg = Release|Any CPU
		{6B9104A0-8264-4088-826E-291A2696B90C}.Ad-Hoc|Any CPU.Build.0 = Release|Any CPU
		{6B9104A0-8264-4088-826E-291A2696B90C}.Ad-Hoc|ARM.ActiveCfg = Release|Any CPU
		{6B9104A0-8264-4088-826E-291A2696B90C}.Ad-Hoc|ARM.Build.0 = Release|Any CPU
		{6B9104A0-8264-4088-826E-291A2696B90C}.Ad-Hoc|iPhone.ActiveCfg = Release|Any CPU
		{6B9104A0-8264-4088-826E-291A2696B90C}.Ad-Hoc|iPhone.Build.0 = Release|Any CPU
		{6B9104A0-8264-4088-826E-291A2696B90C}.Ad-Hoc|iPhoneSimulator.ActiveCfg = Release|Any CPU
		{6B9104A0-8264-4088-826E-291A2696B90C}.Ad-Hoc|iPhoneSimulator.Build.0 = Release|Any CPU
		{6B9104A0-8264-4088-826E-291A2696B90C}.Ad-Hoc|Mixed Platforms.ActiveCfg = Release|Any CPU
		{6B9104A0-8264-4088-826E-291A2696B90C}.Ad-Hoc|Mixed Platforms.Build.0 = Release|Any CPU
		{6B9104A0-8264-4088-826E-291A2696B90C}.Ad-Hoc|x64.ActiveCfg = Release|Any CPU
		{6B9104A0-8264-4088-826E-291A2696B90C}.Ad-Hoc|x64.Build.0 = Release|Any CPU
		{6B9104A0-8264-4088-826E-291A2696B90C}.Ad-Hoc|x86.ActiveCfg = Release|Any CPU
		{6B9104A0-8264-4088-826E-291A2696B90C}.Ad-Hoc|x86.Build.0 = Release|Any CPU
		{6B9104A0-8264-4088-826E-291A2696B90C}.AppStore|Any CPU.ActiveCfg = Release|Any CPU
		{6B9104A0-8264-4088-826E-291A2696B90C}.AppStore|Any CPU.Build.0 = Release|Any CPU
		{6B9104A0-8264-4088-826E-291A2696B90C}.AppStore|ARM.ActiveCfg = Release|Any CPU
		{6B9104A0-8264-4088-826E-291A2696B90C}.AppStore|ARM.Build.0 = Release|Any CPU
		{6B9104A0-8264-4088-826E-291A2696B90C}.AppStore|iPhone.ActiveCfg = Release|Any CPU
		{6B9104A0-8264-4088-826E-291A2696B90C}.AppStore|iPhone.Build.0 = Release|Any CPU
		{6B9104A0-8264-4088-826E-291A2696B90C}.AppStore|iPhoneSimulator.ActiveCfg = Release|Any CPU
		{6B9104A0-8264-4088-826E-291A2696B90C}.AppStore|iPhoneSimulator.Build.0 = Release|Any CPU
		{6B9104A0-8264-4088-826E-291A2696B90C}.AppStore|Mixed Platforms.ActiveCfg = Release|Any CPU
		{6B9104A0-8264-4088-826E-291A2696B90C}.AppStore|Mixed Platforms.Build.0 = Release|Any CPU
		{6B9104A0-8264-4088-826E-291A2696B90C}.AppStore|x64.ActiveCfg = Release|Any CPU
		{6B9104A0-8264-4088-826E-291A2696B90C}.AppStore|x64.Build.0 = Release|Any CPU
		{6B9104A0-8264-4088-826E-291A2696B90C}.AppStore|x86.ActiveCfg = Release|Any CPU
		{6B9104A0-8264-4088-826E-291A2696B90C}.AppStore|x86.Build.0 = Release|Any CPU
		{6B9104A0-8264-4088-826E-291A2696B90C}.Debug|Any CPU.ActiveCfg = Debug|Any CPU
		{6B9104A0-8264-4088-826E-291A2696B90C}.Debug|Any CPU.Build.0 = Debug|Any CPU
		{6B9104A0-8264-4088-826E-291A2696B90C}.Debug|ARM.ActiveCfg = Debug|Any CPU
		{6B9104A0-8264-4088-826E-291A2696B90C}.Debug|ARM.Build.0 = Debug|Any CPU
		{6B9104A0-8264-4088-826E-291A2696B90C}.Debug|iPhone.ActiveCfg = Debug|Any CPU
		{6B9104A0-8264-4088-826E-291A2696B90C}.Debug|iPhone.Build.0 = Debug|Any CPU
		{6B9104A0-8264-4088-826E-291A2696B90C}.Debug|iPhoneSimulator.ActiveCfg = Debug|Any CPU
		{6B9104A0-8264-4088-826E-291A2696B90C}.Debug|iPhoneSimulator.Build.0 = Debug|Any CPU
		{6B9104A0-8264-4088-826E-291A2696B90C}.Debug|Mixed Platforms.ActiveCfg = Debug|Any CPU
		{6B9104A0-8264-4088-826E-291A2696B90C}.Debug|Mixed Platforms.Build.0 = Debug|Any CPU
		{6B9104A0-8264-4088-826E-291A2696B90C}.Debug|x64.ActiveCfg = Debug|Any CPU
		{6B9104A0-8264-4088-826E-291A2696B90C}.Debug|x64.Build.0 = Debug|Any CPU
		{6B9104A0-8264-4088-826E-291A2696B90C}.Debug|x86.ActiveCfg = Debug|Any CPU
		{6B9104A0-8264-4088-826E-291A2696B90C}.Debug|x86.Build.0 = Debug|Any CPU
		{6B9104A0-8264-4088-826E-291A2696B90C}.Release|Any CPU.ActiveCfg = Release|Any CPU
		{6B9104A0-8264-4088-826E-291A2696B90C}.Release|Any CPU.Build.0 = Release|Any CPU
		{6B9104A0-8264-4088-826E-291A2696B90C}.Release|ARM.ActiveCfg = Release|Any CPU
		{6B9104A0-8264-4088-826E-291A2696B90C}.Release|ARM.Build.0 = Release|Any CPU
		{6B9104A0-8264-4088-826E-291A2696B90C}.Release|iPhone.ActiveCfg = Release|Any CPU
		{6B9104A0-8264-4088-826E-291A2696B90C}.Release|iPhone.Build.0 = Release|Any CPU
		{6B9104A0-8264-4088-826E-291A2696B90C}.Release|iPhoneSimulator.ActiveCfg = Release|Any CPU
		{6B9104A0-8264-4088-826E-291A2696B90C}.Release|iPhoneSimulator.Build.0 = Release|Any CPU
		{6B9104A0-8264-4088-826E-291A2696B90C}.Release|Mixed Platforms.ActiveCfg = Release|Any CPU
		{6B9104A0-8264-4088-826E-291A2696B90C}.Release|Mixed Platforms.Build.0 = Release|Any CPU
		{6B9104A0-8264-4088-826E-291A2696B90C}.Release|x64.ActiveCfg = Release|Any CPU
		{6B9104A0-8264-4088-826E-291A2696B90C}.Release|x64.Build.0 = Release|Any CPU
		{6B9104A0-8264-4088-826E-291A2696B90C}.Release|x86.ActiveCfg = Release|Any CPU
		{6B9104A0-8264-4088-826E-291A2696B90C}.Release|x86.Build.0 = Release|Any CPU
		{E1996A01-CE7E-48B1-A4EB-0B5CA839DA77}.Ad-Hoc|Any CPU.ActiveCfg = Release|Any CPU
		{E1996A01-CE7E-48B1-A4EB-0B5CA839DA77}.Ad-Hoc|Any CPU.Build.0 = Release|Any CPU
		{E1996A01-CE7E-48B1-A4EB-0B5CA839DA77}.Ad-Hoc|ARM.ActiveCfg = Release|Any CPU
		{E1996A01-CE7E-48B1-A4EB-0B5CA839DA77}.Ad-Hoc|ARM.Build.0 = Release|Any CPU
		{E1996A01-CE7E-48B1-A4EB-0B5CA839DA77}.Ad-Hoc|iPhone.ActiveCfg = Release|Any CPU
		{E1996A01-CE7E-48B1-A4EB-0B5CA839DA77}.Ad-Hoc|iPhone.Build.0 = Release|Any CPU
		{E1996A01-CE7E-48B1-A4EB-0B5CA839DA77}.Ad-Hoc|iPhoneSimulator.ActiveCfg = Release|Any CPU
		{E1996A01-CE7E-48B1-A4EB-0B5CA839DA77}.Ad-Hoc|iPhoneSimulator.Build.0 = Release|Any CPU
		{E1996A01-CE7E-48B1-A4EB-0B5CA839DA77}.Ad-Hoc|Mixed Platforms.ActiveCfg = Release|Any CPU
		{E1996A01-CE7E-48B1-A4EB-0B5CA839DA77}.Ad-Hoc|Mixed Platforms.Build.0 = Release|Any CPU
		{E1996A01-CE7E-48B1-A4EB-0B5CA839DA77}.Ad-Hoc|x64.ActiveCfg = Release|Any CPU
		{E1996A01-CE7E-48B1-A4EB-0B5CA839DA77}.Ad-Hoc|x64.Build.0 = Release|Any CPU
		{E1996A01-CE7E-48B1-A4EB-0B5CA839DA77}.Ad-Hoc|x86.ActiveCfg = Release|Any CPU
		{E1996A01-CE7E-48B1-A4EB-0B5CA839DA77}.Ad-Hoc|x86.Build.0 = Release|Any CPU
		{E1996A01-CE7E-48B1-A4EB-0B5CA839DA77}.AppStore|Any CPU.ActiveCfg = Release|Any CPU
		{E1996A01-CE7E-48B1-A4EB-0B5CA839DA77}.AppStore|Any CPU.Build.0 = Release|Any CPU
		{E1996A01-CE7E-48B1-A4EB-0B5CA839DA77}.AppStore|ARM.ActiveCfg = Release|Any CPU
		{E1996A01-CE7E-48B1-A4EB-0B5CA839DA77}.AppStore|ARM.Build.0 = Release|Any CPU
		{E1996A01-CE7E-48B1-A4EB-0B5CA839DA77}.AppStore|iPhone.ActiveCfg = Release|Any CPU
		{E1996A01-CE7E-48B1-A4EB-0B5CA839DA77}.AppStore|iPhone.Build.0 = Release|Any CPU
		{E1996A01-CE7E-48B1-A4EB-0B5CA839DA77}.AppStore|iPhoneSimulator.ActiveCfg = Release|Any CPU
		{E1996A01-CE7E-48B1-A4EB-0B5CA839DA77}.AppStore|iPhoneSimulator.Build.0 = Release|Any CPU
		{E1996A01-CE7E-48B1-A4EB-0B5CA839DA77}.AppStore|Mixed Platforms.ActiveCfg = Release|Any CPU
		{E1996A01-CE7E-48B1-A4EB-0B5CA839DA77}.AppStore|Mixed Platforms.Build.0 = Release|Any CPU
		{E1996A01-CE7E-48B1-A4EB-0B5CA839DA77}.AppStore|x64.ActiveCfg = Release|Any CPU
		{E1996A01-CE7E-48B1-A4EB-0B5CA839DA77}.AppStore|x64.Build.0 = Release|Any CPU
		{E1996A01-CE7E-48B1-A4EB-0B5CA839DA77}.AppStore|x86.ActiveCfg = Release|Any CPU
		{E1996A01-CE7E-48B1-A4EB-0B5CA839DA77}.AppStore|x86.Build.0 = Release|Any CPU
		{E1996A01-CE7E-48B1-A4EB-0B5CA839DA77}.Debug|Any CPU.ActiveCfg = Debug|Any CPU
		{E1996A01-CE7E-48B1-A4EB-0B5CA839DA77}.Debug|Any CPU.Build.0 = Debug|Any CPU
		{E1996A01-CE7E-48B1-A4EB-0B5CA839DA77}.Debug|ARM.ActiveCfg = Debug|Any CPU
		{E1996A01-CE7E-48B1-A4EB-0B5CA839DA77}.Debug|ARM.Build.0 = Debug|Any CPU
		{E1996A01-CE7E-48B1-A4EB-0B5CA839DA77}.Debug|iPhone.ActiveCfg = Debug|Any CPU
		{E1996A01-CE7E-48B1-A4EB-0B5CA839DA77}.Debug|iPhone.Build.0 = Debug|Any CPU
		{E1996A01-CE7E-48B1-A4EB-0B5CA839DA77}.Debug|iPhoneSimulator.ActiveCfg = Debug|Any CPU
		{E1996A01-CE7E-48B1-A4EB-0B5CA839DA77}.Debug|iPhoneSimulator.Build.0 = Debug|Any CPU
		{E1996A01-CE7E-48B1-A4EB-0B5CA839DA77}.Debug|Mixed Platforms.ActiveCfg = Debug|Any CPU
		{E1996A01-CE7E-48B1-A4EB-0B5CA839DA77}.Debug|Mixed Platforms.Build.0 = Debug|Any CPU
		{E1996A01-CE7E-48B1-A4EB-0B5CA839DA77}.Debug|x64.ActiveCfg = Debug|Any CPU
		{E1996A01-CE7E-48B1-A4EB-0B5CA839DA77}.Debug|x64.Build.0 = Debug|Any CPU
		{E1996A01-CE7E-48B1-A4EB-0B5CA839DA77}.Debug|x86.ActiveCfg = Debug|Any CPU
		{E1996A01-CE7E-48B1-A4EB-0B5CA839DA77}.Debug|x86.Build.0 = Debug|Any CPU
		{E1996A01-CE7E-48B1-A4EB-0B5CA839DA77}.Release|Any CPU.ActiveCfg = Release|Any CPU
		{E1996A01-CE7E-48B1-A4EB-0B5CA839DA77}.Release|Any CPU.Build.0 = Release|Any CPU
		{E1996A01-CE7E-48B1-A4EB-0B5CA839DA77}.Release|ARM.ActiveCfg = Release|Any CPU
		{E1996A01-CE7E-48B1-A4EB-0B5CA839DA77}.Release|ARM.Build.0 = Release|Any CPU
		{E1996A01-CE7E-48B1-A4EB-0B5CA839DA77}.Release|iPhone.ActiveCfg = Release|Any CPU
		{E1996A01-CE7E-48B1-A4EB-0B5CA839DA77}.Release|iPhone.Build.0 = Release|Any CPU
		{E1996A01-CE7E-48B1-A4EB-0B5CA839DA77}.Release|iPhoneSimulator.ActiveCfg = Release|Any CPU
		{E1996A01-CE7E-48B1-A4EB-0B5CA839DA77}.Release|iPhoneSimulator.Build.0 = Release|Any CPU
		{E1996A01-CE7E-48B1-A4EB-0B5CA839DA77}.Release|Mixed Platforms.ActiveCfg = Release|Any CPU
		{E1996A01-CE7E-48B1-A4EB-0B5CA839DA77}.Release|Mixed Platforms.Build.0 = Release|Any CPU
		{E1996A01-CE7E-48B1-A4EB-0B5CA839DA77}.Release|x64.ActiveCfg = Release|Any CPU
		{E1996A01-CE7E-48B1-A4EB-0B5CA839DA77}.Release|x64.Build.0 = Release|Any CPU
		{E1996A01-CE7E-48B1-A4EB-0B5CA839DA77}.Release|x86.ActiveCfg = Release|Any CPU
		{E1996A01-CE7E-48B1-A4EB-0B5CA839DA77}.Release|x86.Build.0 = Release|Any CPU
		{732661B6-2A27-488A-B5B1-EA2F2D575139}.Ad-Hoc|Any CPU.ActiveCfg = Release|Any CPU
		{732661B6-2A27-488A-B5B1-EA2F2D575139}.Ad-Hoc|Any CPU.Build.0 = Release|Any CPU
		{732661B6-2A27-488A-B5B1-EA2F2D575139}.Ad-Hoc|ARM.ActiveCfg = Release|Any CPU
		{732661B6-2A27-488A-B5B1-EA2F2D575139}.Ad-Hoc|ARM.Build.0 = Release|Any CPU
		{732661B6-2A27-488A-B5B1-EA2F2D575139}.Ad-Hoc|iPhone.ActiveCfg = Release|Any CPU
		{732661B6-2A27-488A-B5B1-EA2F2D575139}.Ad-Hoc|iPhone.Build.0 = Release|Any CPU
		{732661B6-2A27-488A-B5B1-EA2F2D575139}.Ad-Hoc|iPhoneSimulator.ActiveCfg = Release|Any CPU
		{732661B6-2A27-488A-B5B1-EA2F2D575139}.Ad-Hoc|iPhoneSimulator.Build.0 = Release|Any CPU
		{732661B6-2A27-488A-B5B1-EA2F2D575139}.Ad-Hoc|Mixed Platforms.ActiveCfg = Release|Any CPU
		{732661B6-2A27-488A-B5B1-EA2F2D575139}.Ad-Hoc|Mixed Platforms.Build.0 = Release|Any CPU
		{732661B6-2A27-488A-B5B1-EA2F2D575139}.Ad-Hoc|x64.ActiveCfg = Release|Any CPU
		{732661B6-2A27-488A-B5B1-EA2F2D575139}.Ad-Hoc|x64.Build.0 = Release|Any CPU
		{732661B6-2A27-488A-B5B1-EA2F2D575139}.Ad-Hoc|x86.ActiveCfg = Release|Any CPU
		{732661B6-2A27-488A-B5B1-EA2F2D575139}.Ad-Hoc|x86.Build.0 = Release|Any CPU
		{732661B6-2A27-488A-B5B1-EA2F2D575139}.AppStore|Any CPU.ActiveCfg = Release|Any CPU
		{732661B6-2A27-488A-B5B1-EA2F2D575139}.AppStore|Any CPU.Build.0 = Release|Any CPU
		{732661B6-2A27-488A-B5B1-EA2F2D575139}.AppStore|ARM.ActiveCfg = Release|Any CPU
		{732661B6-2A27-488A-B5B1-EA2F2D575139}.AppStore|ARM.Build.0 = Release|Any CPU
		{732661B6-2A27-488A-B5B1-EA2F2D575139}.AppStore|iPhone.ActiveCfg = Release|Any CPU
		{732661B6-2A27-488A-B5B1-EA2F2D575139}.AppStore|iPhone.Build.0 = Release|Any CPU
		{732661B6-2A27-488A-B5B1-EA2F2D575139}.AppStore|iPhoneSimulator.ActiveCfg = Release|Any CPU
		{732661B6-2A27-488A-B5B1-EA2F2D575139}.AppStore|iPhoneSimulator.Build.0 = Release|Any CPU
		{732661B6-2A27-488A-B5B1-EA2F2D575139}.AppStore|Mixed Platforms.ActiveCfg = Release|Any CPU
		{732661B6-2A27-488A-B5B1-EA2F2D575139}.AppStore|Mixed Platforms.Build.0 = Release|Any CPU
		{732661B6-2A27-488A-B5B1-EA2F2D575139}.AppStore|x64.ActiveCfg = Release|Any CPU
		{732661B6-2A27-488A-B5B1-EA2F2D575139}.AppStore|x64.Build.0 = Release|Any CPU
		{732661B6-2A27-488A-B5B1-EA2F2D575139}.AppStore|x86.ActiveCfg = Release|Any CPU
		{732661B6-2A27-488A-B5B1-EA2F2D575139}.AppStore|x86.Build.0 = Release|Any CPU
		{732661B6-2A27-488A-B5B1-EA2F2D575139}.Debug|Any CPU.ActiveCfg = Debug|Any CPU
		{732661B6-2A27-488A-B5B1-EA2F2D575139}.Debug|Any CPU.Build.0 = Debug|Any CPU
		{732661B6-2A27-488A-B5B1-EA2F2D575139}.Debug|ARM.ActiveCfg = Debug|Any CPU
		{732661B6-2A27-488A-B5B1-EA2F2D575139}.Debug|ARM.Build.0 = Debug|Any CPU
		{732661B6-2A27-488A-B5B1-EA2F2D575139}.Debug|iPhone.ActiveCfg = Debug|Any CPU
		{732661B6-2A27-488A-B5B1-EA2F2D575139}.Debug|iPhone.Build.0 = Debug|Any CPU
		{732661B6-2A27-488A-B5B1-EA2F2D575139}.Debug|iPhoneSimulator.ActiveCfg = Debug|Any CPU
		{732661B6-2A27-488A-B5B1-EA2F2D575139}.Debug|iPhoneSimulator.Build.0 = Debug|Any CPU
		{732661B6-2A27-488A-B5B1-EA2F2D575139}.Debug|Mixed Platforms.ActiveCfg = Debug|Any CPU
		{732661B6-2A27-488A-B5B1-EA2F2D575139}.Debug|Mixed Platforms.Build.0 = Debug|Any CPU
		{732661B6-2A27-488A-B5B1-EA2F2D575139}.Debug|x64.ActiveCfg = Debug|Any CPU
		{732661B6-2A27-488A-B5B1-EA2F2D575139}.Debug|x64.Build.0 = Debug|Any CPU
		{732661B6-2A27-488A-B5B1-EA2F2D575139}.Debug|x86.ActiveCfg = Debug|Any CPU
		{732661B6-2A27-488A-B5B1-EA2F2D575139}.Debug|x86.Build.0 = Debug|Any CPU
		{732661B6-2A27-488A-B5B1-EA2F2D575139}.Release|Any CPU.ActiveCfg = Release|Any CPU
		{732661B6-2A27-488A-B5B1-EA2F2D575139}.Release|Any CPU.Build.0 = Release|Any CPU
		{732661B6-2A27-488A-B5B1-EA2F2D575139}.Release|ARM.ActiveCfg = Release|Any CPU
		{732661B6-2A27-488A-B5B1-EA2F2D575139}.Release|ARM.Build.0 = Release|Any CPU
		{732661B6-2A27-488A-B5B1-EA2F2D575139}.Release|iPhone.ActiveCfg = Release|Any CPU
		{732661B6-2A27-488A-B5B1-EA2F2D575139}.Release|iPhone.Build.0 = Release|Any CPU
		{732661B6-2A27-488A-B5B1-EA2F2D575139}.Release|iPhoneSimulator.ActiveCfg = Release|Any CPU
		{732661B6-2A27-488A-B5B1-EA2F2D575139}.Release|iPhoneSimulator.Build.0 = Release|Any CPU
		{732661B6-2A27-488A-B5B1-EA2F2D575139}.Release|Mixed Platforms.ActiveCfg = Release|Any CPU
		{732661B6-2A27-488A-B5B1-EA2F2D575139}.Release|Mixed Platforms.Build.0 = Release|Any CPU
		{732661B6-2A27-488A-B5B1-EA2F2D575139}.Release|x64.ActiveCfg = Release|Any CPU
		{732661B6-2A27-488A-B5B1-EA2F2D575139}.Release|x64.Build.0 = Release|Any CPU
		{732661B6-2A27-488A-B5B1-EA2F2D575139}.Release|x86.ActiveCfg = Release|Any CPU
		{732661B6-2A27-488A-B5B1-EA2F2D575139}.Release|x86.Build.0 = Release|Any CPU
		{BF38805F-B1EE-4226-A195-C7A00D7A18DC}.Ad-Hoc|Any CPU.ActiveCfg = Release|Any CPU
		{BF38805F-B1EE-4226-A195-C7A00D7A18DC}.Ad-Hoc|Any CPU.Build.0 = Release|Any CPU
		{BF38805F-B1EE-4226-A195-C7A00D7A18DC}.Ad-Hoc|ARM.ActiveCfg = Release|Any CPU
		{BF38805F-B1EE-4226-A195-C7A00D7A18DC}.Ad-Hoc|ARM.Build.0 = Release|Any CPU
		{BF38805F-B1EE-4226-A195-C7A00D7A18DC}.Ad-Hoc|iPhone.ActiveCfg = Release|Any CPU
		{BF38805F-B1EE-4226-A195-C7A00D7A18DC}.Ad-Hoc|iPhone.Build.0 = Release|Any CPU
		{BF38805F-B1EE-4226-A195-C7A00D7A18DC}.Ad-Hoc|iPhoneSimulator.ActiveCfg = Release|Any CPU
		{BF38805F-B1EE-4226-A195-C7A00D7A18DC}.Ad-Hoc|iPhoneSimulator.Build.0 = Release|Any CPU
		{BF38805F-B1EE-4226-A195-C7A00D7A18DC}.Ad-Hoc|Mixed Platforms.ActiveCfg = Release|Any CPU
		{BF38805F-B1EE-4226-A195-C7A00D7A18DC}.Ad-Hoc|Mixed Platforms.Build.0 = Release|Any CPU
		{BF38805F-B1EE-4226-A195-C7A00D7A18DC}.Ad-Hoc|x64.ActiveCfg = Release|Any CPU
		{BF38805F-B1EE-4226-A195-C7A00D7A18DC}.Ad-Hoc|x64.Build.0 = Release|Any CPU
		{BF38805F-B1EE-4226-A195-C7A00D7A18DC}.Ad-Hoc|x86.ActiveCfg = Release|Any CPU
		{BF38805F-B1EE-4226-A195-C7A00D7A18DC}.Ad-Hoc|x86.Build.0 = Release|Any CPU
		{BF38805F-B1EE-4226-A195-C7A00D7A18DC}.AppStore|Any CPU.ActiveCfg = Release|Any CPU
		{BF38805F-B1EE-4226-A195-C7A00D7A18DC}.AppStore|Any CPU.Build.0 = Release|Any CPU
		{BF38805F-B1EE-4226-A195-C7A00D7A18DC}.AppStore|ARM.ActiveCfg = Release|Any CPU
		{BF38805F-B1EE-4226-A195-C7A00D7A18DC}.AppStore|ARM.Build.0 = Release|Any CPU
		{BF38805F-B1EE-4226-A195-C7A00D7A18DC}.AppStore|iPhone.ActiveCfg = Release|Any CPU
		{BF38805F-B1EE-4226-A195-C7A00D7A18DC}.AppStore|iPhone.Build.0 = Release|Any CPU
		{BF38805F-B1EE-4226-A195-C7A00D7A18DC}.AppStore|iPhoneSimulator.ActiveCfg = Release|Any CPU
		{BF38805F-B1EE-4226-A195-C7A00D7A18DC}.AppStore|iPhoneSimulator.Build.0 = Release|Any CPU
		{BF38805F-B1EE-4226-A195-C7A00D7A18DC}.AppStore|Mixed Platforms.ActiveCfg = Release|Any CPU
		{BF38805F-B1EE-4226-A195-C7A00D7A18DC}.AppStore|Mixed Platforms.Build.0 = Release|Any CPU
		{BF38805F-B1EE-4226-A195-C7A00D7A18DC}.AppStore|x64.ActiveCfg = Release|Any CPU
		{BF38805F-B1EE-4226-A195-C7A00D7A18DC}.AppStore|x64.Build.0 = Release|Any CPU
		{BF38805F-B1EE-4226-A195-C7A00D7A18DC}.AppStore|x86.ActiveCfg = Release|Any CPU
		{BF38805F-B1EE-4226-A195-C7A00D7A18DC}.AppStore|x86.Build.0 = Release|Any CPU
		{BF38805F-B1EE-4226-A195-C7A00D7A18DC}.Debug|Any CPU.ActiveCfg = Debug|Any CPU
		{BF38805F-B1EE-4226-A195-C7A00D7A18DC}.Debug|Any CPU.Build.0 = Debug|Any CPU
		{BF38805F-B1EE-4226-A195-C7A00D7A18DC}.Debug|ARM.ActiveCfg = Debug|Any CPU
		{BF38805F-B1EE-4226-A195-C7A00D7A18DC}.Debug|ARM.Build.0 = Debug|Any CPU
		{BF38805F-B1EE-4226-A195-C7A00D7A18DC}.Debug|iPhone.ActiveCfg = Debug|Any CPU
		{BF38805F-B1EE-4226-A195-C7A00D7A18DC}.Debug|iPhone.Build.0 = Debug|Any CPU
		{BF38805F-B1EE-4226-A195-C7A00D7A18DC}.Debug|iPhoneSimulator.ActiveCfg = Debug|Any CPU
		{BF38805F-B1EE-4226-A195-C7A00D7A18DC}.Debug|iPhoneSimulator.Build.0 = Debug|Any CPU
		{BF38805F-B1EE-4226-A195-C7A00D7A18DC}.Debug|Mixed Platforms.ActiveCfg = Debug|Any CPU
		{BF38805F-B1EE-4226-A195-C7A00D7A18DC}.Debug|Mixed Platforms.Build.0 = Debug|Any CPU
		{BF38805F-B1EE-4226-A195-C7A00D7A18DC}.Debug|x64.ActiveCfg = Debug|Any CPU
		{BF38805F-B1EE-4226-A195-C7A00D7A18DC}.Debug|x64.Build.0 = Debug|Any CPU
		{BF38805F-B1EE-4226-A195-C7A00D7A18DC}.Debug|x86.ActiveCfg = Debug|Any CPU
		{BF38805F-B1EE-4226-A195-C7A00D7A18DC}.Debug|x86.Build.0 = Debug|Any CPU
		{BF38805F-B1EE-4226-A195-C7A00D7A18DC}.Release|Any CPU.ActiveCfg = Release|Any CPU
		{BF38805F-B1EE-4226-A195-C7A00D7A18DC}.Release|Any CPU.Build.0 = Release|Any CPU
		{BF38805F-B1EE-4226-A195-C7A00D7A18DC}.Release|ARM.ActiveCfg = Release|Any CPU
		{BF38805F-B1EE-4226-A195-C7A00D7A18DC}.Release|ARM.Build.0 = Release|Any CPU
		{BF38805F-B1EE-4226-A195-C7A00D7A18DC}.Release|iPhone.ActiveCfg = Release|Any CPU
		{BF38805F-B1EE-4226-A195-C7A00D7A18DC}.Release|iPhone.Build.0 = Release|Any CPU
		{BF38805F-B1EE-4226-A195-C7A00D7A18DC}.Release|iPhoneSimulator.ActiveCfg = Release|Any CPU
		{BF38805F-B1EE-4226-A195-C7A00D7A18DC}.Release|iPhoneSimulator.Build.0 = Release|Any CPU
		{BF38805F-B1EE-4226-A195-C7A00D7A18DC}.Release|Mixed Platforms.ActiveCfg = Release|Any CPU
		{BF38805F-B1EE-4226-A195-C7A00D7A18DC}.Release|Mixed Platforms.Build.0 = Release|Any CPU
		{BF38805F-B1EE-4226-A195-C7A00D7A18DC}.Release|x64.ActiveCfg = Release|Any CPU
		{BF38805F-B1EE-4226-A195-C7A00D7A18DC}.Release|x64.Build.0 = Release|Any CPU
		{BF38805F-B1EE-4226-A195-C7A00D7A18DC}.Release|x86.ActiveCfg = Release|Any CPU
		{BF38805F-B1EE-4226-A195-C7A00D7A18DC}.Release|x86.Build.0 = Release|Any CPU
		{8CBBC106-B46F-40F7-BE80-2B1729A5FD4F}.Ad-Hoc|Any CPU.ActiveCfg = Release|Any CPU
		{8CBBC106-B46F-40F7-BE80-2B1729A5FD4F}.Ad-Hoc|Any CPU.Build.0 = Release|Any CPU
		{8CBBC106-B46F-40F7-BE80-2B1729A5FD4F}.Ad-Hoc|ARM.ActiveCfg = Release|Any CPU
		{8CBBC106-B46F-40F7-BE80-2B1729A5FD4F}.Ad-Hoc|ARM.Build.0 = Release|Any CPU
		{8CBBC106-B46F-40F7-BE80-2B1729A5FD4F}.Ad-Hoc|iPhone.ActiveCfg = Release|Any CPU
		{8CBBC106-B46F-40F7-BE80-2B1729A5FD4F}.Ad-Hoc|iPhone.Build.0 = Release|Any CPU
		{8CBBC106-B46F-40F7-BE80-2B1729A5FD4F}.Ad-Hoc|iPhoneSimulator.ActiveCfg = Release|Any CPU
		{8CBBC106-B46F-40F7-BE80-2B1729A5FD4F}.Ad-Hoc|iPhoneSimulator.Build.0 = Release|Any CPU
		{8CBBC106-B46F-40F7-BE80-2B1729A5FD4F}.Ad-Hoc|Mixed Platforms.ActiveCfg = Release|Any CPU
		{8CBBC106-B46F-40F7-BE80-2B1729A5FD4F}.Ad-Hoc|Mixed Platforms.Build.0 = Release|Any CPU
		{8CBBC106-B46F-40F7-BE80-2B1729A5FD4F}.Ad-Hoc|x64.ActiveCfg = Release|Any CPU
		{8CBBC106-B46F-40F7-BE80-2B1729A5FD4F}.Ad-Hoc|x64.Build.0 = Release|Any CPU
		{8CBBC106-B46F-40F7-BE80-2B1729A5FD4F}.Ad-Hoc|x86.ActiveCfg = Release|Any CPU
		{8CBBC106-B46F-40F7-BE80-2B1729A5FD4F}.Ad-Hoc|x86.Build.0 = Release|Any CPU
		{8CBBC106-B46F-40F7-BE80-2B1729A5FD4F}.AppStore|Any CPU.ActiveCfg = Release|Any CPU
		{8CBBC106-B46F-40F7-BE80-2B1729A5FD4F}.AppStore|Any CPU.Build.0 = Release|Any CPU
		{8CBBC106-B46F-40F7-BE80-2B1729A5FD4F}.AppStore|ARM.ActiveCfg = Release|Any CPU
		{8CBBC106-B46F-40F7-BE80-2B1729A5FD4F}.AppStore|ARM.Build.0 = Release|Any CPU
		{8CBBC106-B46F-40F7-BE80-2B1729A5FD4F}.AppStore|iPhone.ActiveCfg = Release|Any CPU
		{8CBBC106-B46F-40F7-BE80-2B1729A5FD4F}.AppStore|iPhone.Build.0 = Release|Any CPU
		{8CBBC106-B46F-40F7-BE80-2B1729A5FD4F}.AppStore|iPhoneSimulator.ActiveCfg = Release|Any CPU
		{8CBBC106-B46F-40F7-BE80-2B1729A5FD4F}.AppStore|iPhoneSimulator.Build.0 = Release|Any CPU
		{8CBBC106-B46F-40F7-BE80-2B1729A5FD4F}.AppStore|Mixed Platforms.ActiveCfg = Release|Any CPU
		{8CBBC106-B46F-40F7-BE80-2B1729A5FD4F}.AppStore|Mixed Platforms.Build.0 = Release|Any CPU
		{8CBBC106-B46F-40F7-BE80-2B1729A5FD4F}.AppStore|x64.ActiveCfg = Release|Any CPU
		{8CBBC106-B46F-40F7-BE80-2B1729A5FD4F}.AppStore|x64.Build.0 = Release|Any CPU
		{8CBBC106-B46F-40F7-BE80-2B1729A5FD4F}.AppStore|x86.ActiveCfg = Release|Any CPU
		{8CBBC106-B46F-40F7-BE80-2B1729A5FD4F}.AppStore|x86.Build.0 = Release|Any CPU
		{8CBBC106-B46F-40F7-BE80-2B1729A5FD4F}.Debug|Any CPU.ActiveCfg = Debug|Any CPU
		{8CBBC106-B46F-40F7-BE80-2B1729A5FD4F}.Debug|Any CPU.Build.0 = Debug|Any CPU
		{8CBBC106-B46F-40F7-BE80-2B1729A5FD4F}.Debug|ARM.ActiveCfg = Debug|Any CPU
		{8CBBC106-B46F-40F7-BE80-2B1729A5FD4F}.Debug|ARM.Build.0 = Debug|Any CPU
		{8CBBC106-B46F-40F7-BE80-2B1729A5FD4F}.Debug|iPhone.ActiveCfg = Debug|Any CPU
		{8CBBC106-B46F-40F7-BE80-2B1729A5FD4F}.Debug|iPhone.Build.0 = Debug|Any CPU
		{8CBBC106-B46F-40F7-BE80-2B1729A5FD4F}.Debug|iPhoneSimulator.ActiveCfg = Debug|Any CPU
		{8CBBC106-B46F-40F7-BE80-2B1729A5FD4F}.Debug|iPhoneSimulator.Build.0 = Debug|Any CPU
		{8CBBC106-B46F-40F7-BE80-2B1729A5FD4F}.Debug|Mixed Platforms.ActiveCfg = Debug|Any CPU
		{8CBBC106-B46F-40F7-BE80-2B1729A5FD4F}.Debug|Mixed Platforms.Build.0 = Debug|Any CPU
		{8CBBC106-B46F-40F7-BE80-2B1729A5FD4F}.Debug|x64.ActiveCfg = Debug|Any CPU
		{8CBBC106-B46F-40F7-BE80-2B1729A5FD4F}.Debug|x64.Build.0 = Debug|Any CPU
		{8CBBC106-B46F-40F7-BE80-2B1729A5FD4F}.Debug|x86.ActiveCfg = Debug|Any CPU
		{8CBBC106-B46F-40F7-BE80-2B1729A5FD4F}.Debug|x86.Build.0 = Debug|Any CPU
		{8CBBC106-B46F-40F7-BE80-2B1729A5FD4F}.Release|Any CPU.ActiveCfg = Release|Any CPU
		{8CBBC106-B46F-40F7-BE80-2B1729A5FD4F}.Release|Any CPU.Build.0 = Release|Any CPU
		{8CBBC106-B46F-40F7-BE80-2B1729A5FD4F}.Release|ARM.ActiveCfg = Release|Any CPU
		{8CBBC106-B46F-40F7-BE80-2B1729A5FD4F}.Release|ARM.Build.0 = Release|Any CPU
		{8CBBC106-B46F-40F7-BE80-2B1729A5FD4F}.Release|iPhone.ActiveCfg = Release|Any CPU
		{8CBBC106-B46F-40F7-BE80-2B1729A5FD4F}.Release|iPhone.Build.0 = Release|Any CPU
		{8CBBC106-B46F-40F7-BE80-2B1729A5FD4F}.Release|iPhoneSimulator.ActiveCfg = Release|Any CPU
		{8CBBC106-B46F-40F7-BE80-2B1729A5FD4F}.Release|iPhoneSimulator.Build.0 = Release|Any CPU
		{8CBBC106-B46F-40F7-BE80-2B1729A5FD4F}.Release|Mixed Platforms.ActiveCfg = Release|Any CPU
		{8CBBC106-B46F-40F7-BE80-2B1729A5FD4F}.Release|Mixed Platforms.Build.0 = Release|Any CPU
		{8CBBC106-B46F-40F7-BE80-2B1729A5FD4F}.Release|x64.ActiveCfg = Release|Any CPU
		{8CBBC106-B46F-40F7-BE80-2B1729A5FD4F}.Release|x64.Build.0 = Release|Any CPU
		{8CBBC106-B46F-40F7-BE80-2B1729A5FD4F}.Release|x86.ActiveCfg = Release|Any CPU
		{8CBBC106-B46F-40F7-BE80-2B1729A5FD4F}.Release|x86.Build.0 = Release|Any CPU
		{F6F39656-DBFA-4F1B-8FFD-8A875428E496}.Ad-Hoc|Any CPU.ActiveCfg = Release|Any CPU
		{F6F39656-DBFA-4F1B-8FFD-8A875428E496}.Ad-Hoc|Any CPU.Build.0 = Release|Any CPU
		{F6F39656-DBFA-4F1B-8FFD-8A875428E496}.Ad-Hoc|ARM.ActiveCfg = Release|Any CPU
		{F6F39656-DBFA-4F1B-8FFD-8A875428E496}.Ad-Hoc|ARM.Build.0 = Release|Any CPU
		{F6F39656-DBFA-4F1B-8FFD-8A875428E496}.Ad-Hoc|iPhone.ActiveCfg = Release|Any CPU
		{F6F39656-DBFA-4F1B-8FFD-8A875428E496}.Ad-Hoc|iPhone.Build.0 = Release|Any CPU
		{F6F39656-DBFA-4F1B-8FFD-8A875428E496}.Ad-Hoc|iPhoneSimulator.ActiveCfg = Release|Any CPU
		{F6F39656-DBFA-4F1B-8FFD-8A875428E496}.Ad-Hoc|iPhoneSimulator.Build.0 = Release|Any CPU
		{F6F39656-DBFA-4F1B-8FFD-8A875428E496}.Ad-Hoc|Mixed Platforms.ActiveCfg = Release|Any CPU
		{F6F39656-DBFA-4F1B-8FFD-8A875428E496}.Ad-Hoc|Mixed Platforms.Build.0 = Release|Any CPU
		{F6F39656-DBFA-4F1B-8FFD-8A875428E496}.Ad-Hoc|x64.ActiveCfg = Release|Any CPU
		{F6F39656-DBFA-4F1B-8FFD-8A875428E496}.Ad-Hoc|x64.Build.0 = Release|Any CPU
		{F6F39656-DBFA-4F1B-8FFD-8A875428E496}.Ad-Hoc|x86.ActiveCfg = Release|Any CPU
		{F6F39656-DBFA-4F1B-8FFD-8A875428E496}.Ad-Hoc|x86.Build.0 = Release|Any CPU
		{F6F39656-DBFA-4F1B-8FFD-8A875428E496}.AppStore|Any CPU.ActiveCfg = Release|Any CPU
		{F6F39656-DBFA-4F1B-8FFD-8A875428E496}.AppStore|Any CPU.Build.0 = Release|Any CPU
		{F6F39656-DBFA-4F1B-8FFD-8A875428E496}.AppStore|ARM.ActiveCfg = Release|Any CPU
		{F6F39656-DBFA-4F1B-8FFD-8A875428E496}.AppStore|ARM.Build.0 = Release|Any CPU
		{F6F39656-DBFA-4F1B-8FFD-8A875428E496}.AppStore|iPhone.ActiveCfg = Release|Any CPU
		{F6F39656-DBFA-4F1B-8FFD-8A875428E496}.AppStore|iPhone.Build.0 = Release|Any CPU
		{F6F39656-DBFA-4F1B-8FFD-8A875428E496}.AppStore|iPhoneSimulator.ActiveCfg = Release|Any CPU
		{F6F39656-DBFA-4F1B-8FFD-8A875428E496}.AppStore|iPhoneSimulator.Build.0 = Release|Any CPU
		{F6F39656-DBFA-4F1B-8FFD-8A875428E496}.AppStore|Mixed Platforms.ActiveCfg = Release|Any CPU
		{F6F39656-DBFA-4F1B-8FFD-8A875428E496}.AppStore|Mixed Platforms.Build.0 = Release|Any CPU
		{F6F39656-DBFA-4F1B-8FFD-8A875428E496}.AppStore|x64.ActiveCfg = Release|Any CPU
		{F6F39656-DBFA-4F1B-8FFD-8A875428E496}.AppStore|x64.Build.0 = Release|Any CPU
		{F6F39656-DBFA-4F1B-8FFD-8A875428E496}.AppStore|x86.ActiveCfg = Release|Any CPU
		{F6F39656-DBFA-4F1B-8FFD-8A875428E496}.AppStore|x86.Build.0 = Release|Any CPU
		{F6F39656-DBFA-4F1B-8FFD-8A875428E496}.Debug|Any CPU.ActiveCfg = Debug|Any CPU
		{F6F39656-DBFA-4F1B-8FFD-8A875428E496}.Debug|Any CPU.Build.0 = Debug|Any CPU
		{F6F39656-DBFA-4F1B-8FFD-8A875428E496}.Debug|ARM.ActiveCfg = Debug|Any CPU
		{F6F39656-DBFA-4F1B-8FFD-8A875428E496}.Debug|ARM.Build.0 = Debug|Any CPU
		{F6F39656-DBFA-4F1B-8FFD-8A875428E496}.Debug|iPhone.ActiveCfg = Debug|Any CPU
		{F6F39656-DBFA-4F1B-8FFD-8A875428E496}.Debug|iPhone.Build.0 = Debug|Any CPU
		{F6F39656-DBFA-4F1B-8FFD-8A875428E496}.Debug|iPhoneSimulator.ActiveCfg = Debug|Any CPU
		{F6F39656-DBFA-4F1B-8FFD-8A875428E496}.Debug|iPhoneSimulator.Build.0 = Debug|Any CPU
		{F6F39656-DBFA-4F1B-8FFD-8A875428E496}.Debug|Mixed Platforms.ActiveCfg = Debug|Any CPU
		{F6F39656-DBFA-4F1B-8FFD-8A875428E496}.Debug|Mixed Platforms.Build.0 = Debug|Any CPU
		{F6F39656-DBFA-4F1B-8FFD-8A875428E496}.Debug|x64.ActiveCfg = Debug|Any CPU
		{F6F39656-DBFA-4F1B-8FFD-8A875428E496}.Debug|x64.Build.0 = Debug|Any CPU
		{F6F39656-DBFA-4F1B-8FFD-8A875428E496}.Debug|x86.ActiveCfg = Debug|Any CPU
		{F6F39656-DBFA-4F1B-8FFD-8A875428E496}.Debug|x86.Build.0 = Debug|Any CPU
		{F6F39656-DBFA-4F1B-8FFD-8A875428E496}.Release|Any CPU.ActiveCfg = Release|Any CPU
		{F6F39656-DBFA-4F1B-8FFD-8A875428E496}.Release|Any CPU.Build.0 = Release|Any CPU
		{F6F39656-DBFA-4F1B-8FFD-8A875428E496}.Release|ARM.ActiveCfg = Release|Any CPU
		{F6F39656-DBFA-4F1B-8FFD-8A875428E496}.Release|ARM.Build.0 = Release|Any CPU
		{F6F39656-DBFA-4F1B-8FFD-8A875428E496}.Release|iPhone.ActiveCfg = Release|Any CPU
		{F6F39656-DBFA-4F1B-8FFD-8A875428E496}.Release|iPhone.Build.0 = Release|Any CPU
		{F6F39656-DBFA-4F1B-8FFD-8A875428E496}.Release|iPhoneSimulator.ActiveCfg = Release|Any CPU
		{F6F39656-DBFA-4F1B-8FFD-8A875428E496}.Release|iPhoneSimulator.Build.0 = Release|Any CPU
		{F6F39656-DBFA-4F1B-8FFD-8A875428E496}.Release|Mixed Platforms.ActiveCfg = Release|Any CPU
		{F6F39656-DBFA-4F1B-8FFD-8A875428E496}.Release|Mixed Platforms.Build.0 = Release|Any CPU
		{F6F39656-DBFA-4F1B-8FFD-8A875428E496}.Release|x64.ActiveCfg = Release|Any CPU
		{F6F39656-DBFA-4F1B-8FFD-8A875428E496}.Release|x64.Build.0 = Release|Any CPU
		{F6F39656-DBFA-4F1B-8FFD-8A875428E496}.Release|x86.ActiveCfg = Release|Any CPU
		{F6F39656-DBFA-4F1B-8FFD-8A875428E496}.Release|x86.Build.0 = Release|Any CPU
		{41E489C8-2FD2-4BB3-BB49-2932AC77E3F7}.Ad-Hoc|Any CPU.ActiveCfg = Release|Any CPU
		{41E489C8-2FD2-4BB3-BB49-2932AC77E3F7}.Ad-Hoc|Any CPU.Build.0 = Release|Any CPU
		{41E489C8-2FD2-4BB3-BB49-2932AC77E3F7}.Ad-Hoc|ARM.ActiveCfg = Release|Any CPU
		{41E489C8-2FD2-4BB3-BB49-2932AC77E3F7}.Ad-Hoc|ARM.Build.0 = Release|Any CPU
		{41E489C8-2FD2-4BB3-BB49-2932AC77E3F7}.Ad-Hoc|iPhone.ActiveCfg = Release|Any CPU
		{41E489C8-2FD2-4BB3-BB49-2932AC77E3F7}.Ad-Hoc|iPhone.Build.0 = Release|Any CPU
		{41E489C8-2FD2-4BB3-BB49-2932AC77E3F7}.Ad-Hoc|iPhoneSimulator.ActiveCfg = Release|Any CPU
		{41E489C8-2FD2-4BB3-BB49-2932AC77E3F7}.Ad-Hoc|iPhoneSimulator.Build.0 = Release|Any CPU
		{41E489C8-2FD2-4BB3-BB49-2932AC77E3F7}.Ad-Hoc|Mixed Platforms.ActiveCfg = Release|Any CPU
		{41E489C8-2FD2-4BB3-BB49-2932AC77E3F7}.Ad-Hoc|Mixed Platforms.Build.0 = Release|Any CPU
		{41E489C8-2FD2-4BB3-BB49-2932AC77E3F7}.Ad-Hoc|x64.ActiveCfg = Release|Any CPU
		{41E489C8-2FD2-4BB3-BB49-2932AC77E3F7}.Ad-Hoc|x64.Build.0 = Release|Any CPU
		{41E489C8-2FD2-4BB3-BB49-2932AC77E3F7}.Ad-Hoc|x86.ActiveCfg = Release|Any CPU
		{41E489C8-2FD2-4BB3-BB49-2932AC77E3F7}.Ad-Hoc|x86.Build.0 = Release|Any CPU
		{41E489C8-2FD2-4BB3-BB49-2932AC77E3F7}.AppStore|Any CPU.ActiveCfg = Release|Any CPU
		{41E489C8-2FD2-4BB3-BB49-2932AC77E3F7}.AppStore|Any CPU.Build.0 = Release|Any CPU
		{41E489C8-2FD2-4BB3-BB49-2932AC77E3F7}.AppStore|ARM.ActiveCfg = Release|Any CPU
		{41E489C8-2FD2-4BB3-BB49-2932AC77E3F7}.AppStore|ARM.Build.0 = Release|Any CPU
		{41E489C8-2FD2-4BB3-BB49-2932AC77E3F7}.AppStore|iPhone.ActiveCfg = Release|Any CPU
		{41E489C8-2FD2-4BB3-BB49-2932AC77E3F7}.AppStore|iPhone.Build.0 = Release|Any CPU
		{41E489C8-2FD2-4BB3-BB49-2932AC77E3F7}.AppStore|iPhoneSimulator.ActiveCfg = Release|Any CPU
		{41E489C8-2FD2-4BB3-BB49-2932AC77E3F7}.AppStore|iPhoneSimulator.Build.0 = Release|Any CPU
		{41E489C8-2FD2-4BB3-BB49-2932AC77E3F7}.AppStore|Mixed Platforms.ActiveCfg = Release|Any CPU
		{41E489C8-2FD2-4BB3-BB49-2932AC77E3F7}.AppStore|Mixed Platforms.Build.0 = Release|Any CPU
		{41E489C8-2FD2-4BB3-BB49-2932AC77E3F7}.AppStore|x64.ActiveCfg = Release|Any CPU
		{41E489C8-2FD2-4BB3-BB49-2932AC77E3F7}.AppStore|x64.Build.0 = Release|Any CPU
		{41E489C8-2FD2-4BB3-BB49-2932AC77E3F7}.AppStore|x86.ActiveCfg = Release|Any CPU
		{41E489C8-2FD2-4BB3-BB49-2932AC77E3F7}.AppStore|x86.Build.0 = Release|Any CPU
		{41E489C8-2FD2-4BB3-BB49-2932AC77E3F7}.Debug|Any CPU.ActiveCfg = Debug|Any CPU
		{41E489C8-2FD2-4BB3-BB49-2932AC77E3F7}.Debug|Any CPU.Build.0 = Debug|Any CPU
		{41E489C8-2FD2-4BB3-BB49-2932AC77E3F7}.Debug|ARM.ActiveCfg = Debug|Any CPU
		{41E489C8-2FD2-4BB3-BB49-2932AC77E3F7}.Debug|ARM.Build.0 = Debug|Any CPU
		{41E489C8-2FD2-4BB3-BB49-2932AC77E3F7}.Debug|iPhone.ActiveCfg = Debug|Any CPU
		{41E489C8-2FD2-4BB3-BB49-2932AC77E3F7}.Debug|iPhone.Build.0 = Debug|Any CPU
		{41E489C8-2FD2-4BB3-BB49-2932AC77E3F7}.Debug|iPhoneSimulator.ActiveCfg = Debug|Any CPU
		{41E489C8-2FD2-4BB3-BB49-2932AC77E3F7}.Debug|iPhoneSimulator.Build.0 = Debug|Any CPU
		{41E489C8-2FD2-4BB3-BB49-2932AC77E3F7}.Debug|Mixed Platforms.ActiveCfg = Debug|Any CPU
		{41E489C8-2FD2-4BB3-BB49-2932AC77E3F7}.Debug|Mixed Platforms.Build.0 = Debug|Any CPU
		{41E489C8-2FD2-4BB3-BB49-2932AC77E3F7}.Debug|x64.ActiveCfg = Debug|Any CPU
		{41E489C8-2FD2-4BB3-BB49-2932AC77E3F7}.Debug|x64.Build.0 = Debug|Any CPU
		{41E489C8-2FD2-4BB3-BB49-2932AC77E3F7}.Debug|x86.ActiveCfg = Debug|Any CPU
		{41E489C8-2FD2-4BB3-BB49-2932AC77E3F7}.Debug|x86.Build.0 = Debug|Any CPU
		{41E489C8-2FD2-4BB3-BB49-2932AC77E3F7}.Release|Any CPU.ActiveCfg = Release|Any CPU
		{41E489C8-2FD2-4BB3-BB49-2932AC77E3F7}.Release|Any CPU.Build.0 = Release|Any CPU
		{41E489C8-2FD2-4BB3-BB49-2932AC77E3F7}.Release|ARM.ActiveCfg = Release|Any CPU
		{41E489C8-2FD2-4BB3-BB49-2932AC77E3F7}.Release|ARM.Build.0 = Release|Any CPU
		{41E489C8-2FD2-4BB3-BB49-2932AC77E3F7}.Release|iPhone.ActiveCfg = Release|Any CPU
		{41E489C8-2FD2-4BB3-BB49-2932AC77E3F7}.Release|iPhone.Build.0 = Release|Any CPU
		{41E489C8-2FD2-4BB3-BB49-2932AC77E3F7}.Release|iPhoneSimulator.ActiveCfg = Release|Any CPU
		{41E489C8-2FD2-4BB3-BB49-2932AC77E3F7}.Release|iPhoneSimulator.Build.0 = Release|Any CPU
		{41E489C8-2FD2-4BB3-BB49-2932AC77E3F7}.Release|Mixed Platforms.ActiveCfg = Release|Any CPU
		{41E489C8-2FD2-4BB3-BB49-2932AC77E3F7}.Release|Mixed Platforms.Build.0 = Release|Any CPU
		{41E489C8-2FD2-4BB3-BB49-2932AC77E3F7}.Release|x64.ActiveCfg = Release|Any CPU
		{41E489C8-2FD2-4BB3-BB49-2932AC77E3F7}.Release|x64.Build.0 = Release|Any CPU
		{41E489C8-2FD2-4BB3-BB49-2932AC77E3F7}.Release|x86.ActiveCfg = Release|Any CPU
		{41E489C8-2FD2-4BB3-BB49-2932AC77E3F7}.Release|x86.Build.0 = Release|Any CPU
		{B26C2E03-55F7-425E-9E33-2A9E0E4F0B54}.Ad-Hoc|Any CPU.ActiveCfg = Release|Any CPU
		{B26C2E03-55F7-425E-9E33-2A9E0E4F0B54}.Ad-Hoc|Any CPU.Build.0 = Release|Any CPU
		{B26C2E03-55F7-425E-9E33-2A9E0E4F0B54}.Ad-Hoc|ARM.ActiveCfg = Release|Any CPU
		{B26C2E03-55F7-425E-9E33-2A9E0E4F0B54}.Ad-Hoc|ARM.Build.0 = Release|Any CPU
		{B26C2E03-55F7-425E-9E33-2A9E0E4F0B54}.Ad-Hoc|iPhone.ActiveCfg = Release|Any CPU
		{B26C2E03-55F7-425E-9E33-2A9E0E4F0B54}.Ad-Hoc|iPhone.Build.0 = Release|Any CPU
		{B26C2E03-55F7-425E-9E33-2A9E0E4F0B54}.Ad-Hoc|iPhoneSimulator.ActiveCfg = Release|Any CPU
		{B26C2E03-55F7-425E-9E33-2A9E0E4F0B54}.Ad-Hoc|iPhoneSimulator.Build.0 = Release|Any CPU
		{B26C2E03-55F7-425E-9E33-2A9E0E4F0B54}.Ad-Hoc|Mixed Platforms.ActiveCfg = Release|Any CPU
		{B26C2E03-55F7-425E-9E33-2A9E0E4F0B54}.Ad-Hoc|Mixed Platforms.Build.0 = Release|Any CPU
		{B26C2E03-55F7-425E-9E33-2A9E0E4F0B54}.Ad-Hoc|x64.ActiveCfg = Release|Any CPU
		{B26C2E03-55F7-425E-9E33-2A9E0E4F0B54}.Ad-Hoc|x64.Build.0 = Release|Any CPU
		{B26C2E03-55F7-425E-9E33-2A9E0E4F0B54}.Ad-Hoc|x86.ActiveCfg = Release|Any CPU
		{B26C2E03-55F7-425E-9E33-2A9E0E4F0B54}.Ad-Hoc|x86.Build.0 = Release|Any CPU
		{B26C2E03-55F7-425E-9E33-2A9E0E4F0B54}.AppStore|Any CPU.ActiveCfg = Release|Any CPU
		{B26C2E03-55F7-425E-9E33-2A9E0E4F0B54}.AppStore|Any CPU.Build.0 = Release|Any CPU
		{B26C2E03-55F7-425E-9E33-2A9E0E4F0B54}.AppStore|ARM.ActiveCfg = Release|Any CPU
		{B26C2E03-55F7-425E-9E33-2A9E0E4F0B54}.AppStore|ARM.Build.0 = Release|Any CPU
		{B26C2E03-55F7-425E-9E33-2A9E0E4F0B54}.AppStore|iPhone.ActiveCfg = Release|Any CPU
		{B26C2E03-55F7-425E-9E33-2A9E0E4F0B54}.AppStore|iPhone.Build.0 = Release|Any CPU
		{B26C2E03-55F7-425E-9E33-2A9E0E4F0B54}.AppStore|iPhoneSimulator.ActiveCfg = Release|Any CPU
		{B26C2E03-55F7-425E-9E33-2A9E0E4F0B54}.AppStore|iPhoneSimulator.Build.0 = Release|Any CPU
		{B26C2E03-55F7-425E-9E33-2A9E0E4F0B54}.AppStore|Mixed Platforms.ActiveCfg = Release|Any CPU
		{B26C2E03-55F7-425E-9E33-2A9E0E4F0B54}.AppStore|Mixed Platforms.Build.0 = Release|Any CPU
		{B26C2E03-55F7-425E-9E33-2A9E0E4F0B54}.AppStore|x64.ActiveCfg = Release|Any CPU
		{B26C2E03-55F7-425E-9E33-2A9E0E4F0B54}.AppStore|x64.Build.0 = Release|Any CPU
		{B26C2E03-55F7-425E-9E33-2A9E0E4F0B54}.AppStore|x86.ActiveCfg = Release|Any CPU
		{B26C2E03-55F7-425E-9E33-2A9E0E4F0B54}.AppStore|x86.Build.0 = Release|Any CPU
		{B26C2E03-55F7-425E-9E33-2A9E0E4F0B54}.Debug|Any CPU.ActiveCfg = Debug|Any CPU
		{B26C2E03-55F7-425E-9E33-2A9E0E4F0B54}.Debug|Any CPU.Build.0 = Debug|Any CPU
		{B26C2E03-55F7-425E-9E33-2A9E0E4F0B54}.Debug|ARM.ActiveCfg = Debug|Any CPU
		{B26C2E03-55F7-425E-9E33-2A9E0E4F0B54}.Debug|ARM.Build.0 = Debug|Any CPU
		{B26C2E03-55F7-425E-9E33-2A9E0E4F0B54}.Debug|iPhone.ActiveCfg = Debug|Any CPU
		{B26C2E03-55F7-425E-9E33-2A9E0E4F0B54}.Debug|iPhone.Build.0 = Debug|Any CPU
		{B26C2E03-55F7-425E-9E33-2A9E0E4F0B54}.Debug|iPhoneSimulator.ActiveCfg = Debug|Any CPU
		{B26C2E03-55F7-425E-9E33-2A9E0E4F0B54}.Debug|iPhoneSimulator.Build.0 = Debug|Any CPU
		{B26C2E03-55F7-425E-9E33-2A9E0E4F0B54}.Debug|Mixed Platforms.ActiveCfg = Debug|Any CPU
		{B26C2E03-55F7-425E-9E33-2A9E0E4F0B54}.Debug|Mixed Platforms.Build.0 = Debug|Any CPU
		{B26C2E03-55F7-425E-9E33-2A9E0E4F0B54}.Debug|x64.ActiveCfg = Debug|Any CPU
		{B26C2E03-55F7-425E-9E33-2A9E0E4F0B54}.Debug|x64.Build.0 = Debug|Any CPU
		{B26C2E03-55F7-425E-9E33-2A9E0E4F0B54}.Debug|x86.ActiveCfg = Debug|Any CPU
		{B26C2E03-55F7-425E-9E33-2A9E0E4F0B54}.Debug|x86.Build.0 = Debug|Any CPU
		{B26C2E03-55F7-425E-9E33-2A9E0E4F0B54}.Release|Any CPU.ActiveCfg = Release|Any CPU
		{B26C2E03-55F7-425E-9E33-2A9E0E4F0B54}.Release|Any CPU.Build.0 = Release|Any CPU
		{B26C2E03-55F7-425E-9E33-2A9E0E4F0B54}.Release|ARM.ActiveCfg = Release|Any CPU
		{B26C2E03-55F7-425E-9E33-2A9E0E4F0B54}.Release|ARM.Build.0 = Release|Any CPU
		{B26C2E03-55F7-425E-9E33-2A9E0E4F0B54}.Release|iPhone.ActiveCfg = Release|Any CPU
		{B26C2E03-55F7-425E-9E33-2A9E0E4F0B54}.Release|iPhone.Build.0 = Release|Any CPU
		{B26C2E03-55F7-425E-9E33-2A9E0E4F0B54}.Release|iPhoneSimulator.ActiveCfg = Release|Any CPU
		{B26C2E03-55F7-425E-9E33-2A9E0E4F0B54}.Release|iPhoneSimulator.Build.0 = Release|Any CPU
		{B26C2E03-55F7-425E-9E33-2A9E0E4F0B54}.Release|Mixed Platforms.ActiveCfg = Release|Any CPU
		{B26C2E03-55F7-425E-9E33-2A9E0E4F0B54}.Release|Mixed Platforms.Build.0 = Release|Any CPU
		{B26C2E03-55F7-425E-9E33-2A9E0E4F0B54}.Release|x64.ActiveCfg = Release|Any CPU
		{B26C2E03-55F7-425E-9E33-2A9E0E4F0B54}.Release|x64.Build.0 = Release|Any CPU
		{B26C2E03-55F7-425E-9E33-2A9E0E4F0B54}.Release|x86.ActiveCfg = Release|Any CPU
		{B26C2E03-55F7-425E-9E33-2A9E0E4F0B54}.Release|x86.Build.0 = Release|Any CPU
		{4A25E283-FB3A-4960-80EE-6D96C525E884}.Ad-Hoc|Any CPU.ActiveCfg = Release|Any CPU
		{4A25E283-FB3A-4960-80EE-6D96C525E884}.Ad-Hoc|Any CPU.Build.0 = Release|Any CPU
		{4A25E283-FB3A-4960-80EE-6D96C525E884}.Ad-Hoc|ARM.ActiveCfg = Release|Any CPU
		{4A25E283-FB3A-4960-80EE-6D96C525E884}.Ad-Hoc|ARM.Build.0 = Release|Any CPU
		{4A25E283-FB3A-4960-80EE-6D96C525E884}.Ad-Hoc|iPhone.ActiveCfg = Release|Any CPU
		{4A25E283-FB3A-4960-80EE-6D96C525E884}.Ad-Hoc|iPhone.Build.0 = Release|Any CPU
		{4A25E283-FB3A-4960-80EE-6D96C525E884}.Ad-Hoc|iPhoneSimulator.ActiveCfg = Release|Any CPU
		{4A25E283-FB3A-4960-80EE-6D96C525E884}.Ad-Hoc|iPhoneSimulator.Build.0 = Release|Any CPU
		{4A25E283-FB3A-4960-80EE-6D96C525E884}.Ad-Hoc|Mixed Platforms.ActiveCfg = Release|Any CPU
		{4A25E283-FB3A-4960-80EE-6D96C525E884}.Ad-Hoc|Mixed Platforms.Build.0 = Release|Any CPU
		{4A25E283-FB3A-4960-80EE-6D96C525E884}.Ad-Hoc|x64.ActiveCfg = Release|Any CPU
		{4A25E283-FB3A-4960-80EE-6D96C525E884}.Ad-Hoc|x64.Build.0 = Release|Any CPU
		{4A25E283-FB3A-4960-80EE-6D96C525E884}.Ad-Hoc|x86.ActiveCfg = Release|Any CPU
		{4A25E283-FB3A-4960-80EE-6D96C525E884}.Ad-Hoc|x86.Build.0 = Release|Any CPU
		{4A25E283-FB3A-4960-80EE-6D96C525E884}.AppStore|Any CPU.ActiveCfg = Release|Any CPU
		{4A25E283-FB3A-4960-80EE-6D96C525E884}.AppStore|Any CPU.Build.0 = Release|Any CPU
		{4A25E283-FB3A-4960-80EE-6D96C525E884}.AppStore|ARM.ActiveCfg = Release|Any CPU
		{4A25E283-FB3A-4960-80EE-6D96C525E884}.AppStore|ARM.Build.0 = Release|Any CPU
		{4A25E283-FB3A-4960-80EE-6D96C525E884}.AppStore|iPhone.ActiveCfg = Release|Any CPU
		{4A25E283-FB3A-4960-80EE-6D96C525E884}.AppStore|iPhone.Build.0 = Release|Any CPU
		{4A25E283-FB3A-4960-80EE-6D96C525E884}.AppStore|iPhoneSimulator.ActiveCfg = Release|Any CPU
		{4A25E283-FB3A-4960-80EE-6D96C525E884}.AppStore|iPhoneSimulator.Build.0 = Release|Any CPU
		{4A25E283-FB3A-4960-80EE-6D96C525E884}.AppStore|Mixed Platforms.ActiveCfg = Release|Any CPU
		{4A25E283-FB3A-4960-80EE-6D96C525E884}.AppStore|Mixed Platforms.Build.0 = Release|Any CPU
		{4A25E283-FB3A-4960-80EE-6D96C525E884}.AppStore|x64.ActiveCfg = Release|Any CPU
		{4A25E283-FB3A-4960-80EE-6D96C525E884}.AppStore|x64.Build.0 = Release|Any CPU
		{4A25E283-FB3A-4960-80EE-6D96C525E884}.AppStore|x86.ActiveCfg = Release|Any CPU
		{4A25E283-FB3A-4960-80EE-6D96C525E884}.AppStore|x86.Build.0 = Release|Any CPU
		{4A25E283-FB3A-4960-80EE-6D96C525E884}.Debug|Any CPU.ActiveCfg = Debug|Any CPU
		{4A25E283-FB3A-4960-80EE-6D96C525E884}.Debug|Any CPU.Build.0 = Debug|Any CPU
		{4A25E283-FB3A-4960-80EE-6D96C525E884}.Debug|ARM.ActiveCfg = Debug|Any CPU
		{4A25E283-FB3A-4960-80EE-6D96C525E884}.Debug|ARM.Build.0 = Debug|Any CPU
		{4A25E283-FB3A-4960-80EE-6D96C525E884}.Debug|iPhone.ActiveCfg = Debug|Any CPU
		{4A25E283-FB3A-4960-80EE-6D96C525E884}.Debug|iPhone.Build.0 = Debug|Any CPU
		{4A25E283-FB3A-4960-80EE-6D96C525E884}.Debug|iPhoneSimulator.ActiveCfg = Debug|Any CPU
		{4A25E283-FB3A-4960-80EE-6D96C525E884}.Debug|iPhoneSimulator.Build.0 = Debug|Any CPU
		{4A25E283-FB3A-4960-80EE-6D96C525E884}.Debug|Mixed Platforms.ActiveCfg = Debug|Any CPU
		{4A25E283-FB3A-4960-80EE-6D96C525E884}.Debug|Mixed Platforms.Build.0 = Debug|Any CPU
		{4A25E283-FB3A-4960-80EE-6D96C525E884}.Debug|x64.ActiveCfg = Debug|Any CPU
		{4A25E283-FB3A-4960-80EE-6D96C525E884}.Debug|x64.Build.0 = Debug|Any CPU
		{4A25E283-FB3A-4960-80EE-6D96C525E884}.Debug|x86.ActiveCfg = Debug|Any CPU
		{4A25E283-FB3A-4960-80EE-6D96C525E884}.Debug|x86.Build.0 = Debug|Any CPU
		{4A25E283-FB3A-4960-80EE-6D96C525E884}.Release|Any CPU.ActiveCfg = Release|Any CPU
		{4A25E283-FB3A-4960-80EE-6D96C525E884}.Release|Any CPU.Build.0 = Release|Any CPU
		{4A25E283-FB3A-4960-80EE-6D96C525E884}.Release|ARM.ActiveCfg = Release|Any CPU
		{4A25E283-FB3A-4960-80EE-6D96C525E884}.Release|ARM.Build.0 = Release|Any CPU
		{4A25E283-FB3A-4960-80EE-6D96C525E884}.Release|iPhone.ActiveCfg = Release|Any CPU
		{4A25E283-FB3A-4960-80EE-6D96C525E884}.Release|iPhone.Build.0 = Release|Any CPU
		{4A25E283-FB3A-4960-80EE-6D96C525E884}.Release|iPhoneSimulator.ActiveCfg = Release|Any CPU
		{4A25E283-FB3A-4960-80EE-6D96C525E884}.Release|iPhoneSimulator.Build.0 = Release|Any CPU
		{4A25E283-FB3A-4960-80EE-6D96C525E884}.Release|Mixed Platforms.ActiveCfg = Release|Any CPU
		{4A25E283-FB3A-4960-80EE-6D96C525E884}.Release|Mixed Platforms.Build.0 = Release|Any CPU
		{4A25E283-FB3A-4960-80EE-6D96C525E884}.Release|x64.ActiveCfg = Release|Any CPU
		{4A25E283-FB3A-4960-80EE-6D96C525E884}.Release|x64.Build.0 = Release|Any CPU
		{4A25E283-FB3A-4960-80EE-6D96C525E884}.Release|x86.ActiveCfg = Release|Any CPU
		{4A25E283-FB3A-4960-80EE-6D96C525E884}.Release|x86.Build.0 = Release|Any CPU
		{E76F6084-9A87-4CFC-A5B2-45752BDF23B2}.Ad-Hoc|Any CPU.ActiveCfg = Release|Any CPU
		{E76F6084-9A87-4CFC-A5B2-45752BDF23B2}.Ad-Hoc|Any CPU.Build.0 = Release|Any CPU
		{E76F6084-9A87-4CFC-A5B2-45752BDF23B2}.Ad-Hoc|ARM.ActiveCfg = Release|Any CPU
		{E76F6084-9A87-4CFC-A5B2-45752BDF23B2}.Ad-Hoc|ARM.Build.0 = Release|Any CPU
		{E76F6084-9A87-4CFC-A5B2-45752BDF23B2}.Ad-Hoc|iPhone.ActiveCfg = Release|Any CPU
		{E76F6084-9A87-4CFC-A5B2-45752BDF23B2}.Ad-Hoc|iPhone.Build.0 = Release|Any CPU
		{E76F6084-9A87-4CFC-A5B2-45752BDF23B2}.Ad-Hoc|iPhoneSimulator.ActiveCfg = Release|Any CPU
		{E76F6084-9A87-4CFC-A5B2-45752BDF23B2}.Ad-Hoc|iPhoneSimulator.Build.0 = Release|Any CPU
		{E76F6084-9A87-4CFC-A5B2-45752BDF23B2}.Ad-Hoc|Mixed Platforms.ActiveCfg = Release|Any CPU
		{E76F6084-9A87-4CFC-A5B2-45752BDF23B2}.Ad-Hoc|Mixed Platforms.Build.0 = Release|Any CPU
		{E76F6084-9A87-4CFC-A5B2-45752BDF23B2}.Ad-Hoc|x64.ActiveCfg = Release|Any CPU
		{E76F6084-9A87-4CFC-A5B2-45752BDF23B2}.Ad-Hoc|x64.Build.0 = Release|Any CPU
		{E76F6084-9A87-4CFC-A5B2-45752BDF23B2}.Ad-Hoc|x86.ActiveCfg = Release|Any CPU
		{E76F6084-9A87-4CFC-A5B2-45752BDF23B2}.Ad-Hoc|x86.Build.0 = Release|Any CPU
		{E76F6084-9A87-4CFC-A5B2-45752BDF23B2}.AppStore|Any CPU.ActiveCfg = Release|Any CPU
		{E76F6084-9A87-4CFC-A5B2-45752BDF23B2}.AppStore|Any CPU.Build.0 = Release|Any CPU
		{E76F6084-9A87-4CFC-A5B2-45752BDF23B2}.AppStore|ARM.ActiveCfg = Release|Any CPU
		{E76F6084-9A87-4CFC-A5B2-45752BDF23B2}.AppStore|ARM.Build.0 = Release|Any CPU
		{E76F6084-9A87-4CFC-A5B2-45752BDF23B2}.AppStore|iPhone.ActiveCfg = Release|Any CPU
		{E76F6084-9A87-4CFC-A5B2-45752BDF23B2}.AppStore|iPhone.Build.0 = Release|Any CPU
		{E76F6084-9A87-4CFC-A5B2-45752BDF23B2}.AppStore|iPhoneSimulator.ActiveCfg = Release|Any CPU
		{E76F6084-9A87-4CFC-A5B2-45752BDF23B2}.AppStore|iPhoneSimulator.Build.0 = Release|Any CPU
		{E76F6084-9A87-4CFC-A5B2-45752BDF23B2}.AppStore|Mixed Platforms.ActiveCfg = Release|Any CPU
		{E76F6084-9A87-4CFC-A5B2-45752BDF23B2}.AppStore|Mixed Platforms.Build.0 = Release|Any CPU
		{E76F6084-9A87-4CFC-A5B2-45752BDF23B2}.AppStore|x64.ActiveCfg = Release|Any CPU
		{E76F6084-9A87-4CFC-A5B2-45752BDF23B2}.AppStore|x64.Build.0 = Release|Any CPU
		{E76F6084-9A87-4CFC-A5B2-45752BDF23B2}.AppStore|x86.ActiveCfg = Release|Any CPU
		{E76F6084-9A87-4CFC-A5B2-45752BDF23B2}.AppStore|x86.Build.0 = Release|Any CPU
		{E76F6084-9A87-4CFC-A5B2-45752BDF23B2}.Debug|Any CPU.ActiveCfg = Debug|Any CPU
		{E76F6084-9A87-4CFC-A5B2-45752BDF23B2}.Debug|Any CPU.Build.0 = Debug|Any CPU
		{E76F6084-9A87-4CFC-A5B2-45752BDF23B2}.Debug|ARM.ActiveCfg = Debug|Any CPU
		{E76F6084-9A87-4CFC-A5B2-45752BDF23B2}.Debug|ARM.Build.0 = Debug|Any CPU
		{E76F6084-9A87-4CFC-A5B2-45752BDF23B2}.Debug|iPhone.ActiveCfg = Debug|Any CPU
		{E76F6084-9A87-4CFC-A5B2-45752BDF23B2}.Debug|iPhone.Build.0 = Debug|Any CPU
		{E76F6084-9A87-4CFC-A5B2-45752BDF23B2}.Debug|iPhoneSimulator.ActiveCfg = Debug|Any CPU
		{E76F6084-9A87-4CFC-A5B2-45752BDF23B2}.Debug|iPhoneSimulator.Build.0 = Debug|Any CPU
		{E76F6084-9A87-4CFC-A5B2-45752BDF23B2}.Debug|Mixed Platforms.ActiveCfg = Debug|Any CPU
		{E76F6084-9A87-4CFC-A5B2-45752BDF23B2}.Debug|Mixed Platforms.Build.0 = Debug|Any CPU
		{E76F6084-9A87-4CFC-A5B2-45752BDF23B2}.Debug|x64.ActiveCfg = Debug|Any CPU
		{E76F6084-9A87-4CFC-A5B2-45752BDF23B2}.Debug|x64.Build.0 = Debug|Any CPU
		{E76F6084-9A87-4CFC-A5B2-45752BDF23B2}.Debug|x86.ActiveCfg = Debug|Any CPU
		{E76F6084-9A87-4CFC-A5B2-45752BDF23B2}.Debug|x86.Build.0 = Debug|Any CPU
		{E76F6084-9A87-4CFC-A5B2-45752BDF23B2}.Release|Any CPU.ActiveCfg = Release|Any CPU
		{E76F6084-9A87-4CFC-A5B2-45752BDF23B2}.Release|Any CPU.Build.0 = Release|Any CPU
		{E76F6084-9A87-4CFC-A5B2-45752BDF23B2}.Release|ARM.ActiveCfg = Release|Any CPU
		{E76F6084-9A87-4CFC-A5B2-45752BDF23B2}.Release|ARM.Build.0 = Release|Any CPU
		{E76F6084-9A87-4CFC-A5B2-45752BDF23B2}.Release|iPhone.ActiveCfg = Release|Any CPU
		{E76F6084-9A87-4CFC-A5B2-45752BDF23B2}.Release|iPhone.Build.0 = Release|Any CPU
		{E76F6084-9A87-4CFC-A5B2-45752BDF23B2}.Release|iPhoneSimulator.ActiveCfg = Release|Any CPU
		{E76F6084-9A87-4CFC-A5B2-45752BDF23B2}.Release|iPhoneSimulator.Build.0 = Release|Any CPU
		{E76F6084-9A87-4CFC-A5B2-45752BDF23B2}.Release|Mixed Platforms.ActiveCfg = Release|Any CPU
		{E76F6084-9A87-4CFC-A5B2-45752BDF23B2}.Release|Mixed Platforms.Build.0 = Release|Any CPU
		{E76F6084-9A87-4CFC-A5B2-45752BDF23B2}.Release|x64.ActiveCfg = Release|Any CPU
		{E76F6084-9A87-4CFC-A5B2-45752BDF23B2}.Release|x64.Build.0 = Release|Any CPU
		{E76F6084-9A87-4CFC-A5B2-45752BDF23B2}.Release|x86.ActiveCfg = Release|Any CPU
		{E76F6084-9A87-4CFC-A5B2-45752BDF23B2}.Release|x86.Build.0 = Release|Any CPU
		{4D1462E2-5698-464C-8F44-A78DEB900091}.Ad-Hoc|Any CPU.ActiveCfg = Release|Any CPU
		{4D1462E2-5698-464C-8F44-A78DEB900091}.Ad-Hoc|Any CPU.Build.0 = Release|Any CPU
		{4D1462E2-5698-464C-8F44-A78DEB900091}.Ad-Hoc|ARM.ActiveCfg = Release|Any CPU
		{4D1462E2-5698-464C-8F44-A78DEB900091}.Ad-Hoc|ARM.Build.0 = Release|Any CPU
		{4D1462E2-5698-464C-8F44-A78DEB900091}.Ad-Hoc|iPhone.ActiveCfg = Release|Any CPU
		{4D1462E2-5698-464C-8F44-A78DEB900091}.Ad-Hoc|iPhone.Build.0 = Release|Any CPU
		{4D1462E2-5698-464C-8F44-A78DEB900091}.Ad-Hoc|iPhoneSimulator.ActiveCfg = Release|Any CPU
		{4D1462E2-5698-464C-8F44-A78DEB900091}.Ad-Hoc|iPhoneSimulator.Build.0 = Release|Any CPU
		{4D1462E2-5698-464C-8F44-A78DEB900091}.Ad-Hoc|Mixed Platforms.ActiveCfg = Release|Any CPU
		{4D1462E2-5698-464C-8F44-A78DEB900091}.Ad-Hoc|Mixed Platforms.Build.0 = Release|Any CPU
		{4D1462E2-5698-464C-8F44-A78DEB900091}.Ad-Hoc|x64.ActiveCfg = Release|Any CPU
		{4D1462E2-5698-464C-8F44-A78DEB900091}.Ad-Hoc|x64.Build.0 = Release|Any CPU
		{4D1462E2-5698-464C-8F44-A78DEB900091}.Ad-Hoc|x86.ActiveCfg = Release|Any CPU
		{4D1462E2-5698-464C-8F44-A78DEB900091}.Ad-Hoc|x86.Build.0 = Release|Any CPU
		{4D1462E2-5698-464C-8F44-A78DEB900091}.AppStore|Any CPU.ActiveCfg = Release|Any CPU
		{4D1462E2-5698-464C-8F44-A78DEB900091}.AppStore|Any CPU.Build.0 = Release|Any CPU
		{4D1462E2-5698-464C-8F44-A78DEB900091}.AppStore|ARM.ActiveCfg = Release|Any CPU
		{4D1462E2-5698-464C-8F44-A78DEB900091}.AppStore|ARM.Build.0 = Release|Any CPU
		{4D1462E2-5698-464C-8F44-A78DEB900091}.AppStore|iPhone.ActiveCfg = Release|Any CPU
		{4D1462E2-5698-464C-8F44-A78DEB900091}.AppStore|iPhone.Build.0 = Release|Any CPU
		{4D1462E2-5698-464C-8F44-A78DEB900091}.AppStore|iPhoneSimulator.ActiveCfg = Release|Any CPU
		{4D1462E2-5698-464C-8F44-A78DEB900091}.AppStore|iPhoneSimulator.Build.0 = Release|Any CPU
		{4D1462E2-5698-464C-8F44-A78DEB900091}.AppStore|Mixed Platforms.ActiveCfg = Release|Any CPU
		{4D1462E2-5698-464C-8F44-A78DEB900091}.AppStore|Mixed Platforms.Build.0 = Release|Any CPU
		{4D1462E2-5698-464C-8F44-A78DEB900091}.AppStore|x64.ActiveCfg = Release|Any CPU
		{4D1462E2-5698-464C-8F44-A78DEB900091}.AppStore|x64.Build.0 = Release|Any CPU
		{4D1462E2-5698-464C-8F44-A78DEB900091}.AppStore|x86.ActiveCfg = Release|Any CPU
		{4D1462E2-5698-464C-8F44-A78DEB900091}.AppStore|x86.Build.0 = Release|Any CPU
		{4D1462E2-5698-464C-8F44-A78DEB900091}.Debug|Any CPU.ActiveCfg = Debug|Any CPU
		{4D1462E2-5698-464C-8F44-A78DEB900091}.Debug|Any CPU.Build.0 = Debug|Any CPU
		{4D1462E2-5698-464C-8F44-A78DEB900091}.Debug|ARM.ActiveCfg = Debug|Any CPU
		{4D1462E2-5698-464C-8F44-A78DEB900091}.Debug|ARM.Build.0 = Debug|Any CPU
		{4D1462E2-5698-464C-8F44-A78DEB900091}.Debug|iPhone.ActiveCfg = Debug|Any CPU
		{4D1462E2-5698-464C-8F44-A78DEB900091}.Debug|iPhone.Build.0 = Debug|Any CPU
		{4D1462E2-5698-464C-8F44-A78DEB900091}.Debug|iPhoneSimulator.ActiveCfg = Debug|Any CPU
		{4D1462E2-5698-464C-8F44-A78DEB900091}.Debug|iPhoneSimulator.Build.0 = Debug|Any CPU
		{4D1462E2-5698-464C-8F44-A78DEB900091}.Debug|Mixed Platforms.ActiveCfg = Debug|Any CPU
		{4D1462E2-5698-464C-8F44-A78DEB900091}.Debug|Mixed Platforms.Build.0 = Debug|Any CPU
		{4D1462E2-5698-464C-8F44-A78DEB900091}.Debug|x64.ActiveCfg = Debug|Any CPU
		{4D1462E2-5698-464C-8F44-A78DEB900091}.Debug|x64.Build.0 = Debug|Any CPU
		{4D1462E2-5698-464C-8F44-A78DEB900091}.Debug|x86.ActiveCfg = Debug|Any CPU
		{4D1462E2-5698-464C-8F44-A78DEB900091}.Debug|x86.Build.0 = Debug|Any CPU
		{4D1462E2-5698-464C-8F44-A78DEB900091}.Release|Any CPU.ActiveCfg = Release|Any CPU
		{4D1462E2-5698-464C-8F44-A78DEB900091}.Release|Any CPU.Build.0 = Release|Any CPU
		{4D1462E2-5698-464C-8F44-A78DEB900091}.Release|ARM.ActiveCfg = Release|Any CPU
		{4D1462E2-5698-464C-8F44-A78DEB900091}.Release|ARM.Build.0 = Release|Any CPU
		{4D1462E2-5698-464C-8F44-A78DEB900091}.Release|iPhone.ActiveCfg = Release|Any CPU
		{4D1462E2-5698-464C-8F44-A78DEB900091}.Release|iPhone.Build.0 = Release|Any CPU
		{4D1462E2-5698-464C-8F44-A78DEB900091}.Release|iPhoneSimulator.ActiveCfg = Release|Any CPU
		{4D1462E2-5698-464C-8F44-A78DEB900091}.Release|iPhoneSimulator.Build.0 = Release|Any CPU
		{4D1462E2-5698-464C-8F44-A78DEB900091}.Release|Mixed Platforms.ActiveCfg = Release|Any CPU
		{4D1462E2-5698-464C-8F44-A78DEB900091}.Release|Mixed Platforms.Build.0 = Release|Any CPU
		{4D1462E2-5698-464C-8F44-A78DEB900091}.Release|x64.ActiveCfg = Release|Any CPU
		{4D1462E2-5698-464C-8F44-A78DEB900091}.Release|x64.Build.0 = Release|Any CPU
		{4D1462E2-5698-464C-8F44-A78DEB900091}.Release|x86.ActiveCfg = Release|Any CPU
		{4D1462E2-5698-464C-8F44-A78DEB900091}.Release|x86.Build.0 = Release|Any CPU
	EndGlobalSection
	GlobalSection(SolutionProperties) = preSolution
		HideSolutionNode = FALSE
	EndGlobalSection
	GlobalSection(NestedProjects) = preSolution
		{648DD0F9-FAE2-4BB5-8CC1-865EB7A9A1F7} = {B0D388F9-E055-4BBA-B108-32E992300DA1}
		{F83B7F66-7485-41FC-A3B1-ECFA2E96F57B} = {B0D388F9-E055-4BBA-B108-32E992300DA1}
		{46FF2634-96B2-44A2-A66B-5267F7667D18} = {AB1DAD34-2613-4516-B631-63D38C4CEB64}
		{DFDB0258-FDC0-4C1A-8C92-D0224A0DAD59} = {BB637A71-E53F-4D7D-9704-2DA446BB05AA}
		{67F9D3A8-F71E-4428-913F-C37AE82CDB24} = {E725F374-0632-4E5C-8DDD-7293FF7DFA35}
		{F65CEEDD-6816-4A5B-B72B-92AC7ED0A413} = {E725F374-0632-4E5C-8DDD-7293FF7DFA35}
		{A8276381-B3A8-44D3-8E3D-30D73856064F} = {B0D388F9-E055-4BBA-B108-32E992300DA1}
		{BDD854EA-727D-4332-834D-7AC4C004914E} = {9ACC1A61-64A8-4B46-877C-0454869CCC04}
		{92F76D05-5E32-41E5-B90D-8956BF53126D} = {B0D388F9-E055-4BBA-B108-32E992300DA1}
		{BAD8133F-88AB-400F-9F67-12B5C43A04AA} = {9ACC1A61-64A8-4B46-877C-0454869CCC04}
		{FCF970EE-FDBB-4623-9F0E-EC1CE9F53CD0} = {15D80E4E-DA32-4D58-BB94-C1F217C6BD84}
		{C1D6FFF4-6373-49F0-A8EE-1675C700A3BE} = {15D80E4E-DA32-4D58-BB94-C1F217C6BD84}
		{31518788-BA49-43C2-8F74-B70B9B5B0E57} = {15D80E4E-DA32-4D58-BB94-C1F217C6BD84}
		{6B9104A0-8264-4088-826E-291A2696B90C} = {FCF970EE-FDBB-4623-9F0E-EC1CE9F53CD0}
		{E1996A01-CE7E-48B1-A4EB-0B5CA839DA77} = {31518788-BA49-43C2-8F74-B70B9B5B0E57}
		{732661B6-2A27-488A-B5B1-EA2F2D575139} = {31518788-BA49-43C2-8F74-B70B9B5B0E57}
		{BF38805F-B1EE-4226-A195-C7A00D7A18DC} = {31518788-BA49-43C2-8F74-B70B9B5B0E57}
		{8CBBC106-B46F-40F7-BE80-2B1729A5FD4F} = {31518788-BA49-43C2-8F74-B70B9B5B0E57}
		{F6F39656-DBFA-4F1B-8FFD-8A875428E496} = {F65CEEDD-6816-4A5B-B72B-92AC7ED0A413}
		{7F2B8309-76A0-4564-8E94-807102BB54DE} = {31518788-BA49-43C2-8F74-B70B9B5B0E57}
		{FB3C696D-C8BF-4CE5-BCBC-BB4BD4E6BB01} = {31518788-BA49-43C2-8F74-B70B9B5B0E57}
		{93239E16-0375-4789-88E5-9F0740598699} = {31518788-BA49-43C2-8F74-B70B9B5B0E57}
		{82B242A2-E367-41DC-92D0-7159CFA917C0} = {31518788-BA49-43C2-8F74-B70B9B5B0E57}
		{41E489C8-2FD2-4BB3-BB49-2932AC77E3F7} = {31518788-BA49-43C2-8F74-B70B9B5B0E57}
		{B26C2E03-55F7-425E-9E33-2A9E0E4F0B54} = {31518788-BA49-43C2-8F74-B70B9B5B0E57}
		{4A25E283-FB3A-4960-80EE-6D96C525E884} = {FCF970EE-FDBB-4623-9F0E-EC1CE9F53CD0}
		{E76F6084-9A87-4CFC-A5B2-45752BDF23B2} = {E725F374-0632-4E5C-8DDD-7293FF7DFA35}
		{4D1462E2-5698-464C-8F44-A78DEB900091} = {E725F374-0632-4E5C-8DDD-7293FF7DFA35}
	EndGlobalSection
EndGlobal
