
Microsoft Visual Studio Solution File, Format Version 12.00
# Visual Studio 14
VisualStudioVersion = 14.0.24720.0
MinimumVisualStudioVersion = 10.0.40219.1
Project("{FAE04EC0-301F-11D3-BF4B-00C04F79EFBC}") = "Chat.Esperance.Paperview.Droid", "Chat.Esperance.Paperview\Chat.Esperance.Paperview.Droid\Chat.Esperance.Paperview.Droid.csproj", "{648DD0F9-FAE2-4BB5-8CC1-865EB7A9A1F7}"
EndProject
Project("{FAE04EC0-301F-11D3-BF4B-00C04F79EFBC}") = "Chat.Esperance.Paperview.iOS", "Chat.Esperance.Paperview\Chat.Esperance.Paperview.iOS\Chat.Esperance.Paperview.iOS.csproj", "{F83B7F66-7485-41FC-A3B1-ECFA2E96F57B}"
EndProject
Project("{FAE04EC0-301F-11D3-BF4B-00C04F79EFBC}") = "Chat.Esperance.Paperview", "Chat.Esperance.Paperview\Chat.Esperance.Paperview\Chat.Esperance.Paperview.csproj", "{46FF2634-96B2-44A2-A66B-5267F7667D18}"
EndProject
Project("{2150E333-8FDC-42A3-9474-1A3956D46DE8}") = "Native", "Native", "{B0D388F9-E055-4BBA-B108-32E992300DA1}"
EndProject
Project("{2150E333-8FDC-42A3-9474-1A3956D46DE8}") = "SDK", "SDK", "{E725F374-0632-4E5C-8DDD-7293FF7DFA35}"
EndProject
Project("{2150E333-8FDC-42A3-9474-1A3956D46DE8}") = "UI", "UI", "{AB1DAD34-2613-4516-B631-63D38C4CEB64}"
EndProject
Project("{2150E333-8FDC-42A3-9474-1A3956D46DE8}") = "Tests", "Tests", "{BB637A71-E53F-4D7D-9704-2DA446BB05AA}"
EndProject
Project("{FAE04EC0-301F-11D3-BF4B-00C04F79EFBC}") = "Chat.Esperance.PaperviewTests", "Chat.Esperance.PaperviewTests\Chat.Esperance.PaperviewTests.csproj", "{DFDB0258-FDC0-4C1A-8C92-D0224A0DAD59}"
EndProject
Project("{FAE04EC0-301F-11D3-BF4B-00C04F79EFBC}") = "Chat.Esperance.Paperview.Core", "Chat.Esperance.Paperview.Core\Chat.Esperance.Paperview.Core.csproj", "{67F9D3A8-F71E-4428-913F-C37AE82CDB24}"
EndProject
Project("{2150E333-8FDC-42A3-9474-1A3956D46DE8}") = "Microformats", "Microformats", "{F65CEEDD-6816-4A5B-B72B-92AC7ED0A413}"
EndProject
Project("{FAE04EC0-301F-11D3-BF4B-00C04F79EFBC}") = "Paperview.Interfaces", "Paperview.Interfaces\Paperview.Interfaces.csproj", "{A51BBDD3-05B0-4B7E-BEDD-359CCAFF968D}"
EndProject
Project("{FAE04EC0-301F-11D3-BF4B-00C04F79EFBC}") = "Paperview.Microformats.B9889DB4-9D9A-4857-841B-CD5EB8E72FF0", "Paperview.Microformats.B9889DB4-9D9A-4857-841B-CD5EB8E72FF0\Paperview.Microformats.B9889DB4-9D9A-4857-841B-CD5EB8E72FF0.csproj", "{54451A55-31ED-491B-A5CC-BBC6A15D2F7E}"
EndProject
Project("{D954291E-2A0B-460D-934E-DC6B0785DB48}") = "Chat.Esperance.Paperview.Shared", "Chat.Esperance.Paperview.Shared\Chat.Esperance.Paperview.Shared.shproj", "{A8276381-B3A8-44D3-8E3D-30D73856064F}"
EndProject
Project("{2150E333-8FDC-42A3-9474-1A3956D46DE8}") = "API", "API", "{9ACC1A61-64A8-4B46-877C-0454869CCC04}"
EndProject
Project("{FAE04EC0-301F-11D3-BF4B-00C04F79EFBC}") = "Chat.Esperance.PaperviewApi", "Chat.Esperance.PaperviewApi\Chat.Esperance.PaperviewApi.csproj", "{BDD854EA-727D-4332-834D-7AC4C004914E}"
EndProject
Project("{2150E333-8FDC-42A3-9474-1A3956D46DE8}") = "Microformats", "Microformats", "{A5134007-AC62-45E6-BF6E-51585D4E7D0C}"
EndProject
Project("{FAE04EC0-301F-11D3-BF4B-00C04F79EFBC}") = "Chat.Esperance.Paperview.UWP", "Chat.Esperance.Paperview\Chat.Esperance.Paperview.UWP\Chat.Esperance.Paperview.UWP.csproj", "{92F76D05-5E32-41E5-B90D-8956BF53126D}"
EndProject
Project("{FAE04EC0-301F-11D3-BF4B-00C04F79EFBC}") = "Chat.Esperance.PaperviewApi.Interfaces", "Chat.Esperance.PaperviewApi.Interfaces\Chat.Esperance.PaperviewApi.Interfaces.csproj", "{BAD8133F-88AB-400F-9F67-12B5C43A04AA}"
EndProject
Global
	GlobalSection(SharedMSBuildProjectFiles) = preSolution
		Chat.Esperance.Paperview.Shared\Chat.Esperance.Paperview.Shared.projitems*{648dd0f9-fae2-4bb5-8cc1-865eb7a9a1f7}*SharedItemsImports = 4
		Chat.Esperance.Paperview.Shared\Chat.Esperance.Paperview.Shared.projitems*{a8276381-b3a8-44d3-8e3d-30d73856064f}*SharedItemsImports = 13
		Chat.Esperance.Paperview.Shared\Chat.Esperance.Paperview.Shared.projitems*{92f76d05-5e32-41e5-b90d-8956bf53126d}*SharedItemsImports = 4
		Chat.Esperance.Paperview.Shared\Chat.Esperance.Paperview.Shared.projitems*{f83b7f66-7485-41fc-a3b1-ecfa2e96f57b}*SharedItemsImports = 4
	EndGlobalSection
	GlobalSection(SolutionConfigurationPlatforms) = preSolution
		Ad-Hoc|Any CPU = Ad-Hoc|Any CPU
		Ad-Hoc|ARM = Ad-Hoc|ARM
		Ad-Hoc|iPhone = Ad-Hoc|iPhone
		Ad-Hoc|iPhoneSimulator = Ad-Hoc|iPhoneSimulator
		Ad-Hoc|Mixed Platforms = Ad-Hoc|Mixed Platforms
		Ad-Hoc|x64 = Ad-Hoc|x64
		Ad-Hoc|x86 = Ad-Hoc|x86
		AppStore|Any CPU = AppStore|Any CPU
		AppStore|ARM = AppStore|ARM
		AppStore|iPhone = AppStore|iPhone
		AppStore|iPhoneSimulator = AppStore|iPhoneSimulator
		AppStore|Mixed Platforms = AppStore|Mixed Platforms
		AppStore|x64 = AppStore|x64
		AppStore|x86 = AppStore|x86
		Debug|Any CPU = Debug|Any CPU
		Debug|ARM = Debug|ARM
		Debug|iPhone = Debug|iPhone
		Debug|iPhoneSimulator = Debug|iPhoneSimulator
		Debug|Mixed Platforms = Debug|Mixed Platforms
		Debug|x64 = Debug|x64
		Debug|x86 = Debug|x86
		Release|Any CPU = Release|Any CPU
		Release|ARM = Release|ARM
		Release|iPhone = Release|iPhone
		Release|iPhoneSimulator = Release|iPhoneSimulator
		Release|Mixed Platforms = Release|Mixed Platforms
		Release|x64 = Release|x64
		Release|x86 = Release|x86
	EndGlobalSection
	GlobalSection(ProjectConfigurationPlatforms) = postSolution
		{648DD0F9-FAE2-4BB5-8CC1-865EB7A9A1F7}.Ad-Hoc|Any CPU.ActiveCfg = Release|Any CPU
		{648DD0F9-FAE2-4BB5-8CC1-865EB7A9A1F7}.Ad-Hoc|Any CPU.Build.0 = Release|Any CPU
		{648DD0F9-FAE2-4BB5-8CC1-865EB7A9A1F7}.Ad-Hoc|Any CPU.Deploy.0 = Release|Any CPU
		{648DD0F9-FAE2-4BB5-8CC1-865EB7A9A1F7}.Ad-Hoc|ARM.ActiveCfg = Debug|Any CPU
		{648DD0F9-FAE2-4BB5-8CC1-865EB7A9A1F7}.Ad-Hoc|iPhone.ActiveCfg = Release|Any CPU
		{648DD0F9-FAE2-4BB5-8CC1-865EB7A9A1F7}.Ad-Hoc|iPhone.Build.0 = Release|Any CPU
		{648DD0F9-FAE2-4BB5-8CC1-865EB7A9A1F7}.Ad-Hoc|iPhone.Deploy.0 = Release|Any CPU
		{648DD0F9-FAE2-4BB5-8CC1-865EB7A9A1F7}.Ad-Hoc|iPhoneSimulator.ActiveCfg = Release|Any CPU
		{648DD0F9-FAE2-4BB5-8CC1-865EB7A9A1F7}.Ad-Hoc|iPhoneSimulator.Build.0 = Release|Any CPU
		{648DD0F9-FAE2-4BB5-8CC1-865EB7A9A1F7}.Ad-Hoc|iPhoneSimulator.Deploy.0 = Release|Any CPU
		{648DD0F9-FAE2-4BB5-8CC1-865EB7A9A1F7}.Ad-Hoc|Mixed Platforms.ActiveCfg = Debug|Any CPU
		{648DD0F9-FAE2-4BB5-8CC1-865EB7A9A1F7}.Ad-Hoc|Mixed Platforms.Build.0 = Debug|Any CPU
		{648DD0F9-FAE2-4BB5-8CC1-865EB7A9A1F7}.Ad-Hoc|Mixed Platforms.Deploy.0 = Debug|Any CPU
		{648DD0F9-FAE2-4BB5-8CC1-865EB7A9A1F7}.Ad-Hoc|x64.ActiveCfg = Debug|Any CPU
		{648DD0F9-FAE2-4BB5-8CC1-865EB7A9A1F7}.Ad-Hoc|x64.Build.0 = Debug|Any CPU
		{648DD0F9-FAE2-4BB5-8CC1-865EB7A9A1F7}.Ad-Hoc|x64.Deploy.0 = Debug|Any CPU
		{648DD0F9-FAE2-4BB5-8CC1-865EB7A9A1F7}.Ad-Hoc|x86.ActiveCfg = Debug|Any CPU
		{648DD0F9-FAE2-4BB5-8CC1-865EB7A9A1F7}.AppStore|Any CPU.ActiveCfg = Release|Any CPU
		{648DD0F9-FAE2-4BB5-8CC1-865EB7A9A1F7}.AppStore|Any CPU.Build.0 = Release|Any CPU
		{648DD0F9-FAE2-4BB5-8CC1-865EB7A9A1F7}.AppStore|Any CPU.Deploy.0 = Release|Any CPU
		{648DD0F9-FAE2-4BB5-8CC1-865EB7A9A1F7}.AppStore|ARM.ActiveCfg = Debug|Any CPU
		{648DD0F9-FAE2-4BB5-8CC1-865EB7A9A1F7}.AppStore|iPhone.ActiveCfg = Release|Any CPU
		{648DD0F9-FAE2-4BB5-8CC1-865EB7A9A1F7}.AppStore|iPhone.Build.0 = Release|Any CPU
		{648DD0F9-FAE2-4BB5-8CC1-865EB7A9A1F7}.AppStore|iPhone.Deploy.0 = Release|Any CPU
		{648DD0F9-FAE2-4BB5-8CC1-865EB7A9A1F7}.AppStore|iPhoneSimulator.ActiveCfg = Release|Any CPU
		{648DD0F9-FAE2-4BB5-8CC1-865EB7A9A1F7}.AppStore|iPhoneSimulator.Build.0 = Release|Any CPU
		{648DD0F9-FAE2-4BB5-8CC1-865EB7A9A1F7}.AppStore|iPhoneSimulator.Deploy.0 = Release|Any CPU
		{648DD0F9-FAE2-4BB5-8CC1-865EB7A9A1F7}.AppStore|Mixed Platforms.ActiveCfg = Debug|Any CPU
		{648DD0F9-FAE2-4BB5-8CC1-865EB7A9A1F7}.AppStore|Mixed Platforms.Build.0 = Debug|Any CPU
		{648DD0F9-FAE2-4BB5-8CC1-865EB7A9A1F7}.AppStore|Mixed Platforms.Deploy.0 = Debug|Any CPU
		{648DD0F9-FAE2-4BB5-8CC1-865EB7A9A1F7}.AppStore|x64.ActiveCfg = Debug|Any CPU
		{648DD0F9-FAE2-4BB5-8CC1-865EB7A9A1F7}.AppStore|x64.Build.0 = Debug|Any CPU
		{648DD0F9-FAE2-4BB5-8CC1-865EB7A9A1F7}.AppStore|x64.Deploy.0 = Debug|Any CPU
		{648DD0F9-FAE2-4BB5-8CC1-865EB7A9A1F7}.AppStore|x86.ActiveCfg = Debug|Any CPU
		{648DD0F9-FAE2-4BB5-8CC1-865EB7A9A1F7}.Debug|Any CPU.ActiveCfg = Debug|Any CPU
		{648DD0F9-FAE2-4BB5-8CC1-865EB7A9A1F7}.Debug|Any CPU.Build.0 = Debug|Any CPU
		{648DD0F9-FAE2-4BB5-8CC1-865EB7A9A1F7}.Debug|Any CPU.Deploy.0 = Debug|Any CPU
		{648DD0F9-FAE2-4BB5-8CC1-865EB7A9A1F7}.Debug|ARM.ActiveCfg = Debug|Any CPU
		{648DD0F9-FAE2-4BB5-8CC1-865EB7A9A1F7}.Debug|iPhone.ActiveCfg = Debug|Any CPU
		{648DD0F9-FAE2-4BB5-8CC1-865EB7A9A1F7}.Debug|iPhone.Build.0 = Debug|Any CPU
		{648DD0F9-FAE2-4BB5-8CC1-865EB7A9A1F7}.Debug|iPhone.Deploy.0 = Debug|Any CPU
		{648DD0F9-FAE2-4BB5-8CC1-865EB7A9A1F7}.Debug|iPhoneSimulator.ActiveCfg = Debug|Any CPU
		{648DD0F9-FAE2-4BB5-8CC1-865EB7A9A1F7}.Debug|Mixed Platforms.ActiveCfg = Debug|Any CPU
		{648DD0F9-FAE2-4BB5-8CC1-865EB7A9A1F7}.Debug|Mixed Platforms.Build.0 = Debug|Any CPU
		{648DD0F9-FAE2-4BB5-8CC1-865EB7A9A1F7}.Debug|Mixed Platforms.Deploy.0 = Debug|Any CPU
		{648DD0F9-FAE2-4BB5-8CC1-865EB7A9A1F7}.Debug|x64.ActiveCfg = Debug|Any CPU
		{648DD0F9-FAE2-4BB5-8CC1-865EB7A9A1F7}.Debug|x64.Build.0 = Debug|Any CPU
		{648DD0F9-FAE2-4BB5-8CC1-865EB7A9A1F7}.Debug|x64.Deploy.0 = Debug|Any CPU
		{648DD0F9-FAE2-4BB5-8CC1-865EB7A9A1F7}.Debug|x86.ActiveCfg = Debug|Any CPU
		{648DD0F9-FAE2-4BB5-8CC1-865EB7A9A1F7}.Release|Any CPU.ActiveCfg = Release|Any CPU
		{648DD0F9-FAE2-4BB5-8CC1-865EB7A9A1F7}.Release|Any CPU.Build.0 = Release|Any CPU
		{648DD0F9-FAE2-4BB5-8CC1-865EB7A9A1F7}.Release|Any CPU.Deploy.0 = Release|Any CPU
		{648DD0F9-FAE2-4BB5-8CC1-865EB7A9A1F7}.Release|ARM.ActiveCfg = Release|Any CPU
		{648DD0F9-FAE2-4BB5-8CC1-865EB7A9A1F7}.Release|iPhone.ActiveCfg = Release|Any CPU
		{648DD0F9-FAE2-4BB5-8CC1-865EB7A9A1F7}.Release|iPhone.Build.0 = Release|Any CPU
		{648DD0F9-FAE2-4BB5-8CC1-865EB7A9A1F7}.Release|iPhone.Deploy.0 = Release|Any CPU
		{648DD0F9-FAE2-4BB5-8CC1-865EB7A9A1F7}.Release|iPhoneSimulator.ActiveCfg = Release|Any CPU
		{648DD0F9-FAE2-4BB5-8CC1-865EB7A9A1F7}.Release|iPhoneSimulator.Build.0 = Release|Any CPU
		{648DD0F9-FAE2-4BB5-8CC1-865EB7A9A1F7}.Release|iPhoneSimulator.Deploy.0 = Release|Any CPU
		{648DD0F9-FAE2-4BB5-8CC1-865EB7A9A1F7}.Release|Mixed Platforms.ActiveCfg = Release|Any CPU
		{648DD0F9-FAE2-4BB5-8CC1-865EB7A9A1F7}.Release|Mixed Platforms.Build.0 = Release|Any CPU
		{648DD0F9-FAE2-4BB5-8CC1-865EB7A9A1F7}.Release|Mixed Platforms.Deploy.0 = Release|Any CPU
		{648DD0F9-FAE2-4BB5-8CC1-865EB7A9A1F7}.Release|x64.ActiveCfg = Release|Any CPU
		{648DD0F9-FAE2-4BB5-8CC1-865EB7A9A1F7}.Release|x64.Build.0 = Release|Any CPU
		{648DD0F9-FAE2-4BB5-8CC1-865EB7A9A1F7}.Release|x64.Deploy.0 = Release|Any CPU
		{648DD0F9-FAE2-4BB5-8CC1-865EB7A9A1F7}.Release|x86.ActiveCfg = Release|Any CPU
		{F83B7F66-7485-41FC-A3B1-ECFA2E96F57B}.Ad-Hoc|Any CPU.ActiveCfg = Ad-Hoc|iPhone
		{F83B7F66-7485-41FC-A3B1-ECFA2E96F57B}.Ad-Hoc|ARM.ActiveCfg = Ad-Hoc|iPhoneSimulator
		{F83B7F66-7485-41FC-A3B1-ECFA2E96F57B}.Ad-Hoc|iPhone.ActiveCfg = Ad-Hoc|iPhone
		{F83B7F66-7485-41FC-A3B1-ECFA2E96F57B}.Ad-Hoc|iPhone.Build.0 = Ad-Hoc|iPhone
		{F83B7F66-7485-41FC-A3B1-ECFA2E96F57B}.Ad-Hoc|iPhoneSimulator.ActiveCfg = Ad-Hoc|iPhoneSimulator
		{F83B7F66-7485-41FC-A3B1-ECFA2E96F57B}.Ad-Hoc|iPhoneSimulator.Build.0 = Ad-Hoc|iPhoneSimulator
		{F83B7F66-7485-41FC-A3B1-ECFA2E96F57B}.Ad-Hoc|Mixed Platforms.ActiveCfg = Ad-Hoc|iPhoneSimulator
		{F83B7F66-7485-41FC-A3B1-ECFA2E96F57B}.Ad-Hoc|Mixed Platforms.Build.0 = Ad-Hoc|iPhoneSimulator
		{F83B7F66-7485-41FC-A3B1-ECFA2E96F57B}.Ad-Hoc|x64.ActiveCfg = Ad-Hoc|iPhoneSimulator
		{F83B7F66-7485-41FC-A3B1-ECFA2E96F57B}.Ad-Hoc|x86.ActiveCfg = Ad-Hoc|iPhoneSimulator
		{F83B7F66-7485-41FC-A3B1-ECFA2E96F57B}.AppStore|Any CPU.ActiveCfg = AppStore|iPhone
		{F83B7F66-7485-41FC-A3B1-ECFA2E96F57B}.AppStore|ARM.ActiveCfg = AppStore|iPhoneSimulator
		{F83B7F66-7485-41FC-A3B1-ECFA2E96F57B}.AppStore|iPhone.ActiveCfg = AppStore|iPhone
		{F83B7F66-7485-41FC-A3B1-ECFA2E96F57B}.AppStore|iPhone.Build.0 = AppStore|iPhone
		{F83B7F66-7485-41FC-A3B1-ECFA2E96F57B}.AppStore|iPhoneSimulator.ActiveCfg = AppStore|iPhoneSimulator
		{F83B7F66-7485-41FC-A3B1-ECFA2E96F57B}.AppStore|iPhoneSimulator.Build.0 = AppStore|iPhoneSimulator
		{F83B7F66-7485-41FC-A3B1-ECFA2E96F57B}.AppStore|Mixed Platforms.ActiveCfg = AppStore|iPhoneSimulator
		{F83B7F66-7485-41FC-A3B1-ECFA2E96F57B}.AppStore|Mixed Platforms.Build.0 = AppStore|iPhoneSimulator
		{F83B7F66-7485-41FC-A3B1-ECFA2E96F57B}.AppStore|x64.ActiveCfg = AppStore|iPhoneSimulator
		{F83B7F66-7485-41FC-A3B1-ECFA2E96F57B}.AppStore|x86.ActiveCfg = AppStore|iPhoneSimulator
		{F83B7F66-7485-41FC-A3B1-ECFA2E96F57B}.Debug|Any CPU.ActiveCfg = Debug|iPhone
		{F83B7F66-7485-41FC-A3B1-ECFA2E96F57B}.Debug|ARM.ActiveCfg = Debug|iPhoneSimulator
		{F83B7F66-7485-41FC-A3B1-ECFA2E96F57B}.Debug|iPhone.ActiveCfg = Debug|iPhone
		{F83B7F66-7485-41FC-A3B1-ECFA2E96F57B}.Debug|iPhone.Build.0 = Debug|iPhone
		{F83B7F66-7485-41FC-A3B1-ECFA2E96F57B}.Debug|iPhoneSimulator.ActiveCfg = Debug|iPhoneSimulator
		{F83B7F66-7485-41FC-A3B1-ECFA2E96F57B}.Debug|iPhoneSimulator.Build.0 = Debug|iPhoneSimulator
		{F83B7F66-7485-41FC-A3B1-ECFA2E96F57B}.Debug|Mixed Platforms.ActiveCfg = Debug|iPhoneSimulator
		{F83B7F66-7485-41FC-A3B1-ECFA2E96F57B}.Debug|Mixed Platforms.Build.0 = Debug|iPhoneSimulator
		{F83B7F66-7485-41FC-A3B1-ECFA2E96F57B}.Debug|x64.ActiveCfg = Debug|iPhoneSimulator
		{F83B7F66-7485-41FC-A3B1-ECFA2E96F57B}.Debug|x86.ActiveCfg = Debug|iPhoneSimulator
		{F83B7F66-7485-41FC-A3B1-ECFA2E96F57B}.Release|Any CPU.ActiveCfg = Release|iPhone
		{F83B7F66-7485-41FC-A3B1-ECFA2E96F57B}.Release|ARM.ActiveCfg = Release|iPhoneSimulator
		{F83B7F66-7485-41FC-A3B1-ECFA2E96F57B}.Release|iPhone.ActiveCfg = Release|iPhone
		{F83B7F66-7485-41FC-A3B1-ECFA2E96F57B}.Release|iPhone.Build.0 = Release|iPhone
		{F83B7F66-7485-41FC-A3B1-ECFA2E96F57B}.Release|iPhoneSimulator.ActiveCfg = Release|iPhoneSimulator
		{F83B7F66-7485-41FC-A3B1-ECFA2E96F57B}.Release|iPhoneSimulator.Build.0 = Release|iPhoneSimulator
		{F83B7F66-7485-41FC-A3B1-ECFA2E96F57B}.Release|Mixed Platforms.ActiveCfg = Release|iPhoneSimulator
		{F83B7F66-7485-41FC-A3B1-ECFA2E96F57B}.Release|Mixed Platforms.Build.0 = Release|iPhoneSimulator
		{F83B7F66-7485-41FC-A3B1-ECFA2E96F57B}.Release|x64.ActiveCfg = Release|iPhoneSimulator
		{F83B7F66-7485-41FC-A3B1-ECFA2E96F57B}.Release|x86.ActiveCfg = Release|iPhoneSimulator
		{46FF2634-96B2-44A2-A66B-5267F7667D18}.Ad-Hoc|Any CPU.ActiveCfg = Release|Any CPU
		{46FF2634-96B2-44A2-A66B-5267F7667D18}.Ad-Hoc|Any CPU.Build.0 = Release|Any CPU
		{46FF2634-96B2-44A2-A66B-5267F7667D18}.Ad-Hoc|ARM.ActiveCfg = Debug|Any CPU
		{46FF2634-96B2-44A2-A66B-5267F7667D18}.Ad-Hoc|iPhone.ActiveCfg = Release|Any CPU
		{46FF2634-96B2-44A2-A66B-5267F7667D18}.Ad-Hoc|iPhone.Build.0 = Release|Any CPU
		{46FF2634-96B2-44A2-A66B-5267F7667D18}.Ad-Hoc|iPhoneSimulator.ActiveCfg = Release|Any CPU
		{46FF2634-96B2-44A2-A66B-5267F7667D18}.Ad-Hoc|iPhoneSimulator.Build.0 = Release|Any CPU
		{46FF2634-96B2-44A2-A66B-5267F7667D18}.Ad-Hoc|Mixed Platforms.ActiveCfg = Debug|Any CPU
		{46FF2634-96B2-44A2-A66B-5267F7667D18}.Ad-Hoc|Mixed Platforms.Build.0 = Debug|Any CPU
		{46FF2634-96B2-44A2-A66B-5267F7667D18}.Ad-Hoc|x64.ActiveCfg = Debug|Any CPU
		{46FF2634-96B2-44A2-A66B-5267F7667D18}.Ad-Hoc|x64.Build.0 = Debug|Any CPU
		{46FF2634-96B2-44A2-A66B-5267F7667D18}.Ad-Hoc|x86.ActiveCfg = Debug|Any CPU
		{46FF2634-96B2-44A2-A66B-5267F7667D18}.AppStore|Any CPU.ActiveCfg = Release|Any CPU
		{46FF2634-96B2-44A2-A66B-5267F7667D18}.AppStore|Any CPU.Build.0 = Release|Any CPU
		{46FF2634-96B2-44A2-A66B-5267F7667D18}.AppStore|ARM.ActiveCfg = Debug|Any CPU
		{46FF2634-96B2-44A2-A66B-5267F7667D18}.AppStore|iPhone.ActiveCfg = Release|Any CPU
		{46FF2634-96B2-44A2-A66B-5267F7667D18}.AppStore|iPhone.Build.0 = Release|Any CPU
		{46FF2634-96B2-44A2-A66B-5267F7667D18}.AppStore|iPhoneSimulator.ActiveCfg = Release|Any CPU
		{46FF2634-96B2-44A2-A66B-5267F7667D18}.AppStore|iPhoneSimulator.Build.0 = Release|Any CPU
		{46FF2634-96B2-44A2-A66B-5267F7667D18}.AppStore|Mixed Platforms.ActiveCfg = Debug|Any CPU
		{46FF2634-96B2-44A2-A66B-5267F7667D18}.AppStore|Mixed Platforms.Build.0 = Debug|Any CPU
		{46FF2634-96B2-44A2-A66B-5267F7667D18}.AppStore|x64.ActiveCfg = Debug|Any CPU
		{46FF2634-96B2-44A2-A66B-5267F7667D18}.AppStore|x64.Build.0 = Debug|Any CPU
		{46FF2634-96B2-44A2-A66B-5267F7667D18}.AppStore|x86.ActiveCfg = Debug|Any CPU
		{46FF2634-96B2-44A2-A66B-5267F7667D18}.Debug|Any CPU.ActiveCfg = Debug|Any CPU
		{46FF2634-96B2-44A2-A66B-5267F7667D18}.Debug|Any CPU.Build.0 = Debug|Any CPU
		{46FF2634-96B2-44A2-A66B-5267F7667D18}.Debug|ARM.ActiveCfg = Debug|Any CPU
		{46FF2634-96B2-44A2-A66B-5267F7667D18}.Debug|iPhone.ActiveCfg = Debug|Any CPU
		{46FF2634-96B2-44A2-A66B-5267F7667D18}.Debug|iPhone.Build.0 = Debug|Any CPU
		{46FF2634-96B2-44A2-A66B-5267F7667D18}.Debug|iPhoneSimulator.ActiveCfg = Debug|Any CPU
		{46FF2634-96B2-44A2-A66B-5267F7667D18}.Debug|iPhoneSimulator.Build.0 = Debug|Any CPU
		{46FF2634-96B2-44A2-A66B-5267F7667D18}.Debug|Mixed Platforms.ActiveCfg = Debug|Any CPU
		{46FF2634-96B2-44A2-A66B-5267F7667D18}.Debug|Mixed Platforms.Build.0 = Debug|Any CPU
		{46FF2634-96B2-44A2-A66B-5267F7667D18}.Debug|x64.ActiveCfg = Debug|Any CPU
		{46FF2634-96B2-44A2-A66B-5267F7667D18}.Debug|x64.Build.0 = Debug|Any CPU
		{46FF2634-96B2-44A2-A66B-5267F7667D18}.Debug|x86.ActiveCfg = Debug|Any CPU
		{46FF2634-96B2-44A2-A66B-5267F7667D18}.Release|Any CPU.ActiveCfg = Release|Any CPU
		{46FF2634-96B2-44A2-A66B-5267F7667D18}.Release|Any CPU.Build.0 = Release|Any CPU
		{46FF2634-96B2-44A2-A66B-5267F7667D18}.Release|ARM.ActiveCfg = Release|Any CPU
		{46FF2634-96B2-44A2-A66B-5267F7667D18}.Release|iPhone.ActiveCfg = Release|Any CPU
		{46FF2634-96B2-44A2-A66B-5267F7667D18}.Release|iPhone.Build.0 = Release|Any CPU
		{46FF2634-96B2-44A2-A66B-5267F7667D18}.Release|iPhoneSimulator.ActiveCfg = Release|Any CPU
		{46FF2634-96B2-44A2-A66B-5267F7667D18}.Release|iPhoneSimulator.Build.0 = Release|Any CPU
		{46FF2634-96B2-44A2-A66B-5267F7667D18}.Release|Mixed Platforms.ActiveCfg = Release|Any CPU
		{46FF2634-96B2-44A2-A66B-5267F7667D18}.Release|Mixed Platforms.Build.0 = Release|Any CPU
		{46FF2634-96B2-44A2-A66B-5267F7667D18}.Release|x64.ActiveCfg = Release|Any CPU
		{46FF2634-96B2-44A2-A66B-5267F7667D18}.Release|x64.Build.0 = Release|Any CPU
		{46FF2634-96B2-44A2-A66B-5267F7667D18}.Release|x86.ActiveCfg = Release|Any CPU
		{DFDB0258-FDC0-4C1A-8C92-D0224A0DAD59}.Ad-Hoc|Any CPU.ActiveCfg = Release|Any CPU
		{DFDB0258-FDC0-4C1A-8C92-D0224A0DAD59}.Ad-Hoc|Any CPU.Build.0 = Release|Any CPU
		{DFDB0258-FDC0-4C1A-8C92-D0224A0DAD59}.Ad-Hoc|ARM.ActiveCfg = Debug|Any CPU
		{DFDB0258-FDC0-4C1A-8C92-D0224A0DAD59}.Ad-Hoc|iPhone.ActiveCfg = Release|Any CPU
		{DFDB0258-FDC0-4C1A-8C92-D0224A0DAD59}.Ad-Hoc|iPhone.Build.0 = Release|Any CPU
		{DFDB0258-FDC0-4C1A-8C92-D0224A0DAD59}.Ad-Hoc|iPhoneSimulator.ActiveCfg = Release|Any CPU
		{DFDB0258-FDC0-4C1A-8C92-D0224A0DAD59}.Ad-Hoc|iPhoneSimulator.Build.0 = Release|Any CPU
		{DFDB0258-FDC0-4C1A-8C92-D0224A0DAD59}.Ad-Hoc|Mixed Platforms.ActiveCfg = Debug|Any CPU
		{DFDB0258-FDC0-4C1A-8C92-D0224A0DAD59}.Ad-Hoc|Mixed Platforms.Build.0 = Debug|Any CPU
		{DFDB0258-FDC0-4C1A-8C92-D0224A0DAD59}.Ad-Hoc|x64.ActiveCfg = Debug|Any CPU
		{DFDB0258-FDC0-4C1A-8C92-D0224A0DAD59}.Ad-Hoc|x64.Build.0 = Debug|Any CPU
		{DFDB0258-FDC0-4C1A-8C92-D0224A0DAD59}.Ad-Hoc|x86.ActiveCfg = Debug|Any CPU
		{DFDB0258-FDC0-4C1A-8C92-D0224A0DAD59}.AppStore|Any CPU.ActiveCfg = Release|Any CPU
		{DFDB0258-FDC0-4C1A-8C92-D0224A0DAD59}.AppStore|Any CPU.Build.0 = Release|Any CPU
		{DFDB0258-FDC0-4C1A-8C92-D0224A0DAD59}.AppStore|ARM.ActiveCfg = Debug|Any CPU
		{DFDB0258-FDC0-4C1A-8C92-D0224A0DAD59}.AppStore|iPhone.ActiveCfg = Release|Any CPU
		{DFDB0258-FDC0-4C1A-8C92-D0224A0DAD59}.AppStore|iPhone.Build.0 = Release|Any CPU
		{DFDB0258-FDC0-4C1A-8C92-D0224A0DAD59}.AppStore|iPhoneSimulator.ActiveCfg = Release|Any CPU
		{DFDB0258-FDC0-4C1A-8C92-D0224A0DAD59}.AppStore|iPhoneSimulator.Build.0 = Release|Any CPU
		{DFDB0258-FDC0-4C1A-8C92-D0224A0DAD59}.AppStore|Mixed Platforms.ActiveCfg = Debug|Any CPU
		{DFDB0258-FDC0-4C1A-8C92-D0224A0DAD59}.AppStore|Mixed Platforms.Build.0 = Debug|Any CPU
		{DFDB0258-FDC0-4C1A-8C92-D0224A0DAD59}.AppStore|x64.ActiveCfg = Debug|Any CPU
		{DFDB0258-FDC0-4C1A-8C92-D0224A0DAD59}.AppStore|x64.Build.0 = Debug|Any CPU
		{DFDB0258-FDC0-4C1A-8C92-D0224A0DAD59}.AppStore|x86.ActiveCfg = Debug|Any CPU
		{DFDB0258-FDC0-4C1A-8C92-D0224A0DAD59}.Debug|Any CPU.ActiveCfg = Debug|Any CPU
		{DFDB0258-FDC0-4C1A-8C92-D0224A0DAD59}.Debug|Any CPU.Build.0 = Debug|Any CPU
		{DFDB0258-FDC0-4C1A-8C92-D0224A0DAD59}.Debug|ARM.ActiveCfg = Debug|Any CPU
		{DFDB0258-FDC0-4C1A-8C92-D0224A0DAD59}.Debug|iPhone.ActiveCfg = Debug|Any CPU
		{DFDB0258-FDC0-4C1A-8C92-D0224A0DAD59}.Debug|iPhone.Build.0 = Debug|Any CPU
		{DFDB0258-FDC0-4C1A-8C92-D0224A0DAD59}.Debug|iPhoneSimulator.ActiveCfg = Debug|Any CPU
		{DFDB0258-FDC0-4C1A-8C92-D0224A0DAD59}.Debug|iPhoneSimulator.Build.0 = Debug|Any CPU
		{DFDB0258-FDC0-4C1A-8C92-D0224A0DAD59}.Debug|Mixed Platforms.ActiveCfg = Debug|Any CPU
		{DFDB0258-FDC0-4C1A-8C92-D0224A0DAD59}.Debug|Mixed Platforms.Build.0 = Debug|Any CPU
		{DFDB0258-FDC0-4C1A-8C92-D0224A0DAD59}.Debug|x64.ActiveCfg = Debug|Any CPU
		{DFDB0258-FDC0-4C1A-8C92-D0224A0DAD59}.Debug|x64.Build.0 = Debug|Any CPU
		{DFDB0258-FDC0-4C1A-8C92-D0224A0DAD59}.Debug|x86.ActiveCfg = Debug|Any CPU
		{DFDB0258-FDC0-4C1A-8C92-D0224A0DAD59}.Release|Any CPU.ActiveCfg = Release|Any CPU
		{DFDB0258-FDC0-4C1A-8C92-D0224A0DAD59}.Release|Any CPU.Build.0 = Release|Any CPU
		{DFDB0258-FDC0-4C1A-8C92-D0224A0DAD59}.Release|ARM.ActiveCfg = Release|Any CPU
		{DFDB0258-FDC0-4C1A-8C92-D0224A0DAD59}.Release|iPhone.ActiveCfg = Release|Any CPU
		{DFDB0258-FDC0-4C1A-8C92-D0224A0DAD59}.Release|iPhone.Build.0 = Release|Any CPU
		{DFDB0258-FDC0-4C1A-8C92-D0224A0DAD59}.Release|iPhoneSimulator.ActiveCfg = Release|Any CPU
		{DFDB0258-FDC0-4C1A-8C92-D0224A0DAD59}.Release|iPhoneSimulator.Build.0 = Release|Any CPU
		{DFDB0258-FDC0-4C1A-8C92-D0224A0DAD59}.Release|Mixed Platforms.ActiveCfg = Release|Any CPU
		{DFDB0258-FDC0-4C1A-8C92-D0224A0DAD59}.Release|Mixed Platforms.Build.0 = Release|Any CPU
		{DFDB0258-FDC0-4C1A-8C92-D0224A0DAD59}.Release|x64.ActiveCfg = Release|Any CPU
		{DFDB0258-FDC0-4C1A-8C92-D0224A0DAD59}.Release|x64.Build.0 = Release|Any CPU
		{DFDB0258-FDC0-4C1A-8C92-D0224A0DAD59}.Release|x86.ActiveCfg = Release|Any CPU
		{67F9D3A8-F71E-4428-913F-C37AE82CDB24}.Ad-Hoc|Any CPU.ActiveCfg = Release|Any CPU
		{67F9D3A8-F71E-4428-913F-C37AE82CDB24}.Ad-Hoc|Any CPU.Build.0 = Release|Any CPU
		{67F9D3A8-F71E-4428-913F-C37AE82CDB24}.Ad-Hoc|ARM.ActiveCfg = Debug|Any CPU
		{67F9D3A8-F71E-4428-913F-C37AE82CDB24}.Ad-Hoc|iPhone.ActiveCfg = Release|Any CPU
		{67F9D3A8-F71E-4428-913F-C37AE82CDB24}.Ad-Hoc|iPhone.Build.0 = Release|Any CPU
		{67F9D3A8-F71E-4428-913F-C37AE82CDB24}.Ad-Hoc|iPhoneSimulator.ActiveCfg = Release|Any CPU
		{67F9D3A8-F71E-4428-913F-C37AE82CDB24}.Ad-Hoc|iPhoneSimulator.Build.0 = Release|Any CPU
		{67F9D3A8-F71E-4428-913F-C37AE82CDB24}.Ad-Hoc|Mixed Platforms.ActiveCfg = Debug|Any CPU
		{67F9D3A8-F71E-4428-913F-C37AE82CDB24}.Ad-Hoc|Mixed Platforms.Build.0 = Debug|Any CPU
		{67F9D3A8-F71E-4428-913F-C37AE82CDB24}.Ad-Hoc|x64.ActiveCfg = Debug|Any CPU
		{67F9D3A8-F71E-4428-913F-C37AE82CDB24}.Ad-Hoc|x64.Build.0 = Debug|Any CPU
		{67F9D3A8-F71E-4428-913F-C37AE82CDB24}.Ad-Hoc|x86.ActiveCfg = Debug|Any CPU
		{67F9D3A8-F71E-4428-913F-C37AE82CDB24}.AppStore|Any CPU.ActiveCfg = Release|Any CPU
		{67F9D3A8-F71E-4428-913F-C37AE82CDB24}.AppStore|Any CPU.Build.0 = Release|Any CPU
		{67F9D3A8-F71E-4428-913F-C37AE82CDB24}.AppStore|ARM.ActiveCfg = Debug|Any CPU
		{67F9D3A8-F71E-4428-913F-C37AE82CDB24}.AppStore|iPhone.ActiveCfg = Release|Any CPU
		{67F9D3A8-F71E-4428-913F-C37AE82CDB24}.AppStore|iPhone.Build.0 = Release|Any CPU
		{67F9D3A8-F71E-4428-913F-C37AE82CDB24}.AppStore|iPhoneSimulator.ActiveCfg = Release|Any CPU
		{67F9D3A8-F71E-4428-913F-C37AE82CDB24}.AppStore|iPhoneSimulator.Build.0 = Release|Any CPU
		{67F9D3A8-F71E-4428-913F-C37AE82CDB24}.AppStore|Mixed Platforms.ActiveCfg = Debug|Any CPU
		{67F9D3A8-F71E-4428-913F-C37AE82CDB24}.AppStore|Mixed Platforms.Build.0 = Debug|Any CPU
		{67F9D3A8-F71E-4428-913F-C37AE82CDB24}.AppStore|x64.ActiveCfg = Debug|Any CPU
		{67F9D3A8-F71E-4428-913F-C37AE82CDB24}.AppStore|x64.Build.0 = Debug|Any CPU
		{67F9D3A8-F71E-4428-913F-C37AE82CDB24}.AppStore|x86.ActiveCfg = Debug|Any CPU
		{67F9D3A8-F71E-4428-913F-C37AE82CDB24}.Debug|Any CPU.ActiveCfg = Debug|Any CPU
		{67F9D3A8-F71E-4428-913F-C37AE82CDB24}.Debug|Any CPU.Build.0 = Debug|Any CPU
		{67F9D3A8-F71E-4428-913F-C37AE82CDB24}.Debug|ARM.ActiveCfg = Debug|Any CPU
		{67F9D3A8-F71E-4428-913F-C37AE82CDB24}.Debug|iPhone.ActiveCfg = Debug|Any CPU
		{67F9D3A8-F71E-4428-913F-C37AE82CDB24}.Debug|iPhone.Build.0 = Debug|Any CPU
		{67F9D3A8-F71E-4428-913F-C37AE82CDB24}.Debug|iPhoneSimulator.ActiveCfg = Debug|Any CPU
		{67F9D3A8-F71E-4428-913F-C37AE82CDB24}.Debug|iPhoneSimulator.Build.0 = Debug|Any CPU
		{67F9D3A8-F71E-4428-913F-C37AE82CDB24}.Debug|Mixed Platforms.ActiveCfg = Debug|Any CPU
		{67F9D3A8-F71E-4428-913F-C37AE82CDB24}.Debug|Mixed Platforms.Build.0 = Debug|Any CPU
		{67F9D3A8-F71E-4428-913F-C37AE82CDB24}.Debug|x64.ActiveCfg = Debug|Any CPU
		{67F9D3A8-F71E-4428-913F-C37AE82CDB24}.Debug|x64.Build.0 = Debug|Any CPU
		{67F9D3A8-F71E-4428-913F-C37AE82CDB24}.Debug|x86.ActiveCfg = Debug|Any CPU
		{67F9D3A8-F71E-4428-913F-C37AE82CDB24}.Release|Any CPU.ActiveCfg = Release|Any CPU
		{67F9D3A8-F71E-4428-913F-C37AE82CDB24}.Release|Any CPU.Build.0 = Release|Any CPU
		{67F9D3A8-F71E-4428-913F-C37AE82CDB24}.Release|ARM.ActiveCfg = Release|Any CPU
		{67F9D3A8-F71E-4428-913F-C37AE82CDB24}.Release|iPhone.ActiveCfg = Release|Any CPU
		{67F9D3A8-F71E-4428-913F-C37AE82CDB24}.Release|iPhone.Build.0 = Release|Any CPU
		{67F9D3A8-F71E-4428-913F-C37AE82CDB24}.Release|iPhoneSimulator.ActiveCfg = Release|Any CPU
		{67F9D3A8-F71E-4428-913F-C37AE82CDB24}.Release|iPhoneSimulator.Build.0 = Release|Any CPU
		{67F9D3A8-F71E-4428-913F-C37AE82CDB24}.Release|Mixed Platforms.ActiveCfg = Release|Any CPU
		{67F9D3A8-F71E-4428-913F-C37AE82CDB24}.Release|Mixed Platforms.Build.0 = Release|Any CPU
		{67F9D3A8-F71E-4428-913F-C37AE82CDB24}.Release|x64.ActiveCfg = Release|Any CPU
		{67F9D3A8-F71E-4428-913F-C37AE82CDB24}.Release|x64.Build.0 = Release|Any CPU
		{67F9D3A8-F71E-4428-913F-C37AE82CDB24}.Release|x86.ActiveCfg = Release|Any CPU
		{A51BBDD3-05B0-4B7E-BEDD-359CCAFF968D}.Ad-Hoc|Any CPU.ActiveCfg = Release|Any CPU
		{A51BBDD3-05B0-4B7E-BEDD-359CCAFF968D}.Ad-Hoc|Any CPU.Build.0 = Release|Any CPU
		{A51BBDD3-05B0-4B7E-BEDD-359CCAFF968D}.Ad-Hoc|ARM.ActiveCfg = Debug|Any CPU
		{A51BBDD3-05B0-4B7E-BEDD-359CCAFF968D}.Ad-Hoc|iPhone.ActiveCfg = Release|Any CPU
		{A51BBDD3-05B0-4B7E-BEDD-359CCAFF968D}.Ad-Hoc|iPhone.Build.0 = Release|Any CPU
		{A51BBDD3-05B0-4B7E-BEDD-359CCAFF968D}.Ad-Hoc|iPhoneSimulator.ActiveCfg = Release|Any CPU
		{A51BBDD3-05B0-4B7E-BEDD-359CCAFF968D}.Ad-Hoc|iPhoneSimulator.Build.0 = Release|Any CPU
		{A51BBDD3-05B0-4B7E-BEDD-359CCAFF968D}.Ad-Hoc|Mixed Platforms.ActiveCfg = Debug|Any CPU
		{A51BBDD3-05B0-4B7E-BEDD-359CCAFF968D}.Ad-Hoc|Mixed Platforms.Build.0 = Debug|Any CPU
		{A51BBDD3-05B0-4B7E-BEDD-359CCAFF968D}.Ad-Hoc|x64.ActiveCfg = Debug|Any CPU
		{A51BBDD3-05B0-4B7E-BEDD-359CCAFF968D}.Ad-Hoc|x64.Build.0 = Debug|Any CPU
		{A51BBDD3-05B0-4B7E-BEDD-359CCAFF968D}.Ad-Hoc|x86.ActiveCfg = Debug|Any CPU
		{A51BBDD3-05B0-4B7E-BEDD-359CCAFF968D}.AppStore|Any CPU.ActiveCfg = Release|Any CPU
		{A51BBDD3-05B0-4B7E-BEDD-359CCAFF968D}.AppStore|Any CPU.Build.0 = Release|Any CPU
		{A51BBDD3-05B0-4B7E-BEDD-359CCAFF968D}.AppStore|ARM.ActiveCfg = Debug|Any CPU
		{A51BBDD3-05B0-4B7E-BEDD-359CCAFF968D}.AppStore|iPhone.ActiveCfg = Release|Any CPU
		{A51BBDD3-05B0-4B7E-BEDD-359CCAFF968D}.AppStore|iPhone.Build.0 = Release|Any CPU
		{A51BBDD3-05B0-4B7E-BEDD-359CCAFF968D}.AppStore|iPhoneSimulator.ActiveCfg = Release|Any CPU
		{A51BBDD3-05B0-4B7E-BEDD-359CCAFF968D}.AppStore|iPhoneSimulator.Build.0 = Release|Any CPU
		{A51BBDD3-05B0-4B7E-BEDD-359CCAFF968D}.AppStore|Mixed Platforms.ActiveCfg = Debug|Any CPU
		{A51BBDD3-05B0-4B7E-BEDD-359CCAFF968D}.AppStore|Mixed Platforms.Build.0 = Debug|Any CPU
		{A51BBDD3-05B0-4B7E-BEDD-359CCAFF968D}.AppStore|x64.ActiveCfg = Debug|Any CPU
		{A51BBDD3-05B0-4B7E-BEDD-359CCAFF968D}.AppStore|x64.Build.0 = Debug|Any CPU
		{A51BBDD3-05B0-4B7E-BEDD-359CCAFF968D}.AppStore|x86.ActiveCfg = Debug|Any CPU
		{A51BBDD3-05B0-4B7E-BEDD-359CCAFF968D}.Debug|Any CPU.ActiveCfg = Debug|Any CPU
		{A51BBDD3-05B0-4B7E-BEDD-359CCAFF968D}.Debug|Any CPU.Build.0 = Debug|Any CPU
		{A51BBDD3-05B0-4B7E-BEDD-359CCAFF968D}.Debug|ARM.ActiveCfg = Debug|Any CPU
		{A51BBDD3-05B0-4B7E-BEDD-359CCAFF968D}.Debug|iPhone.ActiveCfg = Debug|Any CPU
		{A51BBDD3-05B0-4B7E-BEDD-359CCAFF968D}.Debug|iPhone.Build.0 = Debug|Any CPU
		{A51BBDD3-05B0-4B7E-BEDD-359CCAFF968D}.Debug|iPhoneSimulator.ActiveCfg = Debug|Any CPU
		{A51BBDD3-05B0-4B7E-BEDD-359CCAFF968D}.Debug|iPhoneSimulator.Build.0 = Debug|Any CPU
		{A51BBDD3-05B0-4B7E-BEDD-359CCAFF968D}.Debug|Mixed Platforms.ActiveCfg = Debug|Any CPU
		{A51BBDD3-05B0-4B7E-BEDD-359CCAFF968D}.Debug|Mixed Platforms.Build.0 = Debug|Any CPU
		{A51BBDD3-05B0-4B7E-BEDD-359CCAFF968D}.Debug|x64.ActiveCfg = Debug|Any CPU
		{A51BBDD3-05B0-4B7E-BEDD-359CCAFF968D}.Debug|x64.Build.0 = Debug|Any CPU
		{A51BBDD3-05B0-4B7E-BEDD-359CCAFF968D}.Debug|x86.ActiveCfg = Debug|Any CPU
		{A51BBDD3-05B0-4B7E-BEDD-359CCAFF968D}.Release|Any CPU.ActiveCfg = Release|Any CPU
		{A51BBDD3-05B0-4B7E-BEDD-359CCAFF968D}.Release|Any CPU.Build.0 = Release|Any CPU
		{A51BBDD3-05B0-4B7E-BEDD-359CCAFF968D}.Release|ARM.ActiveCfg = Release|Any CPU
		{A51BBDD3-05B0-4B7E-BEDD-359CCAFF968D}.Release|iPhone.ActiveCfg = Release|Any CPU
		{A51BBDD3-05B0-4B7E-BEDD-359CCAFF968D}.Release|iPhone.Build.0 = Release|Any CPU
		{A51BBDD3-05B0-4B7E-BEDD-359CCAFF968D}.Release|iPhoneSimulator.ActiveCfg = Release|Any CPU
		{A51BBDD3-05B0-4B7E-BEDD-359CCAFF968D}.Release|iPhoneSimulator.Build.0 = Release|Any CPU
		{A51BBDD3-05B0-4B7E-BEDD-359CCAFF968D}.Release|Mixed Platforms.ActiveCfg = Release|Any CPU
		{A51BBDD3-05B0-4B7E-BEDD-359CCAFF968D}.Release|Mixed Platforms.Build.0 = Release|Any CPU
		{A51BBDD3-05B0-4B7E-BEDD-359CCAFF968D}.Release|x64.ActiveCfg = Release|Any CPU
		{A51BBDD3-05B0-4B7E-BEDD-359CCAFF968D}.Release|x64.Build.0 = Release|Any CPU
		{A51BBDD3-05B0-4B7E-BEDD-359CCAFF968D}.Release|x86.ActiveCfg = Release|Any CPU
		{54451A55-31ED-491B-A5CC-BBC6A15D2F7E}.Ad-Hoc|Any CPU.ActiveCfg = Release|Any CPU
		{54451A55-31ED-491B-A5CC-BBC6A15D2F7E}.Ad-Hoc|Any CPU.Build.0 = Release|Any CPU
		{54451A55-31ED-491B-A5CC-BBC6A15D2F7E}.Ad-Hoc|ARM.ActiveCfg = Debug|Any CPU
		{54451A55-31ED-491B-A5CC-BBC6A15D2F7E}.Ad-Hoc|iPhone.ActiveCfg = Release|Any CPU
		{54451A55-31ED-491B-A5CC-BBC6A15D2F7E}.Ad-Hoc|iPhone.Build.0 = Release|Any CPU
		{54451A55-31ED-491B-A5CC-BBC6A15D2F7E}.Ad-Hoc|iPhoneSimulator.ActiveCfg = Release|Any CPU
		{54451A55-31ED-491B-A5CC-BBC6A15D2F7E}.Ad-Hoc|iPhoneSimulator.Build.0 = Release|Any CPU
		{54451A55-31ED-491B-A5CC-BBC6A15D2F7E}.Ad-Hoc|Mixed Platforms.ActiveCfg = Debug|Any CPU
		{54451A55-31ED-491B-A5CC-BBC6A15D2F7E}.Ad-Hoc|Mixed Platforms.Build.0 = Debug|Any CPU
		{54451A55-31ED-491B-A5CC-BBC6A15D2F7E}.Ad-Hoc|x64.ActiveCfg = Debug|Any CPU
		{54451A55-31ED-491B-A5CC-BBC6A15D2F7E}.Ad-Hoc|x64.Build.0 = Debug|Any CPU
		{54451A55-31ED-491B-A5CC-BBC6A15D2F7E}.Ad-Hoc|x86.ActiveCfg = Debug|Any CPU
		{54451A55-31ED-491B-A5CC-BBC6A15D2F7E}.AppStore|Any CPU.ActiveCfg = Release|Any CPU
		{54451A55-31ED-491B-A5CC-BBC6A15D2F7E}.AppStore|Any CPU.Build.0 = Release|Any CPU
		{54451A55-31ED-491B-A5CC-BBC6A15D2F7E}.AppStore|ARM.ActiveCfg = Debug|Any CPU
		{54451A55-31ED-491B-A5CC-BBC6A15D2F7E}.AppStore|iPhone.ActiveCfg = Release|Any CPU
		{54451A55-31ED-491B-A5CC-BBC6A15D2F7E}.AppStore|iPhone.Build.0 = Release|Any CPU
		{54451A55-31ED-491B-A5CC-BBC6A15D2F7E}.AppStore|iPhoneSimulator.ActiveCfg = Release|Any CPU
		{54451A55-31ED-491B-A5CC-BBC6A15D2F7E}.AppStore|iPhoneSimulator.Build.0 = Release|Any CPU
		{54451A55-31ED-491B-A5CC-BBC6A15D2F7E}.AppStore|Mixed Platforms.ActiveCfg = Debug|Any CPU
		{54451A55-31ED-491B-A5CC-BBC6A15D2F7E}.AppStore|Mixed Platforms.Build.0 = Debug|Any CPU
		{54451A55-31ED-491B-A5CC-BBC6A15D2F7E}.AppStore|x64.ActiveCfg = Debug|Any CPU
		{54451A55-31ED-491B-A5CC-BBC6A15D2F7E}.AppStore|x64.Build.0 = Debug|Any CPU
		{54451A55-31ED-491B-A5CC-BBC6A15D2F7E}.AppStore|x86.ActiveCfg = Debug|Any CPU
		{54451A55-31ED-491B-A5CC-BBC6A15D2F7E}.Debug|Any CPU.ActiveCfg = Debug|Any CPU
		{54451A55-31ED-491B-A5CC-BBC6A15D2F7E}.Debug|Any CPU.Build.0 = Debug|Any CPU
		{54451A55-31ED-491B-A5CC-BBC6A15D2F7E}.Debug|ARM.ActiveCfg = Debug|Any CPU
		{54451A55-31ED-491B-A5CC-BBC6A15D2F7E}.Debug|iPhone.ActiveCfg = Debug|Any CPU
		{54451A55-31ED-491B-A5CC-BBC6A15D2F7E}.Debug|iPhone.Build.0 = Debug|Any CPU
		{54451A55-31ED-491B-A5CC-BBC6A15D2F7E}.Debug|iPhoneSimulator.ActiveCfg = Debug|Any CPU
		{54451A55-31ED-491B-A5CC-BBC6A15D2F7E}.Debug|iPhoneSimulator.Build.0 = Debug|Any CPU
		{54451A55-31ED-491B-A5CC-BBC6A15D2F7E}.Debug|Mixed Platforms.ActiveCfg = Debug|Any CPU
		{54451A55-31ED-491B-A5CC-BBC6A15D2F7E}.Debug|Mixed Platforms.Build.0 = Debug|Any CPU
		{54451A55-31ED-491B-A5CC-BBC6A15D2F7E}.Debug|x64.ActiveCfg = Debug|Any CPU
		{54451A55-31ED-491B-A5CC-BBC6A15D2F7E}.Debug|x64.Build.0 = Debug|Any CPU
		{54451A55-31ED-491B-A5CC-BBC6A15D2F7E}.Debug|x86.ActiveCfg = Debug|Any CPU
		{54451A55-31ED-491B-A5CC-BBC6A15D2F7E}.Release|Any CPU.ActiveCfg = Release|Any CPU
		{54451A55-31ED-491B-A5CC-BBC6A15D2F7E}.Release|Any CPU.Build.0 = Release|Any CPU
		{54451A55-31ED-491B-A5CC-BBC6A15D2F7E}.Release|ARM.ActiveCfg = Release|Any CPU
		{54451A55-31ED-491B-A5CC-BBC6A15D2F7E}.Release|iPhone.ActiveCfg = Release|Any CPU
		{54451A55-31ED-491B-A5CC-BBC6A15D2F7E}.Release|iPhone.Build.0 = Release|Any CPU
		{54451A55-31ED-491B-A5CC-BBC6A15D2F7E}.Release|iPhoneSimulator.ActiveCfg = Release|Any CPU
		{54451A55-31ED-491B-A5CC-BBC6A15D2F7E}.Release|iPhoneSimulator.Build.0 = Release|Any CPU
		{54451A55-31ED-491B-A5CC-BBC6A15D2F7E}.Release|Mixed Platforms.ActiveCfg = Release|Any CPU
		{54451A55-31ED-491B-A5CC-BBC6A15D2F7E}.Release|Mixed Platforms.Build.0 = Release|Any CPU
		{54451A55-31ED-491B-A5CC-BBC6A15D2F7E}.Release|x64.ActiveCfg = Release|Any CPU
		{54451A55-31ED-491B-A5CC-BBC6A15D2F7E}.Release|x64.Build.0 = Release|Any CPU
		{54451A55-31ED-491B-A5CC-BBC6A15D2F7E}.Release|x86.ActiveCfg = Release|Any CPU
		{BDD854EA-727D-4332-834D-7AC4C004914E}.Ad-Hoc|Any CPU.ActiveCfg = Release|Any CPU
		{BDD854EA-727D-4332-834D-7AC4C004914E}.Ad-Hoc|Any CPU.Build.0 = Release|Any CPU
		{BDD854EA-727D-4332-834D-7AC4C004914E}.Ad-Hoc|ARM.ActiveCfg = Release|Any CPU
		{BDD854EA-727D-4332-834D-7AC4C004914E}.Ad-Hoc|ARM.Build.0 = Release|Any CPU
		{BDD854EA-727D-4332-834D-7AC4C004914E}.Ad-Hoc|iPhone.ActiveCfg = Release|Any CPU
		{BDD854EA-727D-4332-834D-7AC4C004914E}.Ad-Hoc|iPhone.Build.0 = Release|Any CPU
		{BDD854EA-727D-4332-834D-7AC4C004914E}.Ad-Hoc|iPhoneSimulator.ActiveCfg = Release|Any CPU
		{BDD854EA-727D-4332-834D-7AC4C004914E}.Ad-Hoc|iPhoneSimulator.Build.0 = Release|Any CPU
		{BDD854EA-727D-4332-834D-7AC4C004914E}.Ad-Hoc|Mixed Platforms.ActiveCfg = Release|Any CPU
		{BDD854EA-727D-4332-834D-7AC4C004914E}.Ad-Hoc|Mixed Platforms.Build.0 = Release|Any CPU
		{BDD854EA-727D-4332-834D-7AC4C004914E}.Ad-Hoc|x64.ActiveCfg = Debug|Any CPU
		{BDD854EA-727D-4332-834D-7AC4C004914E}.Ad-Hoc|x64.Build.0 = Debug|Any CPU
		{BDD854EA-727D-4332-834D-7AC4C004914E}.Ad-Hoc|x86.ActiveCfg = Release|Any CPU
		{BDD854EA-727D-4332-834D-7AC4C004914E}.Ad-Hoc|x86.Build.0 = Release|Any CPU
		{BDD854EA-727D-4332-834D-7AC4C004914E}.AppStore|Any CPU.ActiveCfg = Release|Any CPU
		{BDD854EA-727D-4332-834D-7AC4C004914E}.AppStore|Any CPU.Build.0 = Release|Any CPU
		{BDD854EA-727D-4332-834D-7AC4C004914E}.AppStore|ARM.ActiveCfg = Release|Any CPU
		{BDD854EA-727D-4332-834D-7AC4C004914E}.AppStore|ARM.Build.0 = Release|Any CPU
		{BDD854EA-727D-4332-834D-7AC4C004914E}.AppStore|iPhone.ActiveCfg = Release|Any CPU
		{BDD854EA-727D-4332-834D-7AC4C004914E}.AppStore|iPhone.Build.0 = Release|Any CPU
		{BDD854EA-727D-4332-834D-7AC4C004914E}.AppStore|iPhoneSimulator.ActiveCfg = Release|Any CPU
		{BDD854EA-727D-4332-834D-7AC4C004914E}.AppStore|iPhoneSimulator.Build.0 = Release|Any CPU
		{BDD854EA-727D-4332-834D-7AC4C004914E}.AppStore|Mixed Platforms.ActiveCfg = Release|Any CPU
		{BDD854EA-727D-4332-834D-7AC4C004914E}.AppStore|Mixed Platforms.Build.0 = Release|Any CPU
		{BDD854EA-727D-4332-834D-7AC4C004914E}.AppStore|x64.ActiveCfg = Debug|Any CPU
		{BDD854EA-727D-4332-834D-7AC4C004914E}.AppStore|x64.Build.0 = Debug|Any CPU
		{BDD854EA-727D-4332-834D-7AC4C004914E}.AppStore|x86.ActiveCfg = Release|Any CPU
		{BDD854EA-727D-4332-834D-7AC4C004914E}.AppStore|x86.Build.0 = Release|Any CPU
		{BDD854EA-727D-4332-834D-7AC4C004914E}.Debug|Any CPU.ActiveCfg = Debug|Any CPU
		{BDD854EA-727D-4332-834D-7AC4C004914E}.Debug|Any CPU.Build.0 = Debug|Any CPU
		{BDD854EA-727D-4332-834D-7AC4C004914E}.Debug|ARM.ActiveCfg = Debug|Any CPU
		{BDD854EA-727D-4332-834D-7AC4C004914E}.Debug|ARM.Build.0 = Debug|Any CPU
		{BDD854EA-727D-4332-834D-7AC4C004914E}.Debug|iPhone.ActiveCfg = Debug|Any CPU
		{BDD854EA-727D-4332-834D-7AC4C004914E}.Debug|iPhone.Build.0 = Debug|Any CPU
		{BDD854EA-727D-4332-834D-7AC4C004914E}.Debug|iPhoneSimulator.ActiveCfg = Debug|Any CPU
		{BDD854EA-727D-4332-834D-7AC4C004914E}.Debug|iPhoneSimulator.Build.0 = Debug|Any CPU
		{BDD854EA-727D-4332-834D-7AC4C004914E}.Debug|Mixed Platforms.ActiveCfg = Debug|Any CPU
		{BDD854EA-727D-4332-834D-7AC4C004914E}.Debug|Mixed Platforms.Build.0 = Debug|Any CPU
		{BDD854EA-727D-4332-834D-7AC4C004914E}.Debug|x64.ActiveCfg = Debug|Any CPU
		{BDD854EA-727D-4332-834D-7AC4C004914E}.Debug|x64.Build.0 = Debug|Any CPU
		{BDD854EA-727D-4332-834D-7AC4C004914E}.Debug|x86.ActiveCfg = Debug|Any CPU
		{BDD854EA-727D-4332-834D-7AC4C004914E}.Debug|x86.Build.0 = Debug|Any CPU
		{BDD854EA-727D-4332-834D-7AC4C004914E}.Release|Any CPU.ActiveCfg = Release|Any CPU
		{BDD854EA-727D-4332-834D-7AC4C004914E}.Release|Any CPU.Build.0 = Release|Any CPU
		{BDD854EA-727D-4332-834D-7AC4C004914E}.Release|ARM.ActiveCfg = Release|Any CPU
		{BDD854EA-727D-4332-834D-7AC4C004914E}.Release|ARM.Build.0 = Release|Any CPU
		{BDD854EA-727D-4332-834D-7AC4C004914E}.Release|iPhone.ActiveCfg = Release|Any CPU
		{BDD854EA-727D-4332-834D-7AC4C004914E}.Release|iPhone.Build.0 = Release|Any CPU
		{BDD854EA-727D-4332-834D-7AC4C004914E}.Release|iPhoneSimulator.ActiveCfg = Release|Any CPU
		{BDD854EA-727D-4332-834D-7AC4C004914E}.Release|iPhoneSimulator.Build.0 = Release|Any CPU
		{BDD854EA-727D-4332-834D-7AC4C004914E}.Release|Mixed Platforms.ActiveCfg = Release|Any CPU
		{BDD854EA-727D-4332-834D-7AC4C004914E}.Release|Mixed Platforms.Build.0 = Release|Any CPU
		{BDD854EA-727D-4332-834D-7AC4C004914E}.Release|x64.ActiveCfg = Release|Any CPU
		{BDD854EA-727D-4332-834D-7AC4C004914E}.Release|x64.Build.0 = Release|Any CPU
		{BDD854EA-727D-4332-834D-7AC4C004914E}.Release|x86.ActiveCfg = Release|Any CPU
		{BDD854EA-727D-4332-834D-7AC4C004914E}.Release|x86.Build.0 = Release|Any CPU
		{92F76D05-5E32-41E5-B90D-8956BF53126D}.Ad-Hoc|Any CPU.ActiveCfg = Release|x64
		{92F76D05-5E32-41E5-B90D-8956BF53126D}.Ad-Hoc|Any CPU.Build.0 = Release|x64
		{92F76D05-5E32-41E5-B90D-8956BF53126D}.Ad-Hoc|Any CPU.Deploy.0 = Release|x64
		{92F76D05-5E32-41E5-B90D-8956BF53126D}.Ad-Hoc|ARM.ActiveCfg = Release|ARM
		{92F76D05-5E32-41E5-B90D-8956BF53126D}.Ad-Hoc|ARM.Build.0 = Release|ARM
		{92F76D05-5E32-41E5-B90D-8956BF53126D}.Ad-Hoc|ARM.Deploy.0 = Release|ARM
		{92F76D05-5E32-41E5-B90D-8956BF53126D}.Ad-Hoc|iPhone.ActiveCfg = Release|x64
		{92F76D05-5E32-41E5-B90D-8956BF53126D}.Ad-Hoc|iPhone.Build.0 = Release|x64
		{92F76D05-5E32-41E5-B90D-8956BF53126D}.Ad-Hoc|iPhone.Deploy.0 = Release|x64
		{92F76D05-5E32-41E5-B90D-8956BF53126D}.Ad-Hoc|iPhoneSimulator.ActiveCfg = Release|x64
		{92F76D05-5E32-41E5-B90D-8956BF53126D}.Ad-Hoc|iPhoneSimulator.Build.0 = Release|x64
		{92F76D05-5E32-41E5-B90D-8956BF53126D}.Ad-Hoc|iPhoneSimulator.Deploy.0 = Release|x64
		{92F76D05-5E32-41E5-B90D-8956BF53126D}.Ad-Hoc|Mixed Platforms.ActiveCfg = Release|x86
		{92F76D05-5E32-41E5-B90D-8956BF53126D}.Ad-Hoc|Mixed Platforms.Build.0 = Release|x86
		{92F76D05-5E32-41E5-B90D-8956BF53126D}.Ad-Hoc|Mixed Platforms.Deploy.0 = Release|x86
		{92F76D05-5E32-41E5-B90D-8956BF53126D}.Ad-Hoc|x64.ActiveCfg = Release|x64
		{92F76D05-5E32-41E5-B90D-8956BF53126D}.Ad-Hoc|x64.Build.0 = Release|x64
		{92F76D05-5E32-41E5-B90D-8956BF53126D}.Ad-Hoc|x64.Deploy.0 = Release|x64
		{92F76D05-5E32-41E5-B90D-8956BF53126D}.Ad-Hoc|x86.ActiveCfg = Release|x86
		{92F76D05-5E32-41E5-B90D-8956BF53126D}.Ad-Hoc|x86.Build.0 = Release|x86
		{92F76D05-5E32-41E5-B90D-8956BF53126D}.Ad-Hoc|x86.Deploy.0 = Release|x86
		{92F76D05-5E32-41E5-B90D-8956BF53126D}.AppStore|Any CPU.ActiveCfg = Release|x64
		{92F76D05-5E32-41E5-B90D-8956BF53126D}.AppStore|Any CPU.Build.0 = Release|x64
		{92F76D05-5E32-41E5-B90D-8956BF53126D}.AppStore|Any CPU.Deploy.0 = Release|x64
		{92F76D05-5E32-41E5-B90D-8956BF53126D}.AppStore|ARM.ActiveCfg = Release|ARM
		{92F76D05-5E32-41E5-B90D-8956BF53126D}.AppStore|ARM.Build.0 = Release|ARM
		{92F76D05-5E32-41E5-B90D-8956BF53126D}.AppStore|ARM.Deploy.0 = Release|ARM
		{92F76D05-5E32-41E5-B90D-8956BF53126D}.AppStore|iPhone.ActiveCfg = Release|x64
		{92F76D05-5E32-41E5-B90D-8956BF53126D}.AppStore|iPhone.Build.0 = Release|x64
		{92F76D05-5E32-41E5-B90D-8956BF53126D}.AppStore|iPhone.Deploy.0 = Release|x64
		{92F76D05-5E32-41E5-B90D-8956BF53126D}.AppStore|iPhoneSimulator.ActiveCfg = Release|x64
		{92F76D05-5E32-41E5-B90D-8956BF53126D}.AppStore|iPhoneSimulator.Build.0 = Release|x64
		{92F76D05-5E32-41E5-B90D-8956BF53126D}.AppStore|iPhoneSimulator.Deploy.0 = Release|x64
		{92F76D05-5E32-41E5-B90D-8956BF53126D}.AppStore|Mixed Platforms.ActiveCfg = Release|x86
		{92F76D05-5E32-41E5-B90D-8956BF53126D}.AppStore|Mixed Platforms.Build.0 = Release|x86
		{92F76D05-5E32-41E5-B90D-8956BF53126D}.AppStore|Mixed Platforms.Deploy.0 = Release|x86
		{92F76D05-5E32-41E5-B90D-8956BF53126D}.AppStore|x64.ActiveCfg = Release|x64
		{92F76D05-5E32-41E5-B90D-8956BF53126D}.AppStore|x64.Build.0 = Release|x64
		{92F76D05-5E32-41E5-B90D-8956BF53126D}.AppStore|x64.Deploy.0 = Release|x64
		{92F76D05-5E32-41E5-B90D-8956BF53126D}.AppStore|x86.ActiveCfg = Release|x86
		{92F76D05-5E32-41E5-B90D-8956BF53126D}.AppStore|x86.Build.0 = Release|x86
		{92F76D05-5E32-41E5-B90D-8956BF53126D}.AppStore|x86.Deploy.0 = Release|x86
		{92F76D05-5E32-41E5-B90D-8956BF53126D}.Debug|Any CPU.ActiveCfg = Debug|x86
		{92F76D05-5E32-41E5-B90D-8956BF53126D}.Debug|ARM.ActiveCfg = Debug|ARM
		{92F76D05-5E32-41E5-B90D-8956BF53126D}.Debug|ARM.Build.0 = Debug|ARM
		{92F76D05-5E32-41E5-B90D-8956BF53126D}.Debug|ARM.Deploy.0 = Debug|ARM
		{92F76D05-5E32-41E5-B90D-8956BF53126D}.Debug|iPhone.ActiveCfg = Debug|x86
		{92F76D05-5E32-41E5-B90D-8956BF53126D}.Debug|iPhoneSimulator.ActiveCfg = Debug|x86
		{92F76D05-5E32-41E5-B90D-8956BF53126D}.Debug|iPhoneSimulator.Build.0 = Debug|x86
		{92F76D05-5E32-41E5-B90D-8956BF53126D}.Debug|iPhoneSimulator.Deploy.0 = Debug|x86
		{92F76D05-5E32-41E5-B90D-8956BF53126D}.Debug|Mixed Platforms.ActiveCfg = Debug|x86
		{92F76D05-5E32-41E5-B90D-8956BF53126D}.Debug|Mixed Platforms.Build.0 = Debug|x86
		{92F76D05-5E32-41E5-B90D-8956BF53126D}.Debug|Mixed Platforms.Deploy.0 = Debug|x86
		{92F76D05-5E32-41E5-B90D-8956BF53126D}.Debug|x64.ActiveCfg = Debug|x64
		{92F76D05-5E32-41E5-B90D-8956BF53126D}.Debug|x64.Build.0 = Debug|x64
		{92F76D05-5E32-41E5-B90D-8956BF53126D}.Debug|x64.Deploy.0 = Debug|x64
		{92F76D05-5E32-41E5-B90D-8956BF53126D}.Debug|x86.ActiveCfg = Debug|x86
		{92F76D05-5E32-41E5-B90D-8956BF53126D}.Debug|x86.Build.0 = Debug|x86
		{92F76D05-5E32-41E5-B90D-8956BF53126D}.Debug|x86.Deploy.0 = Debug|x86
		{92F76D05-5E32-41E5-B90D-8956BF53126D}.Release|Any CPU.ActiveCfg = Release|x86
		{92F76D05-5E32-41E5-B90D-8956BF53126D}.Release|ARM.ActiveCfg = Release|ARM
		{92F76D05-5E32-41E5-B90D-8956BF53126D}.Release|ARM.Build.0 = Release|ARM
		{92F76D05-5E32-41E5-B90D-8956BF53126D}.Release|ARM.Deploy.0 = Release|ARM
		{92F76D05-5E32-41E5-B90D-8956BF53126D}.Release|iPhone.ActiveCfg = Release|x86
		{92F76D05-5E32-41E5-B90D-8956BF53126D}.Release|iPhoneSimulator.ActiveCfg = Release|x86
		{92F76D05-5E32-41E5-B90D-8956BF53126D}.Release|Mixed Platforms.ActiveCfg = Release|x86
		{92F76D05-5E32-41E5-B90D-8956BF53126D}.Release|Mixed Platforms.Build.0 = Release|x86
		{92F76D05-5E32-41E5-B90D-8956BF53126D}.Release|Mixed Platforms.Deploy.0 = Release|x86
		{92F76D05-5E32-41E5-B90D-8956BF53126D}.Release|x64.ActiveCfg = Release|x64
		{92F76D05-5E32-41E5-B90D-8956BF53126D}.Release|x64.Build.0 = Release|x64
		{92F76D05-5E32-41E5-B90D-8956BF53126D}.Release|x64.Deploy.0 = Release|x64
		{92F76D05-5E32-41E5-B90D-8956BF53126D}.Release|x86.ActiveCfg = Release|x86
		{92F76D05-5E32-41E5-B90D-8956BF53126D}.Release|x86.Build.0 = Release|x86
		{92F76D05-5E32-41E5-B90D-8956BF53126D}.Release|x86.Deploy.0 = Release|x86
		{BAD8133F-88AB-400F-9F67-12B5C43A04AA}.Ad-Hoc|Any CPU.ActiveCfg = Release|Any CPU
		{BAD8133F-88AB-400F-9F67-12B5C43A04AA}.Ad-Hoc|Any CPU.Build.0 = Release|Any CPU
		{BAD8133F-88AB-400F-9F67-12B5C43A04AA}.Ad-Hoc|ARM.ActiveCfg = Release|Any CPU
		{BAD8133F-88AB-400F-9F67-12B5C43A04AA}.Ad-Hoc|ARM.Build.0 = Release|Any CPU
		{BAD8133F-88AB-400F-9F67-12B5C43A04AA}.Ad-Hoc|iPhone.ActiveCfg = Release|Any CPU
		{BAD8133F-88AB-400F-9F67-12B5C43A04AA}.Ad-Hoc|iPhone.Build.0 = Release|Any CPU
		{BAD8133F-88AB-400F-9F67-12B5C43A04AA}.Ad-Hoc|iPhoneSimulator.ActiveCfg = Release|Any CPU
		{BAD8133F-88AB-400F-9F67-12B5C43A04AA}.Ad-Hoc|iPhoneSimulator.Build.0 = Release|Any CPU
		{BAD8133F-88AB-400F-9F67-12B5C43A04AA}.Ad-Hoc|Mixed Platforms.ActiveCfg = Release|Any CPU
		{BAD8133F-88AB-400F-9F67-12B5C43A04AA}.Ad-Hoc|Mixed Platforms.Build.0 = Release|Any CPU
		{BAD8133F-88AB-400F-9F67-12B5C43A04AA}.Ad-Hoc|x64.ActiveCfg = Release|Any CPU
		{BAD8133F-88AB-400F-9F67-12B5C43A04AA}.Ad-Hoc|x64.Build.0 = Release|Any CPU
		{BAD8133F-88AB-400F-9F67-12B5C43A04AA}.Ad-Hoc|x86.ActiveCfg = Release|Any CPU
		{BAD8133F-88AB-400F-9F67-12B5C43A04AA}.Ad-Hoc|x86.Build.0 = Release|Any CPU
		{BAD8133F-88AB-400F-9F67-12B5C43A04AA}.AppStore|Any CPU.ActiveCfg = Release|Any CPU
		{BAD8133F-88AB-400F-9F67-12B5C43A04AA}.AppStore|Any CPU.Build.0 = Release|Any CPU
		{BAD8133F-88AB-400F-9F67-12B5C43A04AA}.AppStore|ARM.ActiveCfg = Release|Any CPU
		{BAD8133F-88AB-400F-9F67-12B5C43A04AA}.AppStore|ARM.Build.0 = Release|Any CPU
		{BAD8133F-88AB-400F-9F67-12B5C43A04AA}.AppStore|iPhone.ActiveCfg = Release|Any CPU
		{BAD8133F-88AB-400F-9F67-12B5C43A04AA}.AppStore|iPhone.Build.0 = Release|Any CPU
		{BAD8133F-88AB-400F-9F67-12B5C43A04AA}.AppStore|iPhoneSimulator.ActiveCfg = Release|Any CPU
		{BAD8133F-88AB-400F-9F67-12B5C43A04AA}.AppStore|iPhoneSimulator.Build.0 = Release|Any CPU
		{BAD8133F-88AB-400F-9F67-12B5C43A04AA}.AppStore|Mixed Platforms.ActiveCfg = Release|Any CPU
		{BAD8133F-88AB-400F-9F67-12B5C43A04AA}.AppStore|Mixed Platforms.Build.0 = Release|Any CPU
		{BAD8133F-88AB-400F-9F67-12B5C43A04AA}.AppStore|x64.ActiveCfg = Release|Any CPU
		{BAD8133F-88AB-400F-9F67-12B5C43A04AA}.AppStore|x64.Build.0 = Release|Any CPU
		{BAD8133F-88AB-400F-9F67-12B5C43A04AA}.AppStore|x86.ActiveCfg = Release|Any CPU
		{BAD8133F-88AB-400F-9F67-12B5C43A04AA}.AppStore|x86.Build.0 = Release|Any CPU
		{BAD8133F-88AB-400F-9F67-12B5C43A04AA}.Debug|Any CPU.ActiveCfg = Debug|Any CPU
		{BAD8133F-88AB-400F-9F67-12B5C43A04AA}.Debug|Any CPU.Build.0 = Debug|Any CPU
		{BAD8133F-88AB-400F-9F67-12B5C43A04AA}.Debug|ARM.ActiveCfg = Debug|Any CPU
		{BAD8133F-88AB-400F-9F67-12B5C43A04AA}.Debug|ARM.Build.0 = Debug|Any CPU
		{BAD8133F-88AB-400F-9F67-12B5C43A04AA}.Debug|iPhone.ActiveCfg = Debug|Any CPU
		{BAD8133F-88AB-400F-9F67-12B5C43A04AA}.Debug|iPhone.Build.0 = Debug|Any CPU
		{BAD8133F-88AB-400F-9F67-12B5C43A04AA}.Debug|iPhoneSimulator.ActiveCfg = Debug|Any CPU
		{BAD8133F-88AB-400F-9F67-12B5C43A04AA}.Debug|iPhoneSimulator.Build.0 = Debug|Any CPU
		{BAD8133F-88AB-400F-9F67-12B5C43A04AA}.Debug|Mixed Platforms.ActiveCfg = Debug|Any CPU
		{BAD8133F-88AB-400F-9F67-12B5C43A04AA}.Debug|Mixed Platforms.Build.0 = Debug|Any CPU
		{BAD8133F-88AB-400F-9F67-12B5C43A04AA}.Debug|x64.ActiveCfg = Debug|Any CPU
		{BAD8133F-88AB-400F-9F67-12B5C43A04AA}.Debug|x64.Build.0 = Debug|Any CPU
		{BAD8133F-88AB-400F-9F67-12B5C43A04AA}.Debug|x86.ActiveCfg = Debug|Any CPU
		{BAD8133F-88AB-400F-9F67-12B5C43A04AA}.Debug|x86.Build.0 = Debug|Any CPU
		{BAD8133F-88AB-400F-9F67-12B5C43A04AA}.Release|Any CPU.ActiveCfg = Release|Any CPU
		{BAD8133F-88AB-400F-9F67-12B5C43A04AA}.Release|Any CPU.Build.0 = Release|Any CPU
		{BAD8133F-88AB-400F-9F67-12B5C43A04AA}.Release|ARM.ActiveCfg = Release|Any CPU
		{BAD8133F-88AB-400F-9F67-12B5C43A04AA}.Release|ARM.Build.0 = Release|Any CPU
		{BAD8133F-88AB-400F-9F67-12B5C43A04AA}.Release|iPhone.ActiveCfg = Release|Any CPU
		{BAD8133F-88AB-400F-9F67-12B5C43A04AA}.Release|iPhone.Build.0 = Release|Any CPU
		{BAD8133F-88AB-400F-9F67-12B5C43A04AA}.Release|iPhoneSimulator.ActiveCfg = Release|Any CPU
		{BAD8133F-88AB-400F-9F67-12B5C43A04AA}.Release|iPhoneSimulator.Build.0 = Release|Any CPU
		{BAD8133F-88AB-400F-9F67-12B5C43A04AA}.Release|Mixed Platforms.ActiveCfg = Release|Any CPU
		{BAD8133F-88AB-400F-9F67-12B5C43A04AA}.Release|Mixed Platforms.Build.0 = Release|Any CPU
		{BAD8133F-88AB-400F-9F67-12B5C43A04AA}.Release|x64.ActiveCfg = Release|Any CPU
		{BAD8133F-88AB-400F-9F67-12B5C43A04AA}.Release|x64.Build.0 = Release|Any CPU
		{BAD8133F-88AB-400F-9F67-12B5C43A04AA}.Release|x86.ActiveCfg = Release|Any CPU
		{BAD8133F-88AB-400F-9F67-12B5C43A04AA}.Release|x86.Build.0 = Release|Any CPU
	EndGlobalSection
	GlobalSection(SolutionProperties) = preSolution
		HideSolutionNode = FALSE
	EndGlobalSection
	GlobalSection(NestedProjects) = preSolution
		{648DD0F9-FAE2-4BB5-8CC1-865EB7A9A1F7} = {B0D388F9-E055-4BBA-B108-32E992300DA1}
		{F83B7F66-7485-41FC-A3B1-ECFA2E96F57B} = {B0D388F9-E055-4BBA-B108-32E992300DA1}
		{46FF2634-96B2-44A2-A66B-5267F7667D18} = {AB1DAD34-2613-4516-B631-63D38C4CEB64}
		{DFDB0258-FDC0-4C1A-8C92-D0224A0DAD59} = {BB637A71-E53F-4D7D-9704-2DA446BB05AA}
		{67F9D3A8-F71E-4428-913F-C37AE82CDB24} = {E725F374-0632-4E5C-8DDD-7293FF7DFA35}
		{F65CEEDD-6816-4A5B-B72B-92AC7ED0A413} = {E725F374-0632-4E5C-8DDD-7293FF7DFA35}
		{A51BBDD3-05B0-4B7E-BEDD-359CCAFF968D} = {F65CEEDD-6816-4A5B-B72B-92AC7ED0A413}
		{54451A55-31ED-491B-A5CC-BBC6A15D2F7E} = {A5134007-AC62-45E6-BF6E-51585D4E7D0C}
		{A8276381-B3A8-44D3-8E3D-30D73856064F} = {B0D388F9-E055-4BBA-B108-32E992300DA1}
		{BDD854EA-727D-4332-834D-7AC4C004914E} = {9ACC1A61-64A8-4B46-877C-0454869CCC04}
		{92F76D05-5E32-41E5-B90D-8956BF53126D} = {B0D388F9-E055-4BBA-B108-32E992300DA1}
		{BAD8133F-88AB-400F-9F67-12B5C43A04AA} = {9ACC1A61-64A8-4B46-877C-0454869CCC04}
	EndGlobalSection
EndGlobal
